
Microsoft Visual Studio Solution File, Format Version 12.00
# Visual Studio 15
VisualStudioVersion = 15.0.26730.16
MinimumVisualStudioVersion = 10.0.40219.1
Project("{2150E333-8FDC-42A3-9474-1A3956D46DE8}") = "Data", "Data", "{7E123828-E966-48BA-B898-331F74E4650C}"
EndProject
Project("{2150E333-8FDC-42A3-9474-1A3956D46DE8}") = "Other", "Other", "{7F00A04D-FB56-4E23-9761-75E9AECE1CA6}"
EndProject
Project("{9A19103F-16F7-4668-BE54-9A1E7A4F7556}") = "AutoCSer.CodeGenerator.NetCore", "AutoCSer\CodeGenerator\AutoCSer.CodeGenerator.NetCore.csproj", "{63841ED5-8786-401F-ADCB-B71D79D9B6A1}"
EndProject
Project("{2150E333-8FDC-42A3-9474-1A3956D46DE8}") = "Example", "Example", "{9CA9DCBA-34C3-468C-A51D-21974F54149D}"
EndProject
Project("{9A19103F-16F7-4668-BE54-9A1E7A4F7556}") = "AutoCSer.Example.BinarySerialize.NetCore", "Example\BinarySerialize\AutoCSer.Example.BinarySerialize.NetCore.csproj", "{9BD24E47-97AB-418A-B0DD-1D2B7EEE5FF7}"
EndProject
Project("{9A19103F-16F7-4668-BE54-9A1E7A4F7556}") = "AutoCSer.Example.Json.NetCore", "Example\Json\AutoCSer.Example.Json.NetCore.csproj", "{25958C01-F40B-4792-B42B-49004234E813}"
EndProject
Project("{9A19103F-16F7-4668-BE54-9A1E7A4F7556}") = "AutoCSer.Example.Xml.NetCore", "Example\Xml\AutoCSer.Example.Xml.NetCore.csproj", "{22316D85-7468-4A9E-91D3-2EA55B76AAB9}"
EndProject
Project("{9A19103F-16F7-4668-BE54-9A1E7A4F7556}") = "AutoCSer.Example.WebView.NetCore", "Example\WebView\AutoCSer.Example.WebView.NetCore.csproj", "{748BDEA4-4A74-43A3-82DD-833746732852}"
EndProject
Project("{9A19103F-16F7-4668-BE54-9A1E7A4F7556}") = "AutoCSer.Example.TcpInterfaceOpenServer.NetCore", "Example\TcpInterfaceOpenServer\AutoCSer.Example.TcpInterfaceOpenServer.NetCore.csproj", "{BC7E6D32-F524-4357-BAA0-52FF89E36CC8}"
EndProject
Project("{9A19103F-16F7-4668-BE54-9A1E7A4F7556}") = "AutoCSer.Example.TcpInterfaceServer.NetCore", "Example\TcpInterfaceServer\AutoCSer.Example.TcpInterfaceServer.NetCore.csproj", "{06884C2F-9AAA-4523-B29F-7C3708D67924}"
EndProject
Project("{9A19103F-16F7-4668-BE54-9A1E7A4F7556}") = "AutoCSer.Example.TcpInterfaceOpenSimpleServer.NetCore", "Example\TcpInterfaceOpenSimpleServer\AutoCSer.Example.TcpInterfaceOpenSimpleServer.NetCore.csproj", "{72B3019F-4B50-4029-91F6-F66A40A47597}"
EndProject
Project("{9A19103F-16F7-4668-BE54-9A1E7A4F7556}") = "AutoCSer.Example.TcpInterfaceSimpleServer.NetCore", "Example\TcpInterfaceSimpleServer\AutoCSer.Example.TcpInterfaceSimpleServer.NetCore.csproj", "{71ED0BD5-0AB2-4D5C-8334-A588A0032CB1}"
EndProject
Project("{9A19103F-16F7-4668-BE54-9A1E7A4F7556}") = "AutoCSer.Example.TcpInternalServer.NetCore", "Example\TcpInternalServer\AutoCSer.Example.TcpInternalServer.NetCore.csproj", "{1DEA3715-7532-4A57-A8CF-B5E2DDF73AC2}"
EndProject
Project("{9A19103F-16F7-4668-BE54-9A1E7A4F7556}") = "AutoCSer.Example.TcpOpenServer.NetCore", "Example\TcpOpenServer\AutoCSer.Example.TcpOpenServer.NetCore.csproj", "{6281C57E-C483-44DE-A9AB-A2D1FFDB97E1}"
EndProject
Project("{9A19103F-16F7-4668-BE54-9A1E7A4F7556}") = "AutoCSer.Example.TcpStaticServer.NetCore", "Example\TcpStaticServer\AutoCSer.Example.TcpStaticServer.NetCore.csproj", "{AF3C0FD4-88C9-4139-A23B-AF76C1BC1365}"
EndProject
Project("{9A19103F-16F7-4668-BE54-9A1E7A4F7556}") = "AutoCSer.Example.TcpInternalSimpleServer.NetCore", "Example\TcpInternalSimpleServer\AutoCSer.Example.TcpInternalSimpleServer.NetCore.csproj", "{2C1FCE8E-48B5-43DD-9EDA-EEB1E46DFFA8}"
EndProject
Project("{9A19103F-16F7-4668-BE54-9A1E7A4F7556}") = "AutoCSer.Example.TcpOpenSimpleServer.NetCore", "Example\TcpOpenSimpleServer\AutoCSer.Example.TcpOpenSimpleServer.NetCore.csproj", "{A71C4381-D2A0-4E44-B65E-5367A62B1B65}"
EndProject
Project("{9A19103F-16F7-4668-BE54-9A1E7A4F7556}") = "AutoCSer.Example.TcpStaticSimpleServer.NetCore", "Example\TcpStaticSimpleServer\AutoCSer.Example.TcpStaticSimpleServer.NetCore.csproj", "{F85723CB-5317-464F-B7BE-68103C87E08F}"
EndProject
Project("{9A19103F-16F7-4668-BE54-9A1E7A4F7556}") = "AutoCSer.Example.TcpRegisterServer.NetCore", "Example\TcpRegisterServer\AutoCSer.Example.TcpRegisterServer.NetCore.csproj", "{6EEDE147-B8C5-4C04-86FC-294A16CB9906}"
EndProject
Project("{9A19103F-16F7-4668-BE54-9A1E7A4F7556}") = "AutoCSer.Example.TcpRegisterClient.NetCore", "Example\TcpRegisterClient\AutoCSer.Example.TcpRegisterClient.NetCore.csproj", "{BF280EFA-CCCF-4E8A-853E-03D81D8A9747}"
EndProject
Project("{2150E333-8FDC-42A3-9474-1A3956D46DE8}") = "Test", "Test", "{900E0D6B-3A4A-437F-9327-BE4FC03FC5A5}"
EndProject
Project("{9A19103F-16F7-4668-BE54-9A1E7A4F7556}") = "AutoCSer.TestCase.NetCore", "TestCase\TestCase\AutoCSer.TestCase.NetCore.csproj", "{36476E43-CC71-40B2-9DFB-0944E76FE42C}"
EndProject
Project("{9A19103F-16F7-4668-BE54-9A1E7A4F7556}") = "AutoCSer.TestCase.ChatServer.NetCore", "TestCase\ChatServer\AutoCSer.TestCase.ChatServer.NetCore.csproj", "{5C782E4E-8DA0-4BAE-94D8-E0423BB0BF75}"
EndProject
Project("{9A19103F-16F7-4668-BE54-9A1E7A4F7556}") = "AutoCSer.TestCase.ChatClient.NetCore", "TestCase\ChatClient\AutoCSer.TestCase.ChatClient.NetCore.csproj", "{DAE5DE1F-8046-4D0D-8C7B-2B2C29FC2E30}"
EndProject
Project("{9A19103F-16F7-4668-BE54-9A1E7A4F7556}") = "AutoCSer.TestCase.RadixSortPerformance.NetCore", "TestCase\RadixSortPerformance\AutoCSer.TestCase.RadixSortPerformance.NetCore.csproj", "{38A803B2-4D20-452A-B663-1DE74C22A218}"
EndProject
Project("{9A19103F-16F7-4668-BE54-9A1E7A4F7556}") = "AutoCSer.TestCase.SearchTree.NetCore", "TestCase\SearchTree\AutoCSer.TestCase.SearchTree.NetCore.csproj", "{D79C7F4A-875D-4B0F-B475-C429E03ECEC6}"
EndProject
Project("{9A19103F-16F7-4668-BE54-9A1E7A4F7556}") = "AutoCSer.TestCase.SerializePerformance.NetCore", "TestCase\SerializePerformance\AutoCSer.TestCase.SerializePerformance.NetCore.csproj", "{A2FEA99E-C1EF-4144-AAC7-A75F41C17746}"
EndProject
Project("{9A19103F-16F7-4668-BE54-9A1E7A4F7556}") = "AutoCSer.TestCase.WebPerformance.NetCore", "TestCase\WebPerformance\AutoCSer.TestCase.WebPerformance.NetCore.csproj", "{32ECD1B7-2B93-4BC3-BD70-21DDBFDFD6E4}"
EndProject
Project("{9A19103F-16F7-4668-BE54-9A1E7A4F7556}") = "AutoCSer.TestCase.WebPerformanceClient.NetCore", "TestCase\WebPerformance\AutoCSer.TestCase.WebPerformanceClient.NetCore.csproj", "{9755A752-C9D1-4F42-A946-6CE4EE422C45}"
EndProject
Project("{9A19103F-16F7-4668-BE54-9A1E7A4F7556}") = "AutoCSer.TestCase.HttpFilePerformance.NetCore", "TestCase\WebPerformance\AutoCSer.TestCase.HttpFilePerformance.NetCore.csproj", "{0BD29348-A4D1-4861-8CE5-B5B376755D5D}"
EndProject
Project("{9A19103F-16F7-4668-BE54-9A1E7A4F7556}") = "AutoCSer.TestCase.HttpFilePerformanceClient.NetCore", "TestCase\WebPerformance\AutoCSer.TestCase.HttpFilePerformanceClient.NetCore.csproj", "{7F59F946-5BC4-40BF-BE12-87A018A6BC6A}"
EndProject
Project("{9A19103F-16F7-4668-BE54-9A1E7A4F7556}") = "AutoCSer.TestCase.TcpInternalServerPerformance.NetCore", "TestCase\TcpServerPerformance\AutoCSer.TestCase.TcpInternalServerPerformance.NetCore.csproj", "{1849DA77-27E7-46DD-877C-0FFAFA9B2B6F}"
EndProject
Project("{9A19103F-16F7-4668-BE54-9A1E7A4F7556}") = "AutoCSer.TestCase.TcpOpenServerPerformance.NetCore", "TestCase\TcpServerPerformance\AutoCSer.TestCase.TcpOpenServerPerformance.NetCore.csproj", "{8E8FC44B-80A1-4137-81A4-8CBDCCA72394}"
EndProject
Project("{9A19103F-16F7-4668-BE54-9A1E7A4F7556}") = "AutoCSer.TestCase.TcpInternalServerPerformance.Emit.NetCore", "TestCase\TcpServerPerformance\AutoCSer.TestCase.TcpInternalServerPerformance.Emit.NetCore.csproj", "{0FC42CE4-0531-4219-8296-1042142622EF}"
EndProject
Project("{9A19103F-16F7-4668-BE54-9A1E7A4F7556}") = "AutoCSer.TestCase.TcpOpenServerPerformance.Emit.NetCore", "TestCase\TcpServerPerformance\AutoCSer.TestCase.TcpOpenServerPerformance.Emit.NetCore.csproj", "{8315CA8C-0E60-4D45-B8FC-EAAEA085BAA7}"
EndProject
Project("{9A19103F-16F7-4668-BE54-9A1E7A4F7556}") = "AutoCSer.TestCase.TcpInternalClientPerformance.NetCore", "TestCase\TcpClientPerformance\AutoCSer.TestCase.TcpInternalClientPerformance.NetCore.csproj", "{A998ADD1-11CF-4EA5-A341-50CE60B49BA0}"
EndProject
Project("{9A19103F-16F7-4668-BE54-9A1E7A4F7556}") = "AutoCSer.TestCase.TcpInternalClientPerformance.Emit.NetCore", "TestCase\TcpClientPerformance\AutoCSer.TestCase.TcpInternalClientPerformance.Emit.NetCore.csproj", "{7799AB02-3767-4B20-8FEE-F054513F4A64}"
EndProject
Project("{9A19103F-16F7-4668-BE54-9A1E7A4F7556}") = "AutoCSer.TestCase.TcpOpenClientPerformance.NetCore", "TestCase\TcpClientPerformance\AutoCSer.TestCase.TcpOpenClientPerformance.NetCore.csproj", "{53AF5BB6-A6E9-4921-9DA1-4E15D924EC82}"
EndProject
Project("{9A19103F-16F7-4668-BE54-9A1E7A4F7556}") = "AutoCSer.TestCase.TcpOpenClientPerformance.Emit.NetCore", "TestCase\TcpClientPerformance\AutoCSer.TestCase.TcpOpenClientPerformance.Emit.NetCore.csproj", "{7F66880D-A0AB-4AE4-9960-8C0AD55BC4FD}"
EndProject
Project("{9A19103F-16F7-4668-BE54-9A1E7A4F7556}") = "AutoCSer.TestCase.TcpInternalSimpleServerPerformance.NetCore", "TestCase\TcpSimpleServerPerformance\AutoCSer.TestCase.TcpInternalSimpleServerPerformance.NetCore.csproj", "{556BD5AE-B174-43FE-A3AC-E33F133904EF}"
EndProject
Project("{9A19103F-16F7-4668-BE54-9A1E7A4F7556}") = "AutoCSer.TestCase.TcpInternalSimpleServerPerformance.Emit.NetCore", "TestCase\TcpSimpleServerPerformance\AutoCSer.TestCase.TcpInternalSimpleServerPerformance.Emit.NetCore.csproj", "{419846BA-BE22-4404-87BB-5D16AA325710}"
EndProject
Project("{9A19103F-16F7-4668-BE54-9A1E7A4F7556}") = "AutoCSer.TestCase.TcpOpenSimpleServerPerformance.NetCore", "TestCase\TcpSimpleServerPerformance\AutoCSer.TestCase.TcpOpenSimpleServerPerformance.NetCore.csproj", "{431420FA-5010-4934-85FA-FEA0D0531643}"
EndProject
Project("{9A19103F-16F7-4668-BE54-9A1E7A4F7556}") = "AutoCSer.TestCase.TcpOpenSimpleServerPerformance.Emit.NetCore", "TestCase\TcpSimpleServerPerformance\AutoCSer.TestCase.TcpOpenSimpleServerPerformance.Emit.NetCore.csproj", "{65BDB39F-B8DC-4E5F-A65A-AEAD39B5400C}"
EndProject
Project("{9A19103F-16F7-4668-BE54-9A1E7A4F7556}") = "AutoCSer.TestCase.TcpInternalSimpleClientPerformance.NetCore", "TestCase\TcpSimpleClientPerformance\AutoCSer.TestCase.TcpInternalSimpleClientPerformance.NetCore.csproj", "{C23763B9-7664-46B2-AABC-78890F71DC98}"
EndProject
Project("{9A19103F-16F7-4668-BE54-9A1E7A4F7556}") = "AutoCSer.TestCase.TcpInternalSimpleClientPerformance.Emit.NetCore", "TestCase\TcpSimpleClientPerformance\AutoCSer.TestCase.TcpInternalSimpleClientPerformance.Emit.NetCore.csproj", "{8C709679-1452-4E7C-BE81-EBD49AE3776E}"
EndProject
Project("{9A19103F-16F7-4668-BE54-9A1E7A4F7556}") = "AutoCSer.TestCase.TcpOpenSimpleClientPerformance.NetCore", "TestCase\TcpSimpleClientPerformance\AutoCSer.TestCase.TcpOpenSimpleClientPerformance.NetCore.csproj", "{9F5732BB-2F6F-429C-891E-1ACD7A9F92F6}"
EndProject
Project("{9A19103F-16F7-4668-BE54-9A1E7A4F7556}") = "AutoCSer.TestCase.TcpOpenSimpleClientPerformance.Emit.NetCore", "TestCase\TcpSimpleClientPerformance\AutoCSer.TestCase.TcpOpenSimpleClientPerformance.Emit.NetCore.csproj", "{5279A7FF-06E3-4E94-AC69-927C119960C9}"
EndProject
Project("{9A19103F-16F7-4668-BE54-9A1E7A4F7556}") = "AutoCSer.CodeGenerator.Custom.NetCore", "Example\CustomCodeGenerator\AutoCSer.CodeGenerator.Custom.NetCore.csproj", "{02D126F9-9194-41E1-B0B1-6F6A7B24D284}"
EndProject
Project("{9A19103F-16F7-4668-BE54-9A1E7A4F7556}") = "AutoCSer.CodeGenerator.CustomApply.NetCore", "Example\CustomCodeGeneratorApply\AutoCSer.CodeGenerator.CustomApply.NetCore.csproj", "{300F5F5F-396E-4C20-ADED-A1F7A310DFC6}"
EndProject
Project("{9A19103F-16F7-4668-BE54-9A1E7A4F7556}") = "AutoCSer.TestCase.Nuget.NetCore", "TestCase\Nuget\AutoCSer.TestCase.Nuget.NetCore.csproj", "{CA0CF710-FD99-4403-AED0-3A3EA8F923E6}"
EndProject
Project("{9A19103F-16F7-4668-BE54-9A1E7A4F7556}") = "AutoCSer.DiskBlock.NetStandard", "AutoCSer\DiskBlock\AutoCSer.DiskBlock.NetStandard.csproj", "{FC5D829B-4C69-4899-B1E5-320437C16FA6}"
EndProject
Project("{9A19103F-16F7-4668-BE54-9A1E7A4F7556}") = "AutoCSer.Sql.NetStandard", "AutoCSer\Sql\AutoCSer.Sql.NetStandard.csproj", "{5529CF27-5FA9-4427-BD22-97A219B7411C}"
EndProject
Project("{9A19103F-16F7-4668-BE54-9A1E7A4F7556}") = "AutoCSer.Deploy.NetStandard", "AutoCSer\Deploy\AutoCSer.Deploy.NetStandard.csproj", "{9886B2CB-A80D-4BF9-8050-CEE727403680}"
EndProject
Project("{9A19103F-16F7-4668-BE54-9A1E7A4F7556}") = "AutoCSer.FieldEquals.NetStandard", "AutoCSer\FieldEquals\AutoCSer.FieldEquals.NetStandard.csproj", "{92DA60C8-40CE-4D94-965E-299893D2300B}"
EndProject
Project("{9A19103F-16F7-4668-BE54-9A1E7A4F7556}") = "AutoCSer.RandomObject.NetStandard", "AutoCSer\RandomObject\AutoCSer.RandomObject.NetStandard.csproj", "{E0986F5B-4366-4BDB-B9E4-EEFC54C8E8DD}"
EndProject
Project("{9A19103F-16F7-4668-BE54-9A1E7A4F7556}") = "AutoCSer.TcpSimpleServer.NetStandard", "AutoCSer\TcpSimpleServer\AutoCSer.TcpSimpleServer.NetStandard.csproj", "{6B1DDB0E-829F-48A7-AF14-14513DF38BF3}"
EndProject
Project("{9A19103F-16F7-4668-BE54-9A1E7A4F7556}") = "AutoCSer.TestCase.ChatData.NetStandard", "TestCase\ChatData\AutoCSer.TestCase.ChatData.NetStandard.csproj", "{9E3FC1EB-309C-4CCA-AC5E-D3E15B437826}"
EndProject
Project("{9A19103F-16F7-4668-BE54-9A1E7A4F7556}") = "AutoCSer.TcpStreamServer.NetStandard", "AutoCSer\TcpStreamServer\AutoCSer.TcpStreamServer.NetStandard.csproj", "{2207CB5B-C925-4FCE-B32C-C321F127E9FC}"
EndProject
Project("{2150E333-8FDC-42A3-9474-1A3956D46DE8}") = "Serialize", "Serialize", "{05F6FE70-0741-44A2-AF2F-91C05494FBD5}"
EndProject
Project("{2150E333-8FDC-42A3-9474-1A3956D46DE8}") = "TcpRegiter", "TcpRegiter", "{EBA634A1-F599-4CB3-955A-5C563EF10666}"
EndProject
Project("{2150E333-8FDC-42A3-9474-1A3956D46DE8}") = "TcpServer", "TcpServer", "{AF53619A-4C85-4E1E-A459-4F8E63C82174}"
EndProject
Project("{2150E333-8FDC-42A3-9474-1A3956D46DE8}") = "TcpSimpleServer", "TcpSimpleServer", "{5E3E3104-3DFD-454C-BE81-B96E8F687CB5}"
EndProject
Project("{2150E333-8FDC-42A3-9474-1A3956D46DE8}") = "TcpStreamServer", "TcpStreamServer", "{C9527B28-F9B5-4B27-86BE-C3E0F85B373A}"
EndProject
Project("{2150E333-8FDC-42A3-9474-1A3956D46DE8}") = "WebView", "WebView", "{1B72F5D1-010E-49C7-9DAD-2EF50B1F7733}"
EndProject
Project("{9A19103F-16F7-4668-BE54-9A1E7A4F7556}") = "AutoCSer.Example.TcpInterfaceOpenStreamServer.NetCore", "Example\TcpInterfaceOpenStreamServer\AutoCSer.Example.TcpInterfaceOpenStreamServer.NetCore.csproj", "{218A921E-9684-4F16-B5F7-061773DF6A3A}"
EndProject
Project("{9A19103F-16F7-4668-BE54-9A1E7A4F7556}") = "AutoCSer.Example.TcpInterfaceStreamServer.NetCore", "Example\TcpInterfaceStreamServer\AutoCSer.Example.TcpInterfaceStreamServer.NetCore.csproj", "{10C10905-113C-407D-8FB5-1ACFA3580046}"
EndProject
Project("{9A19103F-16F7-4668-BE54-9A1E7A4F7556}") = "AutoCSer.Example.TcpInternalStreamServer.NetCore", "Example\TcpInternalStreamServer\AutoCSer.Example.TcpInternalStreamServer.NetCore.csproj", "{DF9EBD7E-88C6-43AA-8B1B-5569ECA6F33A}"
EndProject
Project("{9A19103F-16F7-4668-BE54-9A1E7A4F7556}") = "AutoCSer.Example.TcpOpenStreamServer.NetCore", "Example\TcpOpenStreamServer\AutoCSer.Example.TcpOpenStreamServer.NetCore.csproj", "{FA0F7519-1412-4721-9528-4975C4AD94DB}"
EndProject
Project("{9A19103F-16F7-4668-BE54-9A1E7A4F7556}") = "AutoCSer.Example.TcpStaticStreamServer.NetCore", "Example\TcpStaticStreamServer\AutoCSer.Example.TcpStaticStreamServer.NetCore.csproj", "{9597381D-8760-4287-8492-5DEA3C28FFF9}"
EndProject
Project("{2150E333-8FDC-42A3-9474-1A3956D46DE8}") = "TcpServer", "TcpServer", "{18D26586-A543-40EC-AFAB-645CCF61F483}"
EndProject
Project("{2150E333-8FDC-42A3-9474-1A3956D46DE8}") = "TcpSimpleServer", "TcpSimpleServer", "{A9312E6A-4B37-47F0-9DE3-947A5731833E}"
EndProject
Project("{2150E333-8FDC-42A3-9474-1A3956D46DE8}") = "TcpStreamServer", "TcpStreamServer", "{4D0BBF41-9F4E-40D7-8B4C-75A759FB51EF}"
EndProject
Project("{2150E333-8FDC-42A3-9474-1A3956D46DE8}") = "WebView", "WebView", "{CD0426EA-4957-46C4-A9D5-0486FFFCC13F}"
EndProject
Project("{9A19103F-16F7-4668-BE54-9A1E7A4F7556}") = "AutoCSer.TestCase.TcpOpenStreamServerPerformance.NetCore", "TestCase\TcpStreamServerPerformance\AutoCSer.TestCase.TcpOpenStreamServerPerformance.NetCore.csproj", "{9CD13F7A-67D2-439B-B6B0-BD3B9B085822}"
EndProject
Project("{9A19103F-16F7-4668-BE54-9A1E7A4F7556}") = "AutoCSer.TestCase.TcpOpenStreamServerPerformance.Emit.NetCore", "TestCase\TcpStreamServerPerformance\AutoCSer.TestCase.TcpOpenStreamServerPerformance.Emit.NetCore.csproj", "{6823340F-CEB7-4A9C-B921-36E350C5D24F}"
EndProject
Project("{9A19103F-16F7-4668-BE54-9A1E7A4F7556}") = "AutoCSer.TestCase.TcpInternalStreamServerPerformance.NetCore", "TestCase\TcpStreamServerPerformance\AutoCSer.TestCase.TcpInternalStreamServerPerformance.NetCore.csproj", "{2EEDE4D8-FF3F-4ECE-B3C5-B1FA4A547D24}"
EndProject
Project("{9A19103F-16F7-4668-BE54-9A1E7A4F7556}") = "AutoCSer.TestCase.TcpInternalStreamServerPerformance.Emit.NetCore", "TestCase\TcpStreamServerPerformance\AutoCSer.TestCase.TcpInternalStreamServerPerformance.Emit.NetCore.csproj", "{429BB18D-A411-426C-9425-AA325BC3200D}"
EndProject
Project("{9A19103F-16F7-4668-BE54-9A1E7A4F7556}") = "AutoCSer.TestCase.TcpOpenStreamClientPerformance.NetCore", "TestCase\TcpStreamClientPerformance\AutoCSer.TestCase.TcpOpenStreamClientPerformance.NetCore.csproj", "{5AF7B635-946B-493A-8141-82FF29F67222}"
EndProject
Project("{9A19103F-16F7-4668-BE54-9A1E7A4F7556}") = "AutoCSer.TestCase.TcpOpenStreamClientPerformance.Emit.NetCore", "TestCase\TcpStreamClientPerformance\AutoCSer.TestCase.TcpOpenStreamClientPerformance.Emit.NetCore.csproj", "{873F80F3-ECEC-4010-B3B7-898FE34CA8FF}"
EndProject
Project("{9A19103F-16F7-4668-BE54-9A1E7A4F7556}") = "AutoCSer.TestCase.TcpInternalStreamClientPerformance.Emit.NetCore", "TestCase\TcpStreamClientPerformance\AutoCSer.TestCase.TcpInternalStreamClientPerformance.Emit.NetCore.csproj", "{F39B896E-27CA-4A77-A93C-7E69A292F03C}"
EndProject
Project("{9A19103F-16F7-4668-BE54-9A1E7A4F7556}") = "AutoCSer.TestCase.TcpInternalStreamClientPerformance.NetCore", "TestCase\TcpStreamClientPerformance\AutoCSer.TestCase.TcpInternalStreamClientPerformance.NetCore.csproj", "{D697A584-EA12-4F8F-A3F8-E6131B371B8F}"
EndProject
Project("{2150E333-8FDC-42A3-9474-1A3956D46DE8}") = "OrmCache", "OrmCache", "{A958BB76-C363-4C92-9FB3-DC04F08E31F2}"
EndProject
Project("{9A19103F-16F7-4668-BE54-9A1E7A4F7556}") = "AutoCSer.TestCase.SqlModel.NetStandard", "TestCase\SqlMode\AutoCSer.TestCase.SqlModel.NetStandard.csproj", "{480AE30A-A671-4DFB-B497-E6866518BEFA}"
EndProject
Project("{9A19103F-16F7-4668-BE54-9A1E7A4F7556}") = "AutoCSer.TestCase.SqlTableCacheServer.NetCore", "TestCase\SqlTableCacheServer\AutoCSer.TestCase.SqlTableCacheServer.NetCore.csproj", "{07079D6C-04F5-4EC6-9D88-14E9806393AE}"
EndProject
Project("{9A19103F-16F7-4668-BE54-9A1E7A4F7556}") = "AutoCSer.TestCase.SqlTableWeb.NetCore", "TestCase\SqlTableWeb\AutoCSer.TestCase.SqlTableWeb.NetCore.csproj", "{0044B98D-EA22-4A00-B6AC-E913A0717674}"
EndProject
Project("{2150E333-8FDC-42A3-9474-1A3956D46DE8}") = "OrmCache", "OrmCache", "{BB980730-81EF-4E1B-8B0D-56A8F3284A2E}"
EndProject
Project("{9A19103F-16F7-4668-BE54-9A1E7A4F7556}") = "AutoCSer.Example.OrmConfig.NetStandard", "Example\OrmConfig\AutoCSer.Example.OrmConfig.NetStandard.csproj", "{288EAC4A-FB7F-44D1-BDB4-22A15647732A}"
EndProject
Project("{9A19103F-16F7-4668-BE54-9A1E7A4F7556}") = "AutoCSer.Example.OrmModel.NetStandard", "Example\OrmModel\AutoCSer.Example.OrmModel.NetStandard.csproj", "{4D6A7FF1-24B8-42B7-99BC-85FBF4084D4A}"
EndProject
Project("{9A19103F-16F7-4668-BE54-9A1E7A4F7556}") = "AutoCSer.Example.OrmTable.NetCore", "Example\OrmTable\AutoCSer.Example.OrmTable.NetCore.csproj", "{0B28157D-87EB-4EF8-8E18-980E90F05BB1}"
EndProject
Project("{9A19103F-16F7-4668-BE54-9A1E7A4F7556}") = "AutoCSer.HtmlTitle.NetStandard", "AutoCSer\HtmlTitle\AutoCSer.HtmlTitle.NetStandard.csproj", "{2C4279BD-E6C6-40C4-A511-B3CA8EA56570}"
EndProject
Project("{9A19103F-16F7-4668-BE54-9A1E7A4F7556}") = "AutoCSer.Example.HtmlTitle.NetCore", "Example\HtmlTitle\AutoCSer.Example.HtmlTitle.NetCore.csproj", "{7D2D6595-2A64-49AF-B13D-B16C78BCAA95}"
EndProject
Project("{9A19103F-16F7-4668-BE54-9A1E7A4F7556}") = "AutoCSer.RawSocketListener.NetStandard", "AutoCSer\RawSocketListener\AutoCSer.RawSocketListener.NetStandard.csproj", "{E9AA41AD-F0B8-4368-A471-8A3B70228A58}"
EndProject
Project("{9A19103F-16F7-4668-BE54-9A1E7A4F7556}") = "AutoCSer.Example.RawSocketListener.NetCore", "Example\RawSocketListener\AutoCSer.Example.RawSocketListener.NetCore.csproj", "{666E31D3-7A65-4853-915E-3E5FD950FB8D}"
EndProject
Project("{9A19103F-16F7-4668-BE54-9A1E7A4F7556}") = "AutoCSer.HtmlNode.NetStandard", "AutoCSer\HtmlNode\AutoCSer.HtmlNode.NetStandard.csproj", "{479D0549-3914-4531-A6DE-C3041CC448CD}"
EndProject
Project("{9A19103F-16F7-4668-BE54-9A1E7A4F7556}") = "AutoCSer.Example.HtmlNode.NetCore", "Example\HtmlNode\AutoCSer.Example.HtmlNode.NetCore.csproj", "{38C36678-D77F-49DF-8888-8D0A2B5F2DF8}"
EndProject
Project("{9A19103F-16F7-4668-BE54-9A1E7A4F7556}") = "AutoCSer.Search.NetStandard", "AutoCSer\Search\AutoCSer.Search.NetStandard.csproj", "{63C4A585-298B-4633-9634-758BE30F0DE0}"
EndProject
Project("{9A19103F-16F7-4668-BE54-9A1E7A4F7556}") = "AutoCSer.Example.Search.NetCore", "Example\Search\AutoCSer.Example.Search.NetCore.csproj", "{71C325AE-DE30-435C-8A7F-D1810AB19299}"
EndProject
Project("{9A19103F-16F7-4668-BE54-9A1E7A4F7556}") = "AutoCSer.DataSetSerialize.NetStandard", "AutoCSer\DataSetSerialize\AutoCSer.DataSetSerialize.NetStandard.csproj", "{D6ADD939-520F-4746-B440-7E88F5676A95}"
EndProject
Project("{9A19103F-16F7-4668-BE54-9A1E7A4F7556}") = "AutoCSer.Expand.NetStandard", "AutoCSer\Expand\AutoCSer.Expand.NetStandard.csproj", "{0F65CEA7-B56C-4950-AB07-7FB630704470}"
EndProject
Global
	GlobalSection(SolutionConfigurationPlatforms) = preSolution
		Debug|Any CPU = Debug|Any CPU
		Release|Any CPU = Release|Any CPU
	EndGlobalSection
	GlobalSection(ProjectConfigurationPlatforms) = postSolution
		{63841ED5-8786-401F-ADCB-B71D79D9B6A1}.Debug|Any CPU.ActiveCfg = Debug|Any CPU
		{63841ED5-8786-401F-ADCB-B71D79D9B6A1}.Debug|Any CPU.Build.0 = Debug|Any CPU
		{63841ED5-8786-401F-ADCB-B71D79D9B6A1}.Release|Any CPU.ActiveCfg = Release|Any CPU
		{63841ED5-8786-401F-ADCB-B71D79D9B6A1}.Release|Any CPU.Build.0 = Release|Any CPU
		{9BD24E47-97AB-418A-B0DD-1D2B7EEE5FF7}.Debug|Any CPU.ActiveCfg = Debug|Any CPU
		{9BD24E47-97AB-418A-B0DD-1D2B7EEE5FF7}.Debug|Any CPU.Build.0 = Debug|Any CPU
		{9BD24E47-97AB-418A-B0DD-1D2B7EEE5FF7}.Release|Any CPU.ActiveCfg = Release|Any CPU
		{9BD24E47-97AB-418A-B0DD-1D2B7EEE5FF7}.Release|Any CPU.Build.0 = Release|Any CPU
		{25958C01-F40B-4792-B42B-49004234E813}.Debug|Any CPU.ActiveCfg = Debug|Any CPU
		{25958C01-F40B-4792-B42B-49004234E813}.Debug|Any CPU.Build.0 = Debug|Any CPU
		{25958C01-F40B-4792-B42B-49004234E813}.Release|Any CPU.ActiveCfg = Release|Any CPU
		{25958C01-F40B-4792-B42B-49004234E813}.Release|Any CPU.Build.0 = Release|Any CPU
		{22316D85-7468-4A9E-91D3-2EA55B76AAB9}.Debug|Any CPU.ActiveCfg = Debug|Any CPU
		{22316D85-7468-4A9E-91D3-2EA55B76AAB9}.Debug|Any CPU.Build.0 = Debug|Any CPU
		{22316D85-7468-4A9E-91D3-2EA55B76AAB9}.Release|Any CPU.ActiveCfg = Release|Any CPU
		{22316D85-7468-4A9E-91D3-2EA55B76AAB9}.Release|Any CPU.Build.0 = Release|Any CPU
		{748BDEA4-4A74-43A3-82DD-833746732852}.Debug|Any CPU.ActiveCfg = Debug|Any CPU
		{748BDEA4-4A74-43A3-82DD-833746732852}.Debug|Any CPU.Build.0 = Debug|Any CPU
		{748BDEA4-4A74-43A3-82DD-833746732852}.Release|Any CPU.ActiveCfg = Release|Any CPU
		{748BDEA4-4A74-43A3-82DD-833746732852}.Release|Any CPU.Build.0 = Release|Any CPU
		{BC7E6D32-F524-4357-BAA0-52FF89E36CC8}.Debug|Any CPU.ActiveCfg = Debug|Any CPU
		{BC7E6D32-F524-4357-BAA0-52FF89E36CC8}.Debug|Any CPU.Build.0 = Debug|Any CPU
		{BC7E6D32-F524-4357-BAA0-52FF89E36CC8}.Release|Any CPU.ActiveCfg = Release|Any CPU
		{BC7E6D32-F524-4357-BAA0-52FF89E36CC8}.Release|Any CPU.Build.0 = Release|Any CPU
		{06884C2F-9AAA-4523-B29F-7C3708D67924}.Debug|Any CPU.ActiveCfg = Debug|Any CPU
		{06884C2F-9AAA-4523-B29F-7C3708D67924}.Debug|Any CPU.Build.0 = Debug|Any CPU
		{06884C2F-9AAA-4523-B29F-7C3708D67924}.Release|Any CPU.ActiveCfg = Release|Any CPU
		{06884C2F-9AAA-4523-B29F-7C3708D67924}.Release|Any CPU.Build.0 = Release|Any CPU
		{72B3019F-4B50-4029-91F6-F66A40A47597}.Debug|Any CPU.ActiveCfg = Debug|Any CPU
		{72B3019F-4B50-4029-91F6-F66A40A47597}.Debug|Any CPU.Build.0 = Debug|Any CPU
		{72B3019F-4B50-4029-91F6-F66A40A47597}.Release|Any CPU.ActiveCfg = Release|Any CPU
		{72B3019F-4B50-4029-91F6-F66A40A47597}.Release|Any CPU.Build.0 = Release|Any CPU
		{71ED0BD5-0AB2-4D5C-8334-A588A0032CB1}.Debug|Any CPU.ActiveCfg = Debug|Any CPU
		{71ED0BD5-0AB2-4D5C-8334-A588A0032CB1}.Debug|Any CPU.Build.0 = Debug|Any CPU
		{71ED0BD5-0AB2-4D5C-8334-A588A0032CB1}.Release|Any CPU.ActiveCfg = Release|Any CPU
		{71ED0BD5-0AB2-4D5C-8334-A588A0032CB1}.Release|Any CPU.Build.0 = Release|Any CPU
		{1DEA3715-7532-4A57-A8CF-B5E2DDF73AC2}.Debug|Any CPU.ActiveCfg = Debug|Any CPU
		{1DEA3715-7532-4A57-A8CF-B5E2DDF73AC2}.Debug|Any CPU.Build.0 = Debug|Any CPU
		{1DEA3715-7532-4A57-A8CF-B5E2DDF73AC2}.Release|Any CPU.ActiveCfg = Release|Any CPU
		{1DEA3715-7532-4A57-A8CF-B5E2DDF73AC2}.Release|Any CPU.Build.0 = Release|Any CPU
		{6281C57E-C483-44DE-A9AB-A2D1FFDB97E1}.Debug|Any CPU.ActiveCfg = Debug|Any CPU
		{6281C57E-C483-44DE-A9AB-A2D1FFDB97E1}.Debug|Any CPU.Build.0 = Debug|Any CPU
		{6281C57E-C483-44DE-A9AB-A2D1FFDB97E1}.Release|Any CPU.ActiveCfg = Release|Any CPU
		{6281C57E-C483-44DE-A9AB-A2D1FFDB97E1}.Release|Any CPU.Build.0 = Release|Any CPU
		{AF3C0FD4-88C9-4139-A23B-AF76C1BC1365}.Debug|Any CPU.ActiveCfg = Debug|Any CPU
		{AF3C0FD4-88C9-4139-A23B-AF76C1BC1365}.Debug|Any CPU.Build.0 = Debug|Any CPU
		{AF3C0FD4-88C9-4139-A23B-AF76C1BC1365}.Release|Any CPU.ActiveCfg = Release|Any CPU
		{AF3C0FD4-88C9-4139-A23B-AF76C1BC1365}.Release|Any CPU.Build.0 = Release|Any CPU
		{2C1FCE8E-48B5-43DD-9EDA-EEB1E46DFFA8}.Debug|Any CPU.ActiveCfg = Debug|Any CPU
		{2C1FCE8E-48B5-43DD-9EDA-EEB1E46DFFA8}.Debug|Any CPU.Build.0 = Debug|Any CPU
		{2C1FCE8E-48B5-43DD-9EDA-EEB1E46DFFA8}.Release|Any CPU.ActiveCfg = Release|Any CPU
		{2C1FCE8E-48B5-43DD-9EDA-EEB1E46DFFA8}.Release|Any CPU.Build.0 = Release|Any CPU
		{A71C4381-D2A0-4E44-B65E-5367A62B1B65}.Debug|Any CPU.ActiveCfg = Debug|Any CPU
		{A71C4381-D2A0-4E44-B65E-5367A62B1B65}.Debug|Any CPU.Build.0 = Debug|Any CPU
		{A71C4381-D2A0-4E44-B65E-5367A62B1B65}.Release|Any CPU.ActiveCfg = Release|Any CPU
		{A71C4381-D2A0-4E44-B65E-5367A62B1B65}.Release|Any CPU.Build.0 = Release|Any CPU
		{F85723CB-5317-464F-B7BE-68103C87E08F}.Debug|Any CPU.ActiveCfg = Debug|Any CPU
		{F85723CB-5317-464F-B7BE-68103C87E08F}.Debug|Any CPU.Build.0 = Debug|Any CPU
		{F85723CB-5317-464F-B7BE-68103C87E08F}.Release|Any CPU.ActiveCfg = Release|Any CPU
		{F85723CB-5317-464F-B7BE-68103C87E08F}.Release|Any CPU.Build.0 = Release|Any CPU
		{6EEDE147-B8C5-4C04-86FC-294A16CB9906}.Debug|Any CPU.ActiveCfg = Debug|Any CPU
		{6EEDE147-B8C5-4C04-86FC-294A16CB9906}.Debug|Any CPU.Build.0 = Debug|Any CPU
		{6EEDE147-B8C5-4C04-86FC-294A16CB9906}.Release|Any CPU.ActiveCfg = Release|Any CPU
		{6EEDE147-B8C5-4C04-86FC-294A16CB9906}.Release|Any CPU.Build.0 = Release|Any CPU
		{BF280EFA-CCCF-4E8A-853E-03D81D8A9747}.Debug|Any CPU.ActiveCfg = Debug|Any CPU
		{BF280EFA-CCCF-4E8A-853E-03D81D8A9747}.Debug|Any CPU.Build.0 = Debug|Any CPU
		{BF280EFA-CCCF-4E8A-853E-03D81D8A9747}.Release|Any CPU.ActiveCfg = Release|Any CPU
		{BF280EFA-CCCF-4E8A-853E-03D81D8A9747}.Release|Any CPU.Build.0 = Release|Any CPU
		{36476E43-CC71-40B2-9DFB-0944E76FE42C}.Debug|Any CPU.ActiveCfg = Debug|Any CPU
		{36476E43-CC71-40B2-9DFB-0944E76FE42C}.Debug|Any CPU.Build.0 = Debug|Any CPU
		{36476E43-CC71-40B2-9DFB-0944E76FE42C}.Release|Any CPU.ActiveCfg = Release|Any CPU
		{36476E43-CC71-40B2-9DFB-0944E76FE42C}.Release|Any CPU.Build.0 = Release|Any CPU
		{5C782E4E-8DA0-4BAE-94D8-E0423BB0BF75}.Debug|Any CPU.ActiveCfg = Debug|Any CPU
		{5C782E4E-8DA0-4BAE-94D8-E0423BB0BF75}.Debug|Any CPU.Build.0 = Debug|Any CPU
		{5C782E4E-8DA0-4BAE-94D8-E0423BB0BF75}.Release|Any CPU.ActiveCfg = Release|Any CPU
		{5C782E4E-8DA0-4BAE-94D8-E0423BB0BF75}.Release|Any CPU.Build.0 = Release|Any CPU
		{DAE5DE1F-8046-4D0D-8C7B-2B2C29FC2E30}.Debug|Any CPU.ActiveCfg = Debug|Any CPU
		{DAE5DE1F-8046-4D0D-8C7B-2B2C29FC2E30}.Debug|Any CPU.Build.0 = Debug|Any CPU
		{DAE5DE1F-8046-4D0D-8C7B-2B2C29FC2E30}.Release|Any CPU.ActiveCfg = Release|Any CPU
		{DAE5DE1F-8046-4D0D-8C7B-2B2C29FC2E30}.Release|Any CPU.Build.0 = Release|Any CPU
		{38A803B2-4D20-452A-B663-1DE74C22A218}.Debug|Any CPU.ActiveCfg = Debug|Any CPU
		{38A803B2-4D20-452A-B663-1DE74C22A218}.Debug|Any CPU.Build.0 = Debug|Any CPU
		{38A803B2-4D20-452A-B663-1DE74C22A218}.Release|Any CPU.ActiveCfg = Release|Any CPU
		{38A803B2-4D20-452A-B663-1DE74C22A218}.Release|Any CPU.Build.0 = Release|Any CPU
		{D79C7F4A-875D-4B0F-B475-C429E03ECEC6}.Debug|Any CPU.ActiveCfg = Debug|Any CPU
		{D79C7F4A-875D-4B0F-B475-C429E03ECEC6}.Debug|Any CPU.Build.0 = Debug|Any CPU
		{D79C7F4A-875D-4B0F-B475-C429E03ECEC6}.Release|Any CPU.ActiveCfg = Release|Any CPU
		{D79C7F4A-875D-4B0F-B475-C429E03ECEC6}.Release|Any CPU.Build.0 = Release|Any CPU
		{A2FEA99E-C1EF-4144-AAC7-A75F41C17746}.Debug|Any CPU.ActiveCfg = Debug|Any CPU
		{A2FEA99E-C1EF-4144-AAC7-A75F41C17746}.Debug|Any CPU.Build.0 = Debug|Any CPU
		{A2FEA99E-C1EF-4144-AAC7-A75F41C17746}.Release|Any CPU.ActiveCfg = Release|Any CPU
		{A2FEA99E-C1EF-4144-AAC7-A75F41C17746}.Release|Any CPU.Build.0 = Release|Any CPU
		{32ECD1B7-2B93-4BC3-BD70-21DDBFDFD6E4}.Debug|Any CPU.ActiveCfg = Debug|Any CPU
		{32ECD1B7-2B93-4BC3-BD70-21DDBFDFD6E4}.Debug|Any CPU.Build.0 = Debug|Any CPU
		{32ECD1B7-2B93-4BC3-BD70-21DDBFDFD6E4}.Release|Any CPU.ActiveCfg = Release|Any CPU
		{32ECD1B7-2B93-4BC3-BD70-21DDBFDFD6E4}.Release|Any CPU.Build.0 = Release|Any CPU
		{9755A752-C9D1-4F42-A946-6CE4EE422C45}.Debug|Any CPU.ActiveCfg = Debug|Any CPU
		{9755A752-C9D1-4F42-A946-6CE4EE422C45}.Debug|Any CPU.Build.0 = Debug|Any CPU
		{9755A752-C9D1-4F42-A946-6CE4EE422C45}.Release|Any CPU.ActiveCfg = Release|Any CPU
		{9755A752-C9D1-4F42-A946-6CE4EE422C45}.Release|Any CPU.Build.0 = Release|Any CPU
		{0BD29348-A4D1-4861-8CE5-B5B376755D5D}.Debug|Any CPU.ActiveCfg = Debug|Any CPU
		{0BD29348-A4D1-4861-8CE5-B5B376755D5D}.Debug|Any CPU.Build.0 = Debug|Any CPU
		{0BD29348-A4D1-4861-8CE5-B5B376755D5D}.Release|Any CPU.ActiveCfg = Release|Any CPU
		{0BD29348-A4D1-4861-8CE5-B5B376755D5D}.Release|Any CPU.Build.0 = Release|Any CPU
		{7F59F946-5BC4-40BF-BE12-87A018A6BC6A}.Debug|Any CPU.ActiveCfg = Debug|Any CPU
		{7F59F946-5BC4-40BF-BE12-87A018A6BC6A}.Debug|Any CPU.Build.0 = Debug|Any CPU
		{7F59F946-5BC4-40BF-BE12-87A018A6BC6A}.Release|Any CPU.ActiveCfg = Release|Any CPU
		{7F59F946-5BC4-40BF-BE12-87A018A6BC6A}.Release|Any CPU.Build.0 = Release|Any CPU
		{1849DA77-27E7-46DD-877C-0FFAFA9B2B6F}.Debug|Any CPU.ActiveCfg = Debug|Any CPU
		{1849DA77-27E7-46DD-877C-0FFAFA9B2B6F}.Debug|Any CPU.Build.0 = Debug|Any CPU
		{1849DA77-27E7-46DD-877C-0FFAFA9B2B6F}.Release|Any CPU.ActiveCfg = Release|Any CPU
		{1849DA77-27E7-46DD-877C-0FFAFA9B2B6F}.Release|Any CPU.Build.0 = Release|Any CPU
		{8E8FC44B-80A1-4137-81A4-8CBDCCA72394}.Debug|Any CPU.ActiveCfg = Debug|Any CPU
		{8E8FC44B-80A1-4137-81A4-8CBDCCA72394}.Debug|Any CPU.Build.0 = Debug|Any CPU
		{8E8FC44B-80A1-4137-81A4-8CBDCCA72394}.Release|Any CPU.ActiveCfg = Release|Any CPU
		{8E8FC44B-80A1-4137-81A4-8CBDCCA72394}.Release|Any CPU.Build.0 = Release|Any CPU
		{0FC42CE4-0531-4219-8296-1042142622EF}.Debug|Any CPU.ActiveCfg = Debug|Any CPU
		{0FC42CE4-0531-4219-8296-1042142622EF}.Debug|Any CPU.Build.0 = Debug|Any CPU
		{0FC42CE4-0531-4219-8296-1042142622EF}.Release|Any CPU.ActiveCfg = Release|Any CPU
		{0FC42CE4-0531-4219-8296-1042142622EF}.Release|Any CPU.Build.0 = Release|Any CPU
		{8315CA8C-0E60-4D45-B8FC-EAAEA085BAA7}.Debug|Any CPU.ActiveCfg = Debug|Any CPU
		{8315CA8C-0E60-4D45-B8FC-EAAEA085BAA7}.Debug|Any CPU.Build.0 = Debug|Any CPU
		{8315CA8C-0E60-4D45-B8FC-EAAEA085BAA7}.Release|Any CPU.ActiveCfg = Release|Any CPU
		{8315CA8C-0E60-4D45-B8FC-EAAEA085BAA7}.Release|Any CPU.Build.0 = Release|Any CPU
		{A998ADD1-11CF-4EA5-A341-50CE60B49BA0}.Debug|Any CPU.ActiveCfg = Debug|Any CPU
		{A998ADD1-11CF-4EA5-A341-50CE60B49BA0}.Debug|Any CPU.Build.0 = Debug|Any CPU
		{A998ADD1-11CF-4EA5-A341-50CE60B49BA0}.Release|Any CPU.ActiveCfg = Release|Any CPU
		{A998ADD1-11CF-4EA5-A341-50CE60B49BA0}.Release|Any CPU.Build.0 = Release|Any CPU
		{7799AB02-3767-4B20-8FEE-F054513F4A64}.Debug|Any CPU.ActiveCfg = Debug|Any CPU
		{7799AB02-3767-4B20-8FEE-F054513F4A64}.Debug|Any CPU.Build.0 = Debug|Any CPU
		{7799AB02-3767-4B20-8FEE-F054513F4A64}.Release|Any CPU.ActiveCfg = Release|Any CPU
		{7799AB02-3767-4B20-8FEE-F054513F4A64}.Release|Any CPU.Build.0 = Release|Any CPU
		{53AF5BB6-A6E9-4921-9DA1-4E15D924EC82}.Debug|Any CPU.ActiveCfg = Debug|Any CPU
		{53AF5BB6-A6E9-4921-9DA1-4E15D924EC82}.Debug|Any CPU.Build.0 = Debug|Any CPU
		{53AF5BB6-A6E9-4921-9DA1-4E15D924EC82}.Release|Any CPU.ActiveCfg = Release|Any CPU
		{53AF5BB6-A6E9-4921-9DA1-4E15D924EC82}.Release|Any CPU.Build.0 = Release|Any CPU
		{7F66880D-A0AB-4AE4-9960-8C0AD55BC4FD}.Debug|Any CPU.ActiveCfg = Debug|Any CPU
		{7F66880D-A0AB-4AE4-9960-8C0AD55BC4FD}.Debug|Any CPU.Build.0 = Debug|Any CPU
		{7F66880D-A0AB-4AE4-9960-8C0AD55BC4FD}.Release|Any CPU.ActiveCfg = Release|Any CPU
		{7F66880D-A0AB-4AE4-9960-8C0AD55BC4FD}.Release|Any CPU.Build.0 = Release|Any CPU
		{556BD5AE-B174-43FE-A3AC-E33F133904EF}.Debug|Any CPU.ActiveCfg = Debug|Any CPU
		{556BD5AE-B174-43FE-A3AC-E33F133904EF}.Debug|Any CPU.Build.0 = Debug|Any CPU
		{556BD5AE-B174-43FE-A3AC-E33F133904EF}.Release|Any CPU.ActiveCfg = Release|Any CPU
		{556BD5AE-B174-43FE-A3AC-E33F133904EF}.Release|Any CPU.Build.0 = Release|Any CPU
		{419846BA-BE22-4404-87BB-5D16AA325710}.Debug|Any CPU.ActiveCfg = Debug|Any CPU
		{419846BA-BE22-4404-87BB-5D16AA325710}.Debug|Any CPU.Build.0 = Debug|Any CPU
		{419846BA-BE22-4404-87BB-5D16AA325710}.Release|Any CPU.ActiveCfg = Release|Any CPU
		{419846BA-BE22-4404-87BB-5D16AA325710}.Release|Any CPU.Build.0 = Release|Any CPU
		{431420FA-5010-4934-85FA-FEA0D0531643}.Debug|Any CPU.ActiveCfg = Debug|Any CPU
		{431420FA-5010-4934-85FA-FEA0D0531643}.Debug|Any CPU.Build.0 = Debug|Any CPU
		{431420FA-5010-4934-85FA-FEA0D0531643}.Release|Any CPU.ActiveCfg = Release|Any CPU
		{431420FA-5010-4934-85FA-FEA0D0531643}.Release|Any CPU.Build.0 = Release|Any CPU
		{65BDB39F-B8DC-4E5F-A65A-AEAD39B5400C}.Debug|Any CPU.ActiveCfg = Debug|Any CPU
		{65BDB39F-B8DC-4E5F-A65A-AEAD39B5400C}.Debug|Any CPU.Build.0 = Debug|Any CPU
		{65BDB39F-B8DC-4E5F-A65A-AEAD39B5400C}.Release|Any CPU.ActiveCfg = Release|Any CPU
		{65BDB39F-B8DC-4E5F-A65A-AEAD39B5400C}.Release|Any CPU.Build.0 = Release|Any CPU
		{C23763B9-7664-46B2-AABC-78890F71DC98}.Debug|Any CPU.ActiveCfg = Debug|Any CPU
		{C23763B9-7664-46B2-AABC-78890F71DC98}.Debug|Any CPU.Build.0 = Debug|Any CPU
		{C23763B9-7664-46B2-AABC-78890F71DC98}.Release|Any CPU.ActiveCfg = Release|Any CPU
		{C23763B9-7664-46B2-AABC-78890F71DC98}.Release|Any CPU.Build.0 = Release|Any CPU
		{8C709679-1452-4E7C-BE81-EBD49AE3776E}.Debug|Any CPU.ActiveCfg = Debug|Any CPU
		{8C709679-1452-4E7C-BE81-EBD49AE3776E}.Debug|Any CPU.Build.0 = Debug|Any CPU
		{8C709679-1452-4E7C-BE81-EBD49AE3776E}.Release|Any CPU.ActiveCfg = Release|Any CPU
		{8C709679-1452-4E7C-BE81-EBD49AE3776E}.Release|Any CPU.Build.0 = Release|Any CPU
		{9F5732BB-2F6F-429C-891E-1ACD7A9F92F6}.Debug|Any CPU.ActiveCfg = Debug|Any CPU
		{9F5732BB-2F6F-429C-891E-1ACD7A9F92F6}.Debug|Any CPU.Build.0 = Debug|Any CPU
		{9F5732BB-2F6F-429C-891E-1ACD7A9F92F6}.Release|Any CPU.ActiveCfg = Release|Any CPU
		{9F5732BB-2F6F-429C-891E-1ACD7A9F92F6}.Release|Any CPU.Build.0 = Release|Any CPU
		{5279A7FF-06E3-4E94-AC69-927C119960C9}.Debug|Any CPU.ActiveCfg = Debug|Any CPU
		{5279A7FF-06E3-4E94-AC69-927C119960C9}.Debug|Any CPU.Build.0 = Debug|Any CPU
		{5279A7FF-06E3-4E94-AC69-927C119960C9}.Release|Any CPU.ActiveCfg = Release|Any CPU
		{5279A7FF-06E3-4E94-AC69-927C119960C9}.Release|Any CPU.Build.0 = Release|Any CPU
		{02D126F9-9194-41E1-B0B1-6F6A7B24D284}.Debug|Any CPU.ActiveCfg = Debug|Any CPU
		{02D126F9-9194-41E1-B0B1-6F6A7B24D284}.Debug|Any CPU.Build.0 = Debug|Any CPU
		{02D126F9-9194-41E1-B0B1-6F6A7B24D284}.Release|Any CPU.ActiveCfg = Release|Any CPU
		{02D126F9-9194-41E1-B0B1-6F6A7B24D284}.Release|Any CPU.Build.0 = Release|Any CPU
		{300F5F5F-396E-4C20-ADED-A1F7A310DFC6}.Debug|Any CPU.ActiveCfg = Debug|Any CPU
		{300F5F5F-396E-4C20-ADED-A1F7A310DFC6}.Debug|Any CPU.Build.0 = Debug|Any CPU
		{300F5F5F-396E-4C20-ADED-A1F7A310DFC6}.Release|Any CPU.ActiveCfg = Release|Any CPU
		{300F5F5F-396E-4C20-ADED-A1F7A310DFC6}.Release|Any CPU.Build.0 = Release|Any CPU
		{CA0CF710-FD99-4403-AED0-3A3EA8F923E6}.Debug|Any CPU.ActiveCfg = Debug|Any CPU
		{CA0CF710-FD99-4403-AED0-3A3EA8F923E6}.Debug|Any CPU.Build.0 = Debug|Any CPU
		{CA0CF710-FD99-4403-AED0-3A3EA8F923E6}.Release|Any CPU.ActiveCfg = Release|Any CPU
		{CA0CF710-FD99-4403-AED0-3A3EA8F923E6}.Release|Any CPU.Build.0 = Release|Any CPU
		{FC5D829B-4C69-4899-B1E5-320437C16FA6}.Debug|Any CPU.ActiveCfg = Debug|Any CPU
		{FC5D829B-4C69-4899-B1E5-320437C16FA6}.Debug|Any CPU.Build.0 = Debug|Any CPU
		{FC5D829B-4C69-4899-B1E5-320437C16FA6}.Release|Any CPU.ActiveCfg = Release|Any CPU
		{FC5D829B-4C69-4899-B1E5-320437C16FA6}.Release|Any CPU.Build.0 = Release|Any CPU
		{5529CF27-5FA9-4427-BD22-97A219B7411C}.Debug|Any CPU.ActiveCfg = Debug|Any CPU
		{5529CF27-5FA9-4427-BD22-97A219B7411C}.Debug|Any CPU.Build.0 = Debug|Any CPU
		{5529CF27-5FA9-4427-BD22-97A219B7411C}.Release|Any CPU.ActiveCfg = Release|Any CPU
		{5529CF27-5FA9-4427-BD22-97A219B7411C}.Release|Any CPU.Build.0 = Release|Any CPU
		{9886B2CB-A80D-4BF9-8050-CEE727403680}.Debug|Any CPU.ActiveCfg = Debug|Any CPU
		{9886B2CB-A80D-4BF9-8050-CEE727403680}.Debug|Any CPU.Build.0 = Debug|Any CPU
		{9886B2CB-A80D-4BF9-8050-CEE727403680}.Release|Any CPU.ActiveCfg = Release|Any CPU
		{9886B2CB-A80D-4BF9-8050-CEE727403680}.Release|Any CPU.Build.0 = Release|Any CPU
		{92DA60C8-40CE-4D94-965E-299893D2300B}.Debug|Any CPU.ActiveCfg = Debug|Any CPU
		{92DA60C8-40CE-4D94-965E-299893D2300B}.Debug|Any CPU.Build.0 = Debug|Any CPU
		{92DA60C8-40CE-4D94-965E-299893D2300B}.Release|Any CPU.ActiveCfg = Release|Any CPU
		{92DA60C8-40CE-4D94-965E-299893D2300B}.Release|Any CPU.Build.0 = Release|Any CPU
		{E0986F5B-4366-4BDB-B9E4-EEFC54C8E8DD}.Debug|Any CPU.ActiveCfg = Debug|Any CPU
		{E0986F5B-4366-4BDB-B9E4-EEFC54C8E8DD}.Debug|Any CPU.Build.0 = Debug|Any CPU
		{E0986F5B-4366-4BDB-B9E4-EEFC54C8E8DD}.Release|Any CPU.ActiveCfg = Release|Any CPU
		{E0986F5B-4366-4BDB-B9E4-EEFC54C8E8DD}.Release|Any CPU.Build.0 = Release|Any CPU
		{6B1DDB0E-829F-48A7-AF14-14513DF38BF3}.Debug|Any CPU.ActiveCfg = Debug|Any CPU
		{6B1DDB0E-829F-48A7-AF14-14513DF38BF3}.Debug|Any CPU.Build.0 = Debug|Any CPU
		{6B1DDB0E-829F-48A7-AF14-14513DF38BF3}.Release|Any CPU.ActiveCfg = Release|Any CPU
		{6B1DDB0E-829F-48A7-AF14-14513DF38BF3}.Release|Any CPU.Build.0 = Release|Any CPU
		{9E3FC1EB-309C-4CCA-AC5E-D3E15B437826}.Debug|Any CPU.ActiveCfg = Debug|Any CPU
		{9E3FC1EB-309C-4CCA-AC5E-D3E15B437826}.Debug|Any CPU.Build.0 = Debug|Any CPU
		{9E3FC1EB-309C-4CCA-AC5E-D3E15B437826}.Release|Any CPU.ActiveCfg = Release|Any CPU
		{9E3FC1EB-309C-4CCA-AC5E-D3E15B437826}.Release|Any CPU.Build.0 = Release|Any CPU
		{2207CB5B-C925-4FCE-B32C-C321F127E9FC}.Debug|Any CPU.ActiveCfg = Debug|Any CPU
		{2207CB5B-C925-4FCE-B32C-C321F127E9FC}.Debug|Any CPU.Build.0 = Debug|Any CPU
		{2207CB5B-C925-4FCE-B32C-C321F127E9FC}.Release|Any CPU.ActiveCfg = Release|Any CPU
		{2207CB5B-C925-4FCE-B32C-C321F127E9FC}.Release|Any CPU.Build.0 = Release|Any CPU
		{218A921E-9684-4F16-B5F7-061773DF6A3A}.Debug|Any CPU.ActiveCfg = Debug|Any CPU
		{218A921E-9684-4F16-B5F7-061773DF6A3A}.Debug|Any CPU.Build.0 = Debug|Any CPU
		{218A921E-9684-4F16-B5F7-061773DF6A3A}.Release|Any CPU.ActiveCfg = Release|Any CPU
		{218A921E-9684-4F16-B5F7-061773DF6A3A}.Release|Any CPU.Build.0 = Release|Any CPU
		{10C10905-113C-407D-8FB5-1ACFA3580046}.Debug|Any CPU.ActiveCfg = Debug|Any CPU
		{10C10905-113C-407D-8FB5-1ACFA3580046}.Debug|Any CPU.Build.0 = Debug|Any CPU
		{10C10905-113C-407D-8FB5-1ACFA3580046}.Release|Any CPU.ActiveCfg = Release|Any CPU
		{10C10905-113C-407D-8FB5-1ACFA3580046}.Release|Any CPU.Build.0 = Release|Any CPU
		{DF9EBD7E-88C6-43AA-8B1B-5569ECA6F33A}.Debug|Any CPU.ActiveCfg = Debug|Any CPU
		{DF9EBD7E-88C6-43AA-8B1B-5569ECA6F33A}.Debug|Any CPU.Build.0 = Debug|Any CPU
		{DF9EBD7E-88C6-43AA-8B1B-5569ECA6F33A}.Release|Any CPU.ActiveCfg = Release|Any CPU
		{DF9EBD7E-88C6-43AA-8B1B-5569ECA6F33A}.Release|Any CPU.Build.0 = Release|Any CPU
		{FA0F7519-1412-4721-9528-4975C4AD94DB}.Debug|Any CPU.ActiveCfg = Debug|Any CPU
		{FA0F7519-1412-4721-9528-4975C4AD94DB}.Debug|Any CPU.Build.0 = Debug|Any CPU
		{FA0F7519-1412-4721-9528-4975C4AD94DB}.Release|Any CPU.ActiveCfg = Release|Any CPU
		{FA0F7519-1412-4721-9528-4975C4AD94DB}.Release|Any CPU.Build.0 = Release|Any CPU
		{9597381D-8760-4287-8492-5DEA3C28FFF9}.Debug|Any CPU.ActiveCfg = Debug|Any CPU
		{9597381D-8760-4287-8492-5DEA3C28FFF9}.Debug|Any CPU.Build.0 = Debug|Any CPU
		{9597381D-8760-4287-8492-5DEA3C28FFF9}.Release|Any CPU.ActiveCfg = Release|Any CPU
		{9597381D-8760-4287-8492-5DEA3C28FFF9}.Release|Any CPU.Build.0 = Release|Any CPU
		{9CD13F7A-67D2-439B-B6B0-BD3B9B085822}.Debug|Any CPU.ActiveCfg = Debug|Any CPU
		{9CD13F7A-67D2-439B-B6B0-BD3B9B085822}.Debug|Any CPU.Build.0 = Debug|Any CPU
		{9CD13F7A-67D2-439B-B6B0-BD3B9B085822}.Release|Any CPU.ActiveCfg = Release|Any CPU
		{9CD13F7A-67D2-439B-B6B0-BD3B9B085822}.Release|Any CPU.Build.0 = Release|Any CPU
		{6823340F-CEB7-4A9C-B921-36E350C5D24F}.Debug|Any CPU.ActiveCfg = Debug|Any CPU
		{6823340F-CEB7-4A9C-B921-36E350C5D24F}.Debug|Any CPU.Build.0 = Debug|Any CPU
		{6823340F-CEB7-4A9C-B921-36E350C5D24F}.Release|Any CPU.ActiveCfg = Release|Any CPU
		{6823340F-CEB7-4A9C-B921-36E350C5D24F}.Release|Any CPU.Build.0 = Release|Any CPU
		{2EEDE4D8-FF3F-4ECE-B3C5-B1FA4A547D24}.Debug|Any CPU.ActiveCfg = Debug|Any CPU
		{2EEDE4D8-FF3F-4ECE-B3C5-B1FA4A547D24}.Debug|Any CPU.Build.0 = Debug|Any CPU
		{2EEDE4D8-FF3F-4ECE-B3C5-B1FA4A547D24}.Release|Any CPU.ActiveCfg = Release|Any CPU
		{2EEDE4D8-FF3F-4ECE-B3C5-B1FA4A547D24}.Release|Any CPU.Build.0 = Release|Any CPU
		{429BB18D-A411-426C-9425-AA325BC3200D}.Debug|Any CPU.ActiveCfg = Debug|Any CPU
		{429BB18D-A411-426C-9425-AA325BC3200D}.Debug|Any CPU.Build.0 = Debug|Any CPU
		{429BB18D-A411-426C-9425-AA325BC3200D}.Release|Any CPU.ActiveCfg = Release|Any CPU
		{429BB18D-A411-426C-9425-AA325BC3200D}.Release|Any CPU.Build.0 = Release|Any CPU
		{5AF7B635-946B-493A-8141-82FF29F67222}.Debug|Any CPU.ActiveCfg = Debug|Any CPU
		{5AF7B635-946B-493A-8141-82FF29F67222}.Debug|Any CPU.Build.0 = Debug|Any CPU
		{5AF7B635-946B-493A-8141-82FF29F67222}.Release|Any CPU.ActiveCfg = Release|Any CPU
		{5AF7B635-946B-493A-8141-82FF29F67222}.Release|Any CPU.Build.0 = Release|Any CPU
		{873F80F3-ECEC-4010-B3B7-898FE34CA8FF}.Debug|Any CPU.ActiveCfg = Debug|Any CPU
		{873F80F3-ECEC-4010-B3B7-898FE34CA8FF}.Debug|Any CPU.Build.0 = Debug|Any CPU
		{873F80F3-ECEC-4010-B3B7-898FE34CA8FF}.Release|Any CPU.ActiveCfg = Release|Any CPU
		{873F80F3-ECEC-4010-B3B7-898FE34CA8FF}.Release|Any CPU.Build.0 = Release|Any CPU
		{F39B896E-27CA-4A77-A93C-7E69A292F03C}.Debug|Any CPU.ActiveCfg = Debug|Any CPU
		{F39B896E-27CA-4A77-A93C-7E69A292F03C}.Debug|Any CPU.Build.0 = Debug|Any CPU
		{F39B896E-27CA-4A77-A93C-7E69A292F03C}.Release|Any CPU.ActiveCfg = Release|Any CPU
		{F39B896E-27CA-4A77-A93C-7E69A292F03C}.Release|Any CPU.Build.0 = Release|Any CPU
		{D697A584-EA12-4F8F-A3F8-E6131B371B8F}.Debug|Any CPU.ActiveCfg = Debug|Any CPU
		{D697A584-EA12-4F8F-A3F8-E6131B371B8F}.Debug|Any CPU.Build.0 = Debug|Any CPU
		{D697A584-EA12-4F8F-A3F8-E6131B371B8F}.Release|Any CPU.ActiveCfg = Release|Any CPU
		{D697A584-EA12-4F8F-A3F8-E6131B371B8F}.Release|Any CPU.Build.0 = Release|Any CPU
		{480AE30A-A671-4DFB-B497-E6866518BEFA}.Debug|Any CPU.ActiveCfg = Debug|Any CPU
		{480AE30A-A671-4DFB-B497-E6866518BEFA}.Debug|Any CPU.Build.0 = Debug|Any CPU
		{480AE30A-A671-4DFB-B497-E6866518BEFA}.Release|Any CPU.ActiveCfg = Release|Any CPU
		{480AE30A-A671-4DFB-B497-E6866518BEFA}.Release|Any CPU.Build.0 = Release|Any CPU
		{07079D6C-04F5-4EC6-9D88-14E9806393AE}.Debug|Any CPU.ActiveCfg = Debug|Any CPU
		{07079D6C-04F5-4EC6-9D88-14E9806393AE}.Debug|Any CPU.Build.0 = Debug|Any CPU
		{07079D6C-04F5-4EC6-9D88-14E9806393AE}.Release|Any CPU.ActiveCfg = Release|Any CPU
		{07079D6C-04F5-4EC6-9D88-14E9806393AE}.Release|Any CPU.Build.0 = Release|Any CPU
		{0044B98D-EA22-4A00-B6AC-E913A0717674}.Debug|Any CPU.ActiveCfg = Debug|Any CPU
		{0044B98D-EA22-4A00-B6AC-E913A0717674}.Debug|Any CPU.Build.0 = Debug|Any CPU
		{0044B98D-EA22-4A00-B6AC-E913A0717674}.Release|Any CPU.ActiveCfg = Release|Any CPU
		{0044B98D-EA22-4A00-B6AC-E913A0717674}.Release|Any CPU.Build.0 = Release|Any CPU
		{288EAC4A-FB7F-44D1-BDB4-22A15647732A}.Debug|Any CPU.ActiveCfg = Debug|Any CPU
		{288EAC4A-FB7F-44D1-BDB4-22A15647732A}.Debug|Any CPU.Build.0 = Debug|Any CPU
		{288EAC4A-FB7F-44D1-BDB4-22A15647732A}.Release|Any CPU.ActiveCfg = Release|Any CPU
		{288EAC4A-FB7F-44D1-BDB4-22A15647732A}.Release|Any CPU.Build.0 = Release|Any CPU
		{4D6A7FF1-24B8-42B7-99BC-85FBF4084D4A}.Debug|Any CPU.ActiveCfg = Debug|Any CPU
		{4D6A7FF1-24B8-42B7-99BC-85FBF4084D4A}.Debug|Any CPU.Build.0 = Debug|Any CPU
		{4D6A7FF1-24B8-42B7-99BC-85FBF4084D4A}.Release|Any CPU.ActiveCfg = Release|Any CPU
		{4D6A7FF1-24B8-42B7-99BC-85FBF4084D4A}.Release|Any CPU.Build.0 = Release|Any CPU
		{0B28157D-87EB-4EF8-8E18-980E90F05BB1}.Debug|Any CPU.ActiveCfg = Debug|Any CPU
		{0B28157D-87EB-4EF8-8E18-980E90F05BB1}.Debug|Any CPU.Build.0 = Debug|Any CPU
		{0B28157D-87EB-4EF8-8E18-980E90F05BB1}.Release|Any CPU.ActiveCfg = Release|Any CPU
		{0B28157D-87EB-4EF8-8E18-980E90F05BB1}.Release|Any CPU.Build.0 = Release|Any CPU
		{2C4279BD-E6C6-40C4-A511-B3CA8EA56570}.Debug|Any CPU.ActiveCfg = Debug|Any CPU
		{2C4279BD-E6C6-40C4-A511-B3CA8EA56570}.Debug|Any CPU.Build.0 = Debug|Any CPU
		{2C4279BD-E6C6-40C4-A511-B3CA8EA56570}.Release|Any CPU.ActiveCfg = Release|Any CPU
		{2C4279BD-E6C6-40C4-A511-B3CA8EA56570}.Release|Any CPU.Build.0 = Release|Any CPU
		{7D2D6595-2A64-49AF-B13D-B16C78BCAA95}.Debug|Any CPU.ActiveCfg = Debug|Any CPU
		{7D2D6595-2A64-49AF-B13D-B16C78BCAA95}.Debug|Any CPU.Build.0 = Debug|Any CPU
		{7D2D6595-2A64-49AF-B13D-B16C78BCAA95}.Release|Any CPU.ActiveCfg = Release|Any CPU
		{7D2D6595-2A64-49AF-B13D-B16C78BCAA95}.Release|Any CPU.Build.0 = Release|Any CPU
		{E9AA41AD-F0B8-4368-A471-8A3B70228A58}.Debug|Any CPU.ActiveCfg = Debug|Any CPU
		{E9AA41AD-F0B8-4368-A471-8A3B70228A58}.Debug|Any CPU.Build.0 = Debug|Any CPU
		{E9AA41AD-F0B8-4368-A471-8A3B70228A58}.Release|Any CPU.ActiveCfg = Release|Any CPU
		{E9AA41AD-F0B8-4368-A471-8A3B70228A58}.Release|Any CPU.Build.0 = Release|Any CPU
		{666E31D3-7A65-4853-915E-3E5FD950FB8D}.Debug|Any CPU.ActiveCfg = Debug|Any CPU
		{666E31D3-7A65-4853-915E-3E5FD950FB8D}.Debug|Any CPU.Build.0 = Debug|Any CPU
		{666E31D3-7A65-4853-915E-3E5FD950FB8D}.Release|Any CPU.ActiveCfg = Release|Any CPU
		{666E31D3-7A65-4853-915E-3E5FD950FB8D}.Release|Any CPU.Build.0 = Release|Any CPU
		{479D0549-3914-4531-A6DE-C3041CC448CD}.Debug|Any CPU.ActiveCfg = Debug|Any CPU
		{479D0549-3914-4531-A6DE-C3041CC448CD}.Debug|Any CPU.Build.0 = Debug|Any CPU
		{479D0549-3914-4531-A6DE-C3041CC448CD}.Release|Any CPU.ActiveCfg = Release|Any CPU
		{479D0549-3914-4531-A6DE-C3041CC448CD}.Release|Any CPU.Build.0 = Release|Any CPU
		{38C36678-D77F-49DF-8888-8D0A2B5F2DF8}.Debug|Any CPU.ActiveCfg = Debug|Any CPU
		{38C36678-D77F-49DF-8888-8D0A2B5F2DF8}.Debug|Any CPU.Build.0 = Debug|Any CPU
		{38C36678-D77F-49DF-8888-8D0A2B5F2DF8}.Release|Any CPU.ActiveCfg = Release|Any CPU
		{38C36678-D77F-49DF-8888-8D0A2B5F2DF8}.Release|Any CPU.Build.0 = Release|Any CPU
		{63C4A585-298B-4633-9634-758BE30F0DE0}.Debug|Any CPU.ActiveCfg = Debug|Any CPU
		{63C4A585-298B-4633-9634-758BE30F0DE0}.Debug|Any CPU.Build.0 = Debug|Any CPU
		{63C4A585-298B-4633-9634-758BE30F0DE0}.Release|Any CPU.ActiveCfg = Release|Any CPU
		{63C4A585-298B-4633-9634-758BE30F0DE0}.Release|Any CPU.Build.0 = Release|Any CPU
		{71C325AE-DE30-435C-8A7F-D1810AB19299}.Debug|Any CPU.ActiveCfg = Debug|Any CPU
		{71C325AE-DE30-435C-8A7F-D1810AB19299}.Debug|Any CPU.Build.0 = Debug|Any CPU
		{71C325AE-DE30-435C-8A7F-D1810AB19299}.Release|Any CPU.ActiveCfg = Release|Any CPU
		{71C325AE-DE30-435C-8A7F-D1810AB19299}.Release|Any CPU.Build.0 = Release|Any CPU
		{D6ADD939-520F-4746-B440-7E88F5676A95}.Debug|Any CPU.ActiveCfg = Debug|Any CPU
		{D6ADD939-520F-4746-B440-7E88F5676A95}.Debug|Any CPU.Build.0 = Debug|Any CPU
		{D6ADD939-520F-4746-B440-7E88F5676A95}.Release|Any CPU.ActiveCfg = Release|Any CPU
		{D6ADD939-520F-4746-B440-7E88F5676A95}.Release|Any CPU.Build.0 = Release|Any CPU
		{0F65CEA7-B56C-4950-AB07-7FB630704470}.Debug|Any CPU.ActiveCfg = Debug|Any CPU
		{0F65CEA7-B56C-4950-AB07-7FB630704470}.Debug|Any CPU.Build.0 = Debug|Any CPU
		{0F65CEA7-B56C-4950-AB07-7FB630704470}.Release|Any CPU.ActiveCfg = Release|Any CPU
		{0F65CEA7-B56C-4950-AB07-7FB630704470}.Release|Any CPU.Build.0 = Release|Any CPU
	EndGlobalSection
	GlobalSection(SolutionProperties) = preSolution
		HideSolutionNode = FALSE
	EndGlobalSection
	GlobalSection(NestedProjects) = preSolution
		{9BD24E47-97AB-418A-B0DD-1D2B7EEE5FF7} = {05F6FE70-0741-44A2-AF2F-91C05494FBD5}
		{25958C01-F40B-4792-B42B-49004234E813} = {05F6FE70-0741-44A2-AF2F-91C05494FBD5}
		{22316D85-7468-4A9E-91D3-2EA55B76AAB9} = {05F6FE70-0741-44A2-AF2F-91C05494FBD5}
		{748BDEA4-4A74-43A3-82DD-833746732852} = {1B72F5D1-010E-49C7-9DAD-2EF50B1F7733}
		{BC7E6D32-F524-4357-BAA0-52FF89E36CC8} = {AF53619A-4C85-4E1E-A459-4F8E63C82174}
		{06884C2F-9AAA-4523-B29F-7C3708D67924} = {AF53619A-4C85-4E1E-A459-4F8E63C82174}
		{72B3019F-4B50-4029-91F6-F66A40A47597} = {5E3E3104-3DFD-454C-BE81-B96E8F687CB5}
		{71ED0BD5-0AB2-4D5C-8334-A588A0032CB1} = {5E3E3104-3DFD-454C-BE81-B96E8F687CB5}
		{1DEA3715-7532-4A57-A8CF-B5E2DDF73AC2} = {AF53619A-4C85-4E1E-A459-4F8E63C82174}
		{6281C57E-C483-44DE-A9AB-A2D1FFDB97E1} = {AF53619A-4C85-4E1E-A459-4F8E63C82174}
		{AF3C0FD4-88C9-4139-A23B-AF76C1BC1365} = {AF53619A-4C85-4E1E-A459-4F8E63C82174}
		{2C1FCE8E-48B5-43DD-9EDA-EEB1E46DFFA8} = {5E3E3104-3DFD-454C-BE81-B96E8F687CB5}
		{A71C4381-D2A0-4E44-B65E-5367A62B1B65} = {5E3E3104-3DFD-454C-BE81-B96E8F687CB5}
		{F85723CB-5317-464F-B7BE-68103C87E08F} = {5E3E3104-3DFD-454C-BE81-B96E8F687CB5}
		{6EEDE147-B8C5-4C04-86FC-294A16CB9906} = {EBA634A1-F599-4CB3-955A-5C563EF10666}
		{BF280EFA-CCCF-4E8A-853E-03D81D8A9747} = {EBA634A1-F599-4CB3-955A-5C563EF10666}
		{36476E43-CC71-40B2-9DFB-0944E76FE42C} = {900E0D6B-3A4A-437F-9327-BE4FC03FC5A5}
		{5C782E4E-8DA0-4BAE-94D8-E0423BB0BF75} = {18D26586-A543-40EC-AFAB-645CCF61F483}
		{DAE5DE1F-8046-4D0D-8C7B-2B2C29FC2E30} = {18D26586-A543-40EC-AFAB-645CCF61F483}
		{38A803B2-4D20-452A-B663-1DE74C22A218} = {900E0D6B-3A4A-437F-9327-BE4FC03FC5A5}
		{D79C7F4A-875D-4B0F-B475-C429E03ECEC6} = {900E0D6B-3A4A-437F-9327-BE4FC03FC5A5}
		{A2FEA99E-C1EF-4144-AAC7-A75F41C17746} = {900E0D6B-3A4A-437F-9327-BE4FC03FC5A5}
		{32ECD1B7-2B93-4BC3-BD70-21DDBFDFD6E4} = {CD0426EA-4957-46C4-A9D5-0486FFFCC13F}
		{9755A752-C9D1-4F42-A946-6CE4EE422C45} = {CD0426EA-4957-46C4-A9D5-0486FFFCC13F}
		{0BD29348-A4D1-4861-8CE5-B5B376755D5D} = {CD0426EA-4957-46C4-A9D5-0486FFFCC13F}
		{7F59F946-5BC4-40BF-BE12-87A018A6BC6A} = {CD0426EA-4957-46C4-A9D5-0486FFFCC13F}
		{1849DA77-27E7-46DD-877C-0FFAFA9B2B6F} = {18D26586-A543-40EC-AFAB-645CCF61F483}
		{8E8FC44B-80A1-4137-81A4-8CBDCCA72394} = {18D26586-A543-40EC-AFAB-645CCF61F483}
		{0FC42CE4-0531-4219-8296-1042142622EF} = {18D26586-A543-40EC-AFAB-645CCF61F483}
		{8315CA8C-0E60-4D45-B8FC-EAAEA085BAA7} = {18D26586-A543-40EC-AFAB-645CCF61F483}
		{A998ADD1-11CF-4EA5-A341-50CE60B49BA0} = {18D26586-A543-40EC-AFAB-645CCF61F483}
		{7799AB02-3767-4B20-8FEE-F054513F4A64} = {18D26586-A543-40EC-AFAB-645CCF61F483}
		{53AF5BB6-A6E9-4921-9DA1-4E15D924EC82} = {18D26586-A543-40EC-AFAB-645CCF61F483}
		{7F66880D-A0AB-4AE4-9960-8C0AD55BC4FD} = {18D26586-A543-40EC-AFAB-645CCF61F483}
		{556BD5AE-B174-43FE-A3AC-E33F133904EF} = {A9312E6A-4B37-47F0-9DE3-947A5731833E}
		{419846BA-BE22-4404-87BB-5D16AA325710} = {A9312E6A-4B37-47F0-9DE3-947A5731833E}
		{431420FA-5010-4934-85FA-FEA0D0531643} = {A9312E6A-4B37-47F0-9DE3-947A5731833E}
		{65BDB39F-B8DC-4E5F-A65A-AEAD39B5400C} = {A9312E6A-4B37-47F0-9DE3-947A5731833E}
		{C23763B9-7664-46B2-AABC-78890F71DC98} = {A9312E6A-4B37-47F0-9DE3-947A5731833E}
		{8C709679-1452-4E7C-BE81-EBD49AE3776E} = {A9312E6A-4B37-47F0-9DE3-947A5731833E}
		{9F5732BB-2F6F-429C-891E-1ACD7A9F92F6} = {A9312E6A-4B37-47F0-9DE3-947A5731833E}
		{5279A7FF-06E3-4E94-AC69-927C119960C9} = {A9312E6A-4B37-47F0-9DE3-947A5731833E}
		{02D126F9-9194-41E1-B0B1-6F6A7B24D284} = {9CA9DCBA-34C3-468C-A51D-21974F54149D}
		{300F5F5F-396E-4C20-ADED-A1F7A310DFC6} = {9CA9DCBA-34C3-468C-A51D-21974F54149D}
		{CA0CF710-FD99-4403-AED0-3A3EA8F923E6} = {900E0D6B-3A4A-437F-9327-BE4FC03FC5A5}
		{FC5D829B-4C69-4899-B1E5-320437C16FA6} = {7E123828-E966-48BA-B898-331F74E4650C}
		{5529CF27-5FA9-4427-BD22-97A219B7411C} = {7E123828-E966-48BA-B898-331F74E4650C}
		{9886B2CB-A80D-4BF9-8050-CEE727403680} = {7F00A04D-FB56-4E23-9761-75E9AECE1CA6}
		{92DA60C8-40CE-4D94-965E-299893D2300B} = {7F00A04D-FB56-4E23-9761-75E9AECE1CA6}
		{E0986F5B-4366-4BDB-B9E4-EEFC54C8E8DD} = {7F00A04D-FB56-4E23-9761-75E9AECE1CA6}
		{9E3FC1EB-309C-4CCA-AC5E-D3E15B437826} = {18D26586-A543-40EC-AFAB-645CCF61F483}
		{05F6FE70-0741-44A2-AF2F-91C05494FBD5} = {9CA9DCBA-34C3-468C-A51D-21974F54149D}
		{EBA634A1-F599-4CB3-955A-5C563EF10666} = {9CA9DCBA-34C3-468C-A51D-21974F54149D}
		{AF53619A-4C85-4E1E-A459-4F8E63C82174} = {9CA9DCBA-34C3-468C-A51D-21974F54149D}
		{5E3E3104-3DFD-454C-BE81-B96E8F687CB5} = {9CA9DCBA-34C3-468C-A51D-21974F54149D}
		{C9527B28-F9B5-4B27-86BE-C3E0F85B373A} = {9CA9DCBA-34C3-468C-A51D-21974F54149D}
		{1B72F5D1-010E-49C7-9DAD-2EF50B1F7733} = {9CA9DCBA-34C3-468C-A51D-21974F54149D}
		{218A921E-9684-4F16-B5F7-061773DF6A3A} = {C9527B28-F9B5-4B27-86BE-C3E0F85B373A}
		{10C10905-113C-407D-8FB5-1ACFA3580046} = {C9527B28-F9B5-4B27-86BE-C3E0F85B373A}
		{DF9EBD7E-88C6-43AA-8B1B-5569ECA6F33A} = {C9527B28-F9B5-4B27-86BE-C3E0F85B373A}
		{FA0F7519-1412-4721-9528-4975C4AD94DB} = {C9527B28-F9B5-4B27-86BE-C3E0F85B373A}
		{9597381D-8760-4287-8492-5DEA3C28FFF9} = {C9527B28-F9B5-4B27-86BE-C3E0F85B373A}
		{18D26586-A543-40EC-AFAB-645CCF61F483} = {900E0D6B-3A4A-437F-9327-BE4FC03FC5A5}
		{A9312E6A-4B37-47F0-9DE3-947A5731833E} = {900E0D6B-3A4A-437F-9327-BE4FC03FC5A5}
		{4D0BBF41-9F4E-40D7-8B4C-75A759FB51EF} = {900E0D6B-3A4A-437F-9327-BE4FC03FC5A5}
		{CD0426EA-4957-46C4-A9D5-0486FFFCC13F} = {900E0D6B-3A4A-437F-9327-BE4FC03FC5A5}
		{9CD13F7A-67D2-439B-B6B0-BD3B9B085822} = {4D0BBF41-9F4E-40D7-8B4C-75A759FB51EF}
		{6823340F-CEB7-4A9C-B921-36E350C5D24F} = {4D0BBF41-9F4E-40D7-8B4C-75A759FB51EF}
		{2EEDE4D8-FF3F-4ECE-B3C5-B1FA4A547D24} = {4D0BBF41-9F4E-40D7-8B4C-75A759FB51EF}
		{429BB18D-A411-426C-9425-AA325BC3200D} = {4D0BBF41-9F4E-40D7-8B4C-75A759FB51EF}
		{5AF7B635-946B-493A-8141-82FF29F67222} = {4D0BBF41-9F4E-40D7-8B4C-75A759FB51EF}
		{873F80F3-ECEC-4010-B3B7-898FE34CA8FF} = {4D0BBF41-9F4E-40D7-8B4C-75A759FB51EF}
		{F39B896E-27CA-4A77-A93C-7E69A292F03C} = {4D0BBF41-9F4E-40D7-8B4C-75A759FB51EF}
		{D697A584-EA12-4F8F-A3F8-E6131B371B8F} = {4D0BBF41-9F4E-40D7-8B4C-75A759FB51EF}
		{A958BB76-C363-4C92-9FB3-DC04F08E31F2} = {900E0D6B-3A4A-437F-9327-BE4FC03FC5A5}
		{480AE30A-A671-4DFB-B497-E6866518BEFA} = {A958BB76-C363-4C92-9FB3-DC04F08E31F2}
		{07079D6C-04F5-4EC6-9D88-14E9806393AE} = {A958BB76-C363-4C92-9FB3-DC04F08E31F2}
		{0044B98D-EA22-4A00-B6AC-E913A0717674} = {A958BB76-C363-4C92-9FB3-DC04F08E31F2}
		{BB980730-81EF-4E1B-8B0D-56A8F3284A2E} = {9CA9DCBA-34C3-468C-A51D-21974F54149D}
		{288EAC4A-FB7F-44D1-BDB4-22A15647732A} = {BB980730-81EF-4E1B-8B0D-56A8F3284A2E}
		{4D6A7FF1-24B8-42B7-99BC-85FBF4084D4A} = {BB980730-81EF-4E1B-8B0D-56A8F3284A2E}
		{0B28157D-87EB-4EF8-8E18-980E90F05BB1} = {BB980730-81EF-4E1B-8B0D-56A8F3284A2E}
		{2C4279BD-E6C6-40C4-A511-B3CA8EA56570} = {7F00A04D-FB56-4E23-9761-75E9AECE1CA6}
		{7D2D6595-2A64-49AF-B13D-B16C78BCAA95} = {9CA9DCBA-34C3-468C-A51D-21974F54149D}
		{E9AA41AD-F0B8-4368-A471-8A3B70228A58} = {7F00A04D-FB56-4E23-9761-75E9AECE1CA6}
		{666E31D3-7A65-4853-915E-3E5FD950FB8D} = {9CA9DCBA-34C3-468C-A51D-21974F54149D}
		{479D0549-3914-4531-A6DE-C3041CC448CD} = {7F00A04D-FB56-4E23-9761-75E9AECE1CA6}
		{38C36678-D77F-49DF-8888-8D0A2B5F2DF8} = {9CA9DCBA-34C3-468C-A51D-21974F54149D}
		{63C4A585-298B-4633-9634-758BE30F0DE0} = {7F00A04D-FB56-4E23-9761-75E9AECE1CA6}
		{71C325AE-DE30-435C-8A7F-D1810AB19299} = {9CA9DCBA-34C3-468C-A51D-21974F54149D}
		{D6ADD939-520F-4746-B440-7E88F5676A95} = {7E123828-E966-48BA-B898-331F74E4650C}
		{0F65CEA7-B56C-4950-AB07-7FB630704470} = {7F00A04D-FB56-4E23-9761-75E9AECE1CA6}
	EndGlobalSection
	GlobalSection(ExtensibilityGlobals) = postSolution
		SolutionGuid = {63559F49-B0D6-4D4D-A689-C10163549A56}
	EndGlobalSection
EndGlobal
