
Microsoft Visual Studio Solution File, Format Version 11.00
# Visual Studio 2010
Project("{2150E333-8FDC-42A3-9474-1A3956D46DE8}") = "Test", "Test", "{34D6ED87-42E2-4083-81F0-7FD0C82DFE71}"
EndProject
Project("{FAE04EC0-301F-11D3-BF4B-00C04F79EFBC}") = "AutoCSer.TestCase.DotNet2", "TestCase\TestCase\AutoCSer.TestCase.DotNet2.csproj", "{55DCB972-D7BD-4F50-BE47-845E4E8F4CCA}"
EndProject
Project("{FAE04EC0-301F-11D3-BF4B-00C04F79EFBC}") = "AutoCSer.TestCase.ChatData.DotNet2", "TestCase\ChatData\AutoCSer.TestCase.ChatData.DotNet2.csproj", "{AB7FD423-7587-40A8-9735-53886E4E649E}"
EndProject
Project("{FAE04EC0-301F-11D3-BF4B-00C04F79EFBC}") = "AutoCSer.TestCase.ChatServer.DotNet2", "TestCase\ChatServer\AutoCSer.TestCase.ChatServer.DotNet2.csproj", "{EFBC6C70-26F6-4793-B36D-7A3CE21ACFAC}"
EndProject
Project("{FAE04EC0-301F-11D3-BF4B-00C04F79EFBC}") = "AutoCSer.TestCase.ChatClient.DotNet2", "TestCase\ChatClient\AutoCSer.TestCase.ChatClient.DotNet2.csproj", "{2FDDF950-ED2A-4D33-BEB8-0890CD635DD5}"
EndProject
Project("{FAE04EC0-301F-11D3-BF4B-00C04F79EFBC}") = "AutoCSer.TestCase.GifScreen.DotNet2", "TestCase\GifScreen\AutoCSer.TestCase.GifScreen.DotNet2.csproj", "{3E62B85A-ACDF-4566-AD7E-D1A48B713686}"
EndProject
Project("{FAE04EC0-301F-11D3-BF4B-00C04F79EFBC}") = "AutoCSer.TestCase.RadixSortPerformance.DotNet2", "TestCase\RadixSortPerformance\AutoCSer.TestCase.RadixSortPerformance.DotNet2.csproj", "{C2452335-CA11-4607-BEFB-7CBC025808B6}"
EndProject
Project("{FAE04EC0-301F-11D3-BF4B-00C04F79EFBC}") = "AutoCSer.TestCase.SearchTree.DotNet2", "TestCase\SearchTree\AutoCSer.TestCase.SearchTree.DotNet2.csproj", "{7A6B3901-2191-41D0-AB5B-234DFFB2E890}"
EndProject
Project("{FAE04EC0-301F-11D3-BF4B-00C04F79EFBC}") = "AutoCSer.TestCase.SerializePerformance.DotNet2", "TestCase\SerializePerformance\AutoCSer.TestCase.SerializePerformance.DotNet2.csproj", "{83EEE471-E9DF-4F3D-A2B7-ECF756C83400}"
EndProject
Project("{FAE04EC0-301F-11D3-BF4B-00C04F79EFBC}") = "AutoCSer.TestCase.HttpFilePerformance.DotNet2", "TestCase\WebPerformance\AutoCSer.TestCase.HttpFilePerformance.DotNet2.csproj", "{8D9D268D-8CEF-415C-97A8-07A46EF30557}"
EndProject
Project("{FAE04EC0-301F-11D3-BF4B-00C04F79EFBC}") = "AutoCSer.TestCase.HttpFilePerformanceClient.DotNet2", "TestCase\WebPerformance\AutoCSer.TestCase.HttpFilePerformanceClient.DotNet2.csproj", "{4D062D3C-D128-4516-B06B-9A697A9D9A02}"
EndProject
Project("{FAE04EC0-301F-11D3-BF4B-00C04F79EFBC}") = "AutoCSer.TestCase.WebPerformance.DotNet2", "TestCase\WebPerformance\AutoCSer.TestCase.WebPerformance.DotNet2.csproj", "{B286C473-77BB-4CB6-A418-C14A13B457E4}"
EndProject
Project("{FAE04EC0-301F-11D3-BF4B-00C04F79EFBC}") = "AutoCSer.TestCase.WebPerformanceClient.DotNet2", "TestCase\WebPerformance\AutoCSer.TestCase.WebPerformanceClient.DotNet2.csproj", "{991BB8F3-84DC-4DE5-BFA3-B1528C2BB0F9}"
EndProject
Project("{FAE04EC0-301F-11D3-BF4B-00C04F79EFBC}") = "AutoCSer.TestCase.TcpInternalServerPerformance.DotNet2", "TestCase\TcpServerPerformance\AutoCSer.TestCase.TcpInternalServerPerformance.DotNet2.csproj", "{F8F77F7F-AA5A-413D-9016-A0557B1D6C7B}"
EndProject
Project("{FAE04EC0-301F-11D3-BF4B-00C04F79EFBC}") = "AutoCSer.TestCase.TcpOpenServerPerformance.DotNet2", "TestCase\TcpServerPerformance\AutoCSer.TestCase.TcpOpenServerPerformance.DotNet2.csproj", "{317DFBF3-37B1-423B-BBA6-E712F30AFB78}"
EndProject
Project("{FAE04EC0-301F-11D3-BF4B-00C04F79EFBC}") = "AutoCSer.TestCase.TcpInternalClientPerformance.DotNet2", "TestCase\TcpClientPerformance\AutoCSer.TestCase.TcpInternalClientPerformance.DotNet2.csproj", "{A0428E14-0A63-4B3E-9E27-B0C515AE0416}"
EndProject
Project("{FAE04EC0-301F-11D3-BF4B-00C04F79EFBC}") = "AutoCSer.TestCase.TcpOpenClientPerformance.DotNet2", "TestCase\TcpClientPerformance\AutoCSer.TestCase.TcpOpenClientPerformance.DotNet2.csproj", "{726CE510-57C5-4895-8CCE-B60459FA7CC2}"
EndProject
Project("{FAE04EC0-301F-11D3-BF4B-00C04F79EFBC}") = "AutoCSer.TestCase.TcpOpenServerPerformance.Emit.DotNet2", "TestCase\TcpServerPerformance\AutoCSer.TestCase.TcpOpenServerPerformance.Emit.DotNet2.csproj", "{98E50440-4032-436D-B750-5D3777407F05}"
EndProject
Project("{FAE04EC0-301F-11D3-BF4B-00C04F79EFBC}") = "AutoCSer.TestCase.TcpInternalServerPerformance.Emit.DotNet2", "TestCase\TcpServerPerformance\AutoCSer.TestCase.TcpInternalServerPerformance.Emit.DotNet2.csproj", "{69D419BC-6C1B-41C2-8B3F-284AD36C0B8C}"
EndProject
Project("{FAE04EC0-301F-11D3-BF4B-00C04F79EFBC}") = "AutoCSer.TestCase.TcpOpenClientPerformance.Emit.DotNet2", "TestCase\TcpClientPerformance\AutoCSer.TestCase.TcpOpenClientPerformance.Emit.DotNet2.csproj", "{1B4717F0-8D9A-41C8-9B50-BC9DB0356FBE}"
EndProject
Project("{FAE04EC0-301F-11D3-BF4B-00C04F79EFBC}") = "AutoCSer.TestCase.TcpInternalClientPerformance.Emit.DotNet2", "TestCase\TcpClientPerformance\AutoCSer.TestCase.TcpInternalClientPerformance.Emit.DotNet2.csproj", "{590988DD-9F9A-4126-9932-950B786B33AC}"
EndProject
Project("{FAE04EC0-301F-11D3-BF4B-00C04F79EFBC}") = "AutoCSer.Example.BinarySerialize.DotNet2", "Example\BinarySerialize\AutoCSer.Example.BinarySerialize.DotNet2.csproj", "{65C8713C-28A8-46AE-88DA-E4FEDFEA8E18}"
EndProject
Project("{FAE04EC0-301F-11D3-BF4B-00C04F79EFBC}") = "AutoCSer.Example.Json.DotNet2", "Example\Json\AutoCSer.Example.Json.DotNet2.csproj", "{F6370147-4FF9-4021-85D6-295539DCC34F}"
EndProject
Project("{FAE04EC0-301F-11D3-BF4B-00C04F79EFBC}") = "AutoCSer.Example.Xml.DotNet2", "Example\Xml\AutoCSer.Example.Xml.DotNet2.csproj", "{15E869DB-0826-4A58-873A-8FC0381C987F}"
EndProject
Project("{FAE04EC0-301F-11D3-BF4B-00C04F79EFBC}") = "AutoCSer.Example.TcpInterfaceServer.DotNet2", "Example\TcpInterfaceServer\AutoCSer.Example.TcpInterfaceServer.DotNet2.csproj", "{F36085D4-F67B-4B1B-A632-C1B5B7513C2B}"
EndProject
Project("{FAE04EC0-301F-11D3-BF4B-00C04F79EFBC}") = "AutoCSer.Example.TcpInterfaceOpenServer.DotNet2", "Example\TcpInterfaceOpenServer\AutoCSer.Example.TcpInterfaceOpenServer.DotNet2.csproj", "{48D34B8E-51EC-4746-9288-599943976211}"
EndProject
Project("{FAE04EC0-301F-11D3-BF4B-00C04F79EFBC}") = "AutoCSer.Example.TcpInternalServer.DotNet2", "Example\TcpInternalServer\AutoCSer.Example.TcpInternalServer.DotNet2.csproj", "{07013AD6-6329-4623-954C-FE8DBAEC959F}"
EndProject
Project("{FAE04EC0-301F-11D3-BF4B-00C04F79EFBC}") = "AutoCSer.Example.TcpOpenServer.DotNet2", "Example\TcpOpenServer\AutoCSer.Example.TcpOpenServer.DotNet2.csproj", "{BE78ECAD-61F9-4410-962A-9D23A974E1FC}"
EndProject
Project("{FAE04EC0-301F-11D3-BF4B-00C04F79EFBC}") = "AutoCSer.Example.TcpStaticServer.DotNet2", "Example\TcpStaticServer\AutoCSer.Example.TcpStaticServer.DotNet2.csproj", "{A7748506-7BE8-4218-BBB4-2BE271A3C540}"
EndProject
Project("{FAE04EC0-301F-11D3-BF4B-00C04F79EFBC}") = "AutoCSer.Example.TcpRegisterServer.DotNet2", "Example\TcpRegisterServer\AutoCSer.Example.TcpRegisterServer.DotNet2.csproj", "{F019AFE7-0629-4F47-A34E-923A9D422BE2}"
EndProject
Project("{FAE04EC0-301F-11D3-BF4B-00C04F79EFBC}") = "AutoCSer.Example.TcpRegisterClient.DotNet2", "Example\TcpRegisterClient\AutoCSer.Example.TcpRegisterClient.DotNet2.csproj", "{51EA94B8-8D77-44F7-A35F-DCCAA8C39149}"
EndProject
Project("{FAE04EC0-301F-11D3-BF4B-00C04F79EFBC}") = "AutoCSer.Example.WebView.DotNet2", "Example\WebView\AutoCSer.Example.WebView.DotNet2.csproj", "{923C1FFC-E7E7-4C2F-A214-9766EA916E27}"
EndProject
Project("{2150E333-8FDC-42A3-9474-1A3956D46DE8}") = "Web", "Web", "{53B457BD-1CB2-411E-8F12-5B1CE2B7A9DA}"
EndProject
Project("{FAE04EC0-301F-11D3-BF4B-00C04F79EFBC}") = "AutoCSer.Web.Config.DotNet2", "Web\Config\AutoCSer.Web.Config.DotNet2.csproj", "{F8ED4A63-5C04-4EBE-8840-B14E1C82BFA9}"
EndProject
Project("{FAE04EC0-301F-11D3-BF4B-00C04F79EFBC}") = "AutoCSer.Web.DeployServer.DotNet2", "Web\DeployServer\AutoCSer.Web.DeployServer.DotNet2.csproj", "{8215B812-2213-4AD6-BB6F-B7B87C723731}"
EndProject
Project("{FAE04EC0-301F-11D3-BF4B-00C04F79EFBC}") = "AutoCSer.Web.DeployClient.DotNet2", "Web\DeployClient\AutoCSer.Web.DeployClient.DotNet2.csproj", "{022A175A-D2AD-469A-9368-3B2329274ED9}"
EndProject
Project("{FAE04EC0-301F-11D3-BF4B-00C04F79EFBC}") = "AutoCSer.Web.TcpRegister.DotNet2", "Web\TcpRegister\AutoCSer.Web.TcpRegister.DotNet2.csproj", "{876F26DE-0DC6-401C-8006-9E8B411D8E51}"
EndProject
Project("{FAE04EC0-301F-11D3-BF4B-00C04F79EFBC}") = "AutoCSer.Web.HttpServer.DotNet2", "Web\HttpServer\AutoCSer.Web.HttpServer.DotNet2.csproj", "{D72C8B9A-A0EC-483D-B338-980691762E51}"
EndProject
Project("{FAE04EC0-301F-11D3-BF4B-00C04F79EFBC}") = "AutoCSer.Web.DotNet2", "Web\www.AutoCSer.com\AutoCSer.Web.DotNet2.csproj", "{C49D5979-1B2F-4CA2-8473-50FB2BF9AB54}"
EndProject
Project("{2150E333-8FDC-42A3-9474-1A3956D46DE8}") = "Data", "Data", "{7AA2F0B1-7164-4E32-8F4C-4270850FE0ED}"
EndProject
Project("{FAE04EC0-301F-11D3-BF4B-00C04F79EFBC}") = "AutoCSer.DiskBlock.DotNet2", "AutoCSer\DiskBlock\AutoCSer.DiskBlock.DotNet2.csproj", "{45E7C3C5-52AA-477E-814F-4D52CA6D758A}"
EndProject
Project("{2150E333-8FDC-42A3-9474-1A3956D46DE8}") = "Other", "Other", "{C0E490A3-1E9A-42A9-8F01-F5B18BCFA0D7}"
EndProject
Project("{FAE04EC0-301F-11D3-BF4B-00C04F79EFBC}") = "AutoCSer.Deploy.DotNet2", "AutoCSer\Deploy\AutoCSer.Deploy.DotNet2.csproj", "{7B97EF4D-B898-4A06-822A-632EF70B20F7}"
EndProject
Project("{FAE04EC0-301F-11D3-BF4B-00C04F79EFBC}") = "AutoCSer.Drawing.Gif.DotNet2", "AutoCSer\Drawing\Gif\AutoCSer.Drawing.Gif.DotNet2.csproj", "{9B147694-97D6-44D9-94B3-D284BC14558B}"
EndProject
Project("{FAE04EC0-301F-11D3-BF4B-00C04F79EFBC}") = "AutoCSer.FieldEquals.DotNet2", "AutoCSer\FieldEquals\AutoCSer.FieldEquals.DotNet2.csproj", "{4C2ADD34-4294-4A15-BF4D-42C0158F0C0F}"
EndProject
Project("{FAE04EC0-301F-11D3-BF4B-00C04F79EFBC}") = "AutoCSer.RandomObject.DotNet2", "AutoCSer\RandomObject\AutoCSer.RandomObject.DotNet2.csproj", "{8937DE06-DBE0-49B8-BF25-732E95329EEB}"
EndProject
Project("{FAE04EC0-301F-11D3-BF4B-00C04F79EFBC}") = "AutoCSer.CodeGenerator.DotNet2", "AutoCSer\CodeGenerator\AutoCSer.CodeGenerator.DotNet2.csproj", "{9C257405-20F3-41DF-80D4-74976AAA6C6B}"
EndProject
Project("{FAE04EC0-301F-11D3-BF4B-00C04F79EFBC}") = "AutoCSer.CodeGenerator.X86.DotNet2", "AutoCSer\CodeGenerator\AutoCSer.CodeGenerator.X86.DotNet2.csproj", "{51A37CFF-227D-40DB-A9FE-094C6DA3773E}"
EndProject
Project("{FAE04EC0-301F-11D3-BF4B-00C04F79EFBC}") = "AutoCSer.CodeGenerator.Custom.DotNet2", "Example\CustomCodeGenerator\AutoCSer.CodeGenerator.Custom.DotNet2.csproj", "{5C9A7965-BB79-4C4D-A6E7-9E4604064941}"
EndProject
Project("{FAE04EC0-301F-11D3-BF4B-00C04F79EFBC}") = "AutoCSer.CodeGenerator.CustomApply.DotNet2", "Example\CustomCodeGeneratorApply\AutoCSer.CodeGenerator.CustomApply.DotNet2.csproj", "{43AE9A8C-FF35-44F0-BCA3-4F96FE7DF6B3}"
EndProject
Project("{FAE04EC0-301F-11D3-BF4B-00C04F79EFBC}") = "AutoCSer.Example.TcpStaticSimpleServer.DotNet2", "Example\TcpStaticSimpleServer\AutoCSer.Example.TcpStaticSimpleServer.DotNet2.csproj", "{5D34DCA3-FB9A-4236-92CF-C81B8B716475}"
EndProject
Project("{FAE04EC0-301F-11D3-BF4B-00C04F79EFBC}") = "AutoCSer.Example.TcpOpenSimpleServer.DotNet2", "Example\TcpOpenSimpleServer\AutoCSer.Example.TcpOpenSimpleServer.DotNet2.csproj", "{7432B50D-04C6-46DC-9948-01D613050753}"
EndProject
Project("{FAE04EC0-301F-11D3-BF4B-00C04F79EFBC}") = "AutoCSer.Example.TcpInternalSimpleServer.DotNet2", "Example\TcpInternalSimpleServer\AutoCSer.Example.TcpInternalSimpleServer.DotNet2.csproj", "{FF905E54-7A02-4212-A637-541D33E3682F}"
EndProject
Project("{FAE04EC0-301F-11D3-BF4B-00C04F79EFBC}") = "AutoCSer.TestCase.TcpOpenSimpleServerPerformance.DotNet2", "TestCase\TcpSimpleServerPerformance\AutoCSer.TestCase.TcpOpenSimpleServerPerformance.DotNet2.csproj", "{0FE6EB46-1BDF-47AB-B365-0ABF4454910F}"
EndProject
Project("{FAE04EC0-301F-11D3-BF4B-00C04F79EFBC}") = "AutoCSer.TestCase.TcpInternalSimpleServerPerformance.DotNet2", "TestCase\TcpSimpleServerPerformance\AutoCSer.TestCase.TcpInternalSimpleServerPerformance.DotNet2.csproj", "{C1C4C639-616C-406E-A0BD-DCB2480B7E0B}"
EndProject
Project("{FAE04EC0-301F-11D3-BF4B-00C04F79EFBC}") = "AutoCSer.TestCase.TcpOpenSimpleClientPerformance.DotNet2", "TestCase\TcpSimpleClientPerformance\AutoCSer.TestCase.TcpOpenSimpleClientPerformance.DotNet2.csproj", "{D674FCBB-D612-4F6F-A65F-9DA32E673F25}"
EndProject
Project("{FAE04EC0-301F-11D3-BF4B-00C04F79EFBC}") = "AutoCSer.TestCase.TcpInternalSimpleClientPerformance.DotNet2", "TestCase\TcpSimpleClientPerformance\AutoCSer.TestCase.TcpInternalSimpleClientPerformance.DotNet2.csproj", "{A4AD6672-EDFD-4896-9F40-91363069F972}"
EndProject
Project("{FAE04EC0-301F-11D3-BF4B-00C04F79EFBC}") = "AutoCSer.Example.TcpInterfaceSimpleServer.DotNet2", "Example\TcpInterfaceSimpleServer\AutoCSer.Example.TcpInterfaceSimpleServer.DotNet2.csproj", "{8A5993A2-07EB-4589-A146-A6B5AB825E7F}"
EndProject
Project("{FAE04EC0-301F-11D3-BF4B-00C04F79EFBC}") = "AutoCSer.Example.TcpInterfaceOpenSimpleServer.DotNet2", "Example\TcpInterfaceOpenSimpleServer\AutoCSer.Example.TcpInterfaceOpenSimpleServer.DotNet2.csproj", "{7444ED07-FAB0-4966-AB94-5C1DF7E67834}"
EndProject
Project("{FAE04EC0-301F-11D3-BF4B-00C04F79EFBC}") = "AutoCSer.TestCase.TcpOpenSimpleServerPerformance.Emit.DotNet2", "TestCase\TcpSimpleServerPerformance\AutoCSer.TestCase.TcpOpenSimpleServerPerformance.Emit.DotNet2.csproj", "{2F403D16-22E4-4AF4-80CD-6EE4F5012720}"
EndProject
Project("{FAE04EC0-301F-11D3-BF4B-00C04F79EFBC}") = "AutoCSer.TestCase.TcpInternalSimpleServerPerformance.Emit.DotNet2", "TestCase\TcpSimpleServerPerformance\AutoCSer.TestCase.TcpInternalSimpleServerPerformance.Emit.DotNet2.csproj", "{766F6DD5-9301-4232-890B-291D00122A8A}"
EndProject
Project("{FAE04EC0-301F-11D3-BF4B-00C04F79EFBC}") = "AutoCSer.TestCase.TcpOpenSimpleClientPerformance.Emit.DotNet2", "TestCase\TcpSimpleClientPerformance\AutoCSer.TestCase.TcpOpenSimpleClientPerformance.Emit.DotNet2.csproj", "{BFD218B0-1B56-4E9D-98C2-CF3817F45D73}"
EndProject
Project("{FAE04EC0-301F-11D3-BF4B-00C04F79EFBC}") = "AutoCSer.TestCase.TcpInternalSimpleClientPerformance.Emit.DotNet2", "TestCase\TcpSimpleClientPerformance\AutoCSer.TestCase.TcpInternalSimpleClientPerformance.Emit.DotNet2.csproj", "{116E66F4-753B-4816-AC39-4D11AE345657}"
EndProject
Project("{FAE04EC0-301F-11D3-BF4B-00C04F79EFBC}") = "AutoCSer.TcpSimpleServer.DotNet2", "AutoCSer\TcpSimpleServer\AutoCSer.TcpSimpleServer.DotNet2.csproj", "{68DB0E7A-B4EA-49FA-977D-83164AFFF51D}"
EndProject
Project("{2150E333-8FDC-42A3-9474-1A3956D46DE8}") = "Example", "Example", "{D26C15ED-0686-49ED-A5A8-A062A84B2671}"
EndProject
Global
	GlobalSection(SolutionConfigurationPlatforms) = preSolution
		Debug|Any CPU = Debug|Any CPU
		Debug|Mixed Platforms = Debug|Mixed Platforms
		Debug|x86 = Debug|x86
		Release|Any CPU = Release|Any CPU
		Release|Mixed Platforms = Release|Mixed Platforms
		Release|x86 = Release|x86
	EndGlobalSection
	GlobalSection(ProjectConfigurationPlatforms) = postSolution
		{55DCB972-D7BD-4F50-BE47-845E4E8F4CCA}.Debug|Any CPU.ActiveCfg = Debug|Any CPU
		{55DCB972-D7BD-4F50-BE47-845E4E8F4CCA}.Debug|Any CPU.Build.0 = Debug|Any CPU
		{55DCB972-D7BD-4F50-BE47-845E4E8F4CCA}.Debug|Mixed Platforms.ActiveCfg = Debug|Any CPU
		{55DCB972-D7BD-4F50-BE47-845E4E8F4CCA}.Debug|Mixed Platforms.Build.0 = Debug|Any CPU
		{55DCB972-D7BD-4F50-BE47-845E4E8F4CCA}.Debug|x86.ActiveCfg = Debug|x86
		{55DCB972-D7BD-4F50-BE47-845E4E8F4CCA}.Debug|x86.Build.0 = Debug|x86
		{55DCB972-D7BD-4F50-BE47-845E4E8F4CCA}.Release|Any CPU.ActiveCfg = Release|Any CPU
		{55DCB972-D7BD-4F50-BE47-845E4E8F4CCA}.Release|Any CPU.Build.0 = Release|Any CPU
		{55DCB972-D7BD-4F50-BE47-845E4E8F4CCA}.Release|Mixed Platforms.ActiveCfg = Release|Any CPU
		{55DCB972-D7BD-4F50-BE47-845E4E8F4CCA}.Release|Mixed Platforms.Build.0 = Release|Any CPU
		{55DCB972-D7BD-4F50-BE47-845E4E8F4CCA}.Release|x86.ActiveCfg = Release|x86
		{55DCB972-D7BD-4F50-BE47-845E4E8F4CCA}.Release|x86.Build.0 = Release|x86
		{AB7FD423-7587-40A8-9735-53886E4E649E}.Debug|Any CPU.ActiveCfg = Debug|Any CPU
		{AB7FD423-7587-40A8-9735-53886E4E649E}.Debug|Any CPU.Build.0 = Debug|Any CPU
		{AB7FD423-7587-40A8-9735-53886E4E649E}.Debug|Mixed Platforms.ActiveCfg = Debug|Any CPU
		{AB7FD423-7587-40A8-9735-53886E4E649E}.Debug|Mixed Platforms.Build.0 = Debug|Any CPU
		{AB7FD423-7587-40A8-9735-53886E4E649E}.Debug|x86.ActiveCfg = Debug|x86
		{AB7FD423-7587-40A8-9735-53886E4E649E}.Debug|x86.Build.0 = Debug|x86
		{AB7FD423-7587-40A8-9735-53886E4E649E}.Release|Any CPU.ActiveCfg = Release|Any CPU
		{AB7FD423-7587-40A8-9735-53886E4E649E}.Release|Any CPU.Build.0 = Release|Any CPU
		{AB7FD423-7587-40A8-9735-53886E4E649E}.Release|Mixed Platforms.ActiveCfg = Release|Any CPU
		{AB7FD423-7587-40A8-9735-53886E4E649E}.Release|Mixed Platforms.Build.0 = Release|Any CPU
		{AB7FD423-7587-40A8-9735-53886E4E649E}.Release|x86.ActiveCfg = Release|x86
		{AB7FD423-7587-40A8-9735-53886E4E649E}.Release|x86.Build.0 = Release|x86
		{EFBC6C70-26F6-4793-B36D-7A3CE21ACFAC}.Debug|Any CPU.ActiveCfg = Debug|Any CPU
		{EFBC6C70-26F6-4793-B36D-7A3CE21ACFAC}.Debug|Any CPU.Build.0 = Debug|Any CPU
		{EFBC6C70-26F6-4793-B36D-7A3CE21ACFAC}.Debug|Mixed Platforms.ActiveCfg = Debug|Any CPU
		{EFBC6C70-26F6-4793-B36D-7A3CE21ACFAC}.Debug|Mixed Platforms.Build.0 = Debug|Any CPU
		{EFBC6C70-26F6-4793-B36D-7A3CE21ACFAC}.Debug|x86.ActiveCfg = Debug|x86
		{EFBC6C70-26F6-4793-B36D-7A3CE21ACFAC}.Debug|x86.Build.0 = Debug|x86
		{EFBC6C70-26F6-4793-B36D-7A3CE21ACFAC}.Release|Any CPU.ActiveCfg = Release|Any CPU
		{EFBC6C70-26F6-4793-B36D-7A3CE21ACFAC}.Release|Any CPU.Build.0 = Release|Any CPU
		{EFBC6C70-26F6-4793-B36D-7A3CE21ACFAC}.Release|Mixed Platforms.ActiveCfg = Release|Any CPU
		{EFBC6C70-26F6-4793-B36D-7A3CE21ACFAC}.Release|Mixed Platforms.Build.0 = Release|Any CPU
		{EFBC6C70-26F6-4793-B36D-7A3CE21ACFAC}.Release|x86.ActiveCfg = Release|x86
		{EFBC6C70-26F6-4793-B36D-7A3CE21ACFAC}.Release|x86.Build.0 = Release|x86
		{2FDDF950-ED2A-4D33-BEB8-0890CD635DD5}.Debug|Any CPU.ActiveCfg = Debug|Any CPU
		{2FDDF950-ED2A-4D33-BEB8-0890CD635DD5}.Debug|Any CPU.Build.0 = Debug|Any CPU
		{2FDDF950-ED2A-4D33-BEB8-0890CD635DD5}.Debug|Mixed Platforms.ActiveCfg = Debug|Any CPU
		{2FDDF950-ED2A-4D33-BEB8-0890CD635DD5}.Debug|Mixed Platforms.Build.0 = Debug|Any CPU
		{2FDDF950-ED2A-4D33-BEB8-0890CD635DD5}.Debug|x86.ActiveCfg = Debug|x86
		{2FDDF950-ED2A-4D33-BEB8-0890CD635DD5}.Debug|x86.Build.0 = Debug|x86
		{2FDDF950-ED2A-4D33-BEB8-0890CD635DD5}.Release|Any CPU.ActiveCfg = Release|Any CPU
		{2FDDF950-ED2A-4D33-BEB8-0890CD635DD5}.Release|Any CPU.Build.0 = Release|Any CPU
		{2FDDF950-ED2A-4D33-BEB8-0890CD635DD5}.Release|Mixed Platforms.ActiveCfg = Release|Any CPU
		{2FDDF950-ED2A-4D33-BEB8-0890CD635DD5}.Release|Mixed Platforms.Build.0 = Release|Any CPU
		{2FDDF950-ED2A-4D33-BEB8-0890CD635DD5}.Release|x86.ActiveCfg = Release|x86
		{2FDDF950-ED2A-4D33-BEB8-0890CD635DD5}.Release|x86.Build.0 = Release|x86
		{3E62B85A-ACDF-4566-AD7E-D1A48B713686}.Debug|Any CPU.ActiveCfg = Debug|Any CPU
		{3E62B85A-ACDF-4566-AD7E-D1A48B713686}.Debug|Any CPU.Build.0 = Debug|Any CPU
		{3E62B85A-ACDF-4566-AD7E-D1A48B713686}.Debug|Mixed Platforms.ActiveCfg = Debug|Any CPU
		{3E62B85A-ACDF-4566-AD7E-D1A48B713686}.Debug|Mixed Platforms.Build.0 = Debug|Any CPU
		{3E62B85A-ACDF-4566-AD7E-D1A48B713686}.Debug|x86.ActiveCfg = Debug|x86
		{3E62B85A-ACDF-4566-AD7E-D1A48B713686}.Debug|x86.Build.0 = Debug|x86
		{3E62B85A-ACDF-4566-AD7E-D1A48B713686}.Release|Any CPU.ActiveCfg = Release|Any CPU
		{3E62B85A-ACDF-4566-AD7E-D1A48B713686}.Release|Any CPU.Build.0 = Release|Any CPU
		{3E62B85A-ACDF-4566-AD7E-D1A48B713686}.Release|Mixed Platforms.ActiveCfg = Release|Any CPU
		{3E62B85A-ACDF-4566-AD7E-D1A48B713686}.Release|Mixed Platforms.Build.0 = Release|Any CPU
		{3E62B85A-ACDF-4566-AD7E-D1A48B713686}.Release|x86.ActiveCfg = Release|x86
		{3E62B85A-ACDF-4566-AD7E-D1A48B713686}.Release|x86.Build.0 = Release|x86
		{C2452335-CA11-4607-BEFB-7CBC025808B6}.Debug|Any CPU.ActiveCfg = Debug|Any CPU
		{C2452335-CA11-4607-BEFB-7CBC025808B6}.Debug|Any CPU.Build.0 = Debug|Any CPU
		{C2452335-CA11-4607-BEFB-7CBC025808B6}.Debug|Mixed Platforms.ActiveCfg = Debug|Any CPU
		{C2452335-CA11-4607-BEFB-7CBC025808B6}.Debug|Mixed Platforms.Build.0 = Debug|Any CPU
		{C2452335-CA11-4607-BEFB-7CBC025808B6}.Debug|x86.ActiveCfg = Debug|x86
		{C2452335-CA11-4607-BEFB-7CBC025808B6}.Debug|x86.Build.0 = Debug|x86
		{C2452335-CA11-4607-BEFB-7CBC025808B6}.Release|Any CPU.ActiveCfg = Release|Any CPU
		{C2452335-CA11-4607-BEFB-7CBC025808B6}.Release|Any CPU.Build.0 = Release|Any CPU
		{C2452335-CA11-4607-BEFB-7CBC025808B6}.Release|Mixed Platforms.ActiveCfg = Release|Any CPU
		{C2452335-CA11-4607-BEFB-7CBC025808B6}.Release|Mixed Platforms.Build.0 = Release|Any CPU
		{C2452335-CA11-4607-BEFB-7CBC025808B6}.Release|x86.ActiveCfg = Release|x86
		{C2452335-CA11-4607-BEFB-7CBC025808B6}.Release|x86.Build.0 = Release|x86
		{7A6B3901-2191-41D0-AB5B-234DFFB2E890}.Debug|Any CPU.ActiveCfg = Debug|Any CPU
		{7A6B3901-2191-41D0-AB5B-234DFFB2E890}.Debug|Any CPU.Build.0 = Debug|Any CPU
		{7A6B3901-2191-41D0-AB5B-234DFFB2E890}.Debug|Mixed Platforms.ActiveCfg = Debug|Any CPU
		{7A6B3901-2191-41D0-AB5B-234DFFB2E890}.Debug|Mixed Platforms.Build.0 = Debug|Any CPU
		{7A6B3901-2191-41D0-AB5B-234DFFB2E890}.Debug|x86.ActiveCfg = Debug|x86
		{7A6B3901-2191-41D0-AB5B-234DFFB2E890}.Debug|x86.Build.0 = Debug|x86
		{7A6B3901-2191-41D0-AB5B-234DFFB2E890}.Release|Any CPU.ActiveCfg = Release|Any CPU
		{7A6B3901-2191-41D0-AB5B-234DFFB2E890}.Release|Any CPU.Build.0 = Release|Any CPU
		{7A6B3901-2191-41D0-AB5B-234DFFB2E890}.Release|Mixed Platforms.ActiveCfg = Release|Any CPU
		{7A6B3901-2191-41D0-AB5B-234DFFB2E890}.Release|Mixed Platforms.Build.0 = Release|Any CPU
		{7A6B3901-2191-41D0-AB5B-234DFFB2E890}.Release|x86.ActiveCfg = Release|x86
		{7A6B3901-2191-41D0-AB5B-234DFFB2E890}.Release|x86.Build.0 = Release|x86
		{83EEE471-E9DF-4F3D-A2B7-ECF756C83400}.Debug|Any CPU.ActiveCfg = Debug|Any CPU
		{83EEE471-E9DF-4F3D-A2B7-ECF756C83400}.Debug|Any CPU.Build.0 = Debug|Any CPU
		{83EEE471-E9DF-4F3D-A2B7-ECF756C83400}.Debug|Mixed Platforms.ActiveCfg = Debug|Any CPU
		{83EEE471-E9DF-4F3D-A2B7-ECF756C83400}.Debug|Mixed Platforms.Build.0 = Debug|Any CPU
		{83EEE471-E9DF-4F3D-A2B7-ECF756C83400}.Debug|x86.ActiveCfg = Debug|x86
		{83EEE471-E9DF-4F3D-A2B7-ECF756C83400}.Debug|x86.Build.0 = Debug|x86
		{83EEE471-E9DF-4F3D-A2B7-ECF756C83400}.Release|Any CPU.ActiveCfg = Release|Any CPU
		{83EEE471-E9DF-4F3D-A2B7-ECF756C83400}.Release|Any CPU.Build.0 = Release|Any CPU
		{83EEE471-E9DF-4F3D-A2B7-ECF756C83400}.Release|Mixed Platforms.ActiveCfg = Release|Any CPU
		{83EEE471-E9DF-4F3D-A2B7-ECF756C83400}.Release|Mixed Platforms.Build.0 = Release|Any CPU
		{83EEE471-E9DF-4F3D-A2B7-ECF756C83400}.Release|x86.ActiveCfg = Release|x86
		{83EEE471-E9DF-4F3D-A2B7-ECF756C83400}.Release|x86.Build.0 = Release|x86
		{8D9D268D-8CEF-415C-97A8-07A46EF30557}.Debug|Any CPU.ActiveCfg = Debug|Any CPU
		{8D9D268D-8CEF-415C-97A8-07A46EF30557}.Debug|Any CPU.Build.0 = Debug|Any CPU
		{8D9D268D-8CEF-415C-97A8-07A46EF30557}.Debug|Mixed Platforms.ActiveCfg = Debug|Any CPU
		{8D9D268D-8CEF-415C-97A8-07A46EF30557}.Debug|Mixed Platforms.Build.0 = Debug|Any CPU
		{8D9D268D-8CEF-415C-97A8-07A46EF30557}.Debug|x86.ActiveCfg = Debug|x86
		{8D9D268D-8CEF-415C-97A8-07A46EF30557}.Debug|x86.Build.0 = Debug|x86
		{8D9D268D-8CEF-415C-97A8-07A46EF30557}.Release|Any CPU.ActiveCfg = Release|Any CPU
		{8D9D268D-8CEF-415C-97A8-07A46EF30557}.Release|Any CPU.Build.0 = Release|Any CPU
		{8D9D268D-8CEF-415C-97A8-07A46EF30557}.Release|Mixed Platforms.ActiveCfg = Release|Any CPU
		{8D9D268D-8CEF-415C-97A8-07A46EF30557}.Release|Mixed Platforms.Build.0 = Release|Any CPU
		{8D9D268D-8CEF-415C-97A8-07A46EF30557}.Release|x86.ActiveCfg = Release|x86
		{8D9D268D-8CEF-415C-97A8-07A46EF30557}.Release|x86.Build.0 = Release|x86
		{4D062D3C-D128-4516-B06B-9A697A9D9A02}.Debug|Any CPU.ActiveCfg = Debug|Any CPU
		{4D062D3C-D128-4516-B06B-9A697A9D9A02}.Debug|Any CPU.Build.0 = Debug|Any CPU
		{4D062D3C-D128-4516-B06B-9A697A9D9A02}.Debug|Mixed Platforms.ActiveCfg = Debug|Any CPU
		{4D062D3C-D128-4516-B06B-9A697A9D9A02}.Debug|Mixed Platforms.Build.0 = Debug|Any CPU
		{4D062D3C-D128-4516-B06B-9A697A9D9A02}.Debug|x86.ActiveCfg = Debug|x86
		{4D062D3C-D128-4516-B06B-9A697A9D9A02}.Debug|x86.Build.0 = Debug|x86
		{4D062D3C-D128-4516-B06B-9A697A9D9A02}.Release|Any CPU.ActiveCfg = Release|Any CPU
		{4D062D3C-D128-4516-B06B-9A697A9D9A02}.Release|Any CPU.Build.0 = Release|Any CPU
		{4D062D3C-D128-4516-B06B-9A697A9D9A02}.Release|Mixed Platforms.ActiveCfg = Release|Any CPU
		{4D062D3C-D128-4516-B06B-9A697A9D9A02}.Release|Mixed Platforms.Build.0 = Release|Any CPU
		{4D062D3C-D128-4516-B06B-9A697A9D9A02}.Release|x86.ActiveCfg = Release|x86
		{4D062D3C-D128-4516-B06B-9A697A9D9A02}.Release|x86.Build.0 = Release|x86
		{B286C473-77BB-4CB6-A418-C14A13B457E4}.Debug|Any CPU.ActiveCfg = Debug|Any CPU
		{B286C473-77BB-4CB6-A418-C14A13B457E4}.Debug|Any CPU.Build.0 = Debug|Any CPU
		{B286C473-77BB-4CB6-A418-C14A13B457E4}.Debug|Mixed Platforms.ActiveCfg = Debug|Any CPU
		{B286C473-77BB-4CB6-A418-C14A13B457E4}.Debug|Mixed Platforms.Build.0 = Debug|Any CPU
		{B286C473-77BB-4CB6-A418-C14A13B457E4}.Debug|x86.ActiveCfg = Debug|x86
		{B286C473-77BB-4CB6-A418-C14A13B457E4}.Debug|x86.Build.0 = Debug|x86
		{B286C473-77BB-4CB6-A418-C14A13B457E4}.Release|Any CPU.ActiveCfg = Release|Any CPU
		{B286C473-77BB-4CB6-A418-C14A13B457E4}.Release|Any CPU.Build.0 = Release|Any CPU
		{B286C473-77BB-4CB6-A418-C14A13B457E4}.Release|Mixed Platforms.ActiveCfg = Release|Any CPU
		{B286C473-77BB-4CB6-A418-C14A13B457E4}.Release|Mixed Platforms.Build.0 = Release|Any CPU
		{B286C473-77BB-4CB6-A418-C14A13B457E4}.Release|x86.ActiveCfg = Release|x86
		{B286C473-77BB-4CB6-A418-C14A13B457E4}.Release|x86.Build.0 = Release|x86
		{991BB8F3-84DC-4DE5-BFA3-B1528C2BB0F9}.Debug|Any CPU.ActiveCfg = Debug|Any CPU
		{991BB8F3-84DC-4DE5-BFA3-B1528C2BB0F9}.Debug|Any CPU.Build.0 = Debug|Any CPU
		{991BB8F3-84DC-4DE5-BFA3-B1528C2BB0F9}.Debug|Mixed Platforms.ActiveCfg = Debug|Any CPU
		{991BB8F3-84DC-4DE5-BFA3-B1528C2BB0F9}.Debug|Mixed Platforms.Build.0 = Debug|Any CPU
		{991BB8F3-84DC-4DE5-BFA3-B1528C2BB0F9}.Debug|x86.ActiveCfg = Debug|x86
		{991BB8F3-84DC-4DE5-BFA3-B1528C2BB0F9}.Debug|x86.Build.0 = Debug|x86
		{991BB8F3-84DC-4DE5-BFA3-B1528C2BB0F9}.Release|Any CPU.ActiveCfg = Release|Any CPU
		{991BB8F3-84DC-4DE5-BFA3-B1528C2BB0F9}.Release|Any CPU.Build.0 = Release|Any CPU
		{991BB8F3-84DC-4DE5-BFA3-B1528C2BB0F9}.Release|Mixed Platforms.ActiveCfg = Release|Any CPU
		{991BB8F3-84DC-4DE5-BFA3-B1528C2BB0F9}.Release|Mixed Platforms.Build.0 = Release|Any CPU
		{991BB8F3-84DC-4DE5-BFA3-B1528C2BB0F9}.Release|x86.ActiveCfg = Release|x86
		{991BB8F3-84DC-4DE5-BFA3-B1528C2BB0F9}.Release|x86.Build.0 = Release|x86
		{F8F77F7F-AA5A-413D-9016-A0557B1D6C7B}.Debug|Any CPU.ActiveCfg = Debug|Any CPU
		{F8F77F7F-AA5A-413D-9016-A0557B1D6C7B}.Debug|Any CPU.Build.0 = Debug|Any CPU
		{F8F77F7F-AA5A-413D-9016-A0557B1D6C7B}.Debug|Mixed Platforms.ActiveCfg = Debug|Any CPU
		{F8F77F7F-AA5A-413D-9016-A0557B1D6C7B}.Debug|Mixed Platforms.Build.0 = Debug|Any CPU
		{F8F77F7F-AA5A-413D-9016-A0557B1D6C7B}.Debug|x86.ActiveCfg = Debug|x86
		{F8F77F7F-AA5A-413D-9016-A0557B1D6C7B}.Debug|x86.Build.0 = Debug|x86
		{F8F77F7F-AA5A-413D-9016-A0557B1D6C7B}.Release|Any CPU.ActiveCfg = Release|Any CPU
		{F8F77F7F-AA5A-413D-9016-A0557B1D6C7B}.Release|Any CPU.Build.0 = Release|Any CPU
		{F8F77F7F-AA5A-413D-9016-A0557B1D6C7B}.Release|Mixed Platforms.ActiveCfg = Release|Any CPU
		{F8F77F7F-AA5A-413D-9016-A0557B1D6C7B}.Release|Mixed Platforms.Build.0 = Release|Any CPU
		{F8F77F7F-AA5A-413D-9016-A0557B1D6C7B}.Release|x86.ActiveCfg = Release|x86
		{F8F77F7F-AA5A-413D-9016-A0557B1D6C7B}.Release|x86.Build.0 = Release|x86
		{317DFBF3-37B1-423B-BBA6-E712F30AFB78}.Debug|Any CPU.ActiveCfg = Debug|Any CPU
		{317DFBF3-37B1-423B-BBA6-E712F30AFB78}.Debug|Any CPU.Build.0 = Debug|Any CPU
		{317DFBF3-37B1-423B-BBA6-E712F30AFB78}.Debug|Mixed Platforms.ActiveCfg = Debug|Any CPU
		{317DFBF3-37B1-423B-BBA6-E712F30AFB78}.Debug|Mixed Platforms.Build.0 = Debug|Any CPU
		{317DFBF3-37B1-423B-BBA6-E712F30AFB78}.Debug|x86.ActiveCfg = Debug|x86
		{317DFBF3-37B1-423B-BBA6-E712F30AFB78}.Debug|x86.Build.0 = Debug|x86
		{317DFBF3-37B1-423B-BBA6-E712F30AFB78}.Release|Any CPU.ActiveCfg = Release|Any CPU
		{317DFBF3-37B1-423B-BBA6-E712F30AFB78}.Release|Any CPU.Build.0 = Release|Any CPU
		{317DFBF3-37B1-423B-BBA6-E712F30AFB78}.Release|Mixed Platforms.ActiveCfg = Release|Any CPU
		{317DFBF3-37B1-423B-BBA6-E712F30AFB78}.Release|Mixed Platforms.Build.0 = Release|Any CPU
		{317DFBF3-37B1-423B-BBA6-E712F30AFB78}.Release|x86.ActiveCfg = Release|x86
		{317DFBF3-37B1-423B-BBA6-E712F30AFB78}.Release|x86.Build.0 = Release|x86
		{A0428E14-0A63-4B3E-9E27-B0C515AE0416}.Debug|Any CPU.ActiveCfg = Debug|Any CPU
		{A0428E14-0A63-4B3E-9E27-B0C515AE0416}.Debug|Any CPU.Build.0 = Debug|Any CPU
		{A0428E14-0A63-4B3E-9E27-B0C515AE0416}.Debug|Mixed Platforms.ActiveCfg = Debug|Any CPU
		{A0428E14-0A63-4B3E-9E27-B0C515AE0416}.Debug|Mixed Platforms.Build.0 = Debug|Any CPU
		{A0428E14-0A63-4B3E-9E27-B0C515AE0416}.Debug|x86.ActiveCfg = Debug|x86
		{A0428E14-0A63-4B3E-9E27-B0C515AE0416}.Debug|x86.Build.0 = Debug|x86
		{A0428E14-0A63-4B3E-9E27-B0C515AE0416}.Release|Any CPU.ActiveCfg = Release|Any CPU
		{A0428E14-0A63-4B3E-9E27-B0C515AE0416}.Release|Any CPU.Build.0 = Release|Any CPU
		{A0428E14-0A63-4B3E-9E27-B0C515AE0416}.Release|Mixed Platforms.ActiveCfg = Release|Any CPU
		{A0428E14-0A63-4B3E-9E27-B0C515AE0416}.Release|Mixed Platforms.Build.0 = Release|Any CPU
		{A0428E14-0A63-4B3E-9E27-B0C515AE0416}.Release|x86.ActiveCfg = Release|x86
		{A0428E14-0A63-4B3E-9E27-B0C515AE0416}.Release|x86.Build.0 = Release|x86
		{726CE510-57C5-4895-8CCE-B60459FA7CC2}.Debug|Any CPU.ActiveCfg = Debug|Any CPU
		{726CE510-57C5-4895-8CCE-B60459FA7CC2}.Debug|Any CPU.Build.0 = Debug|Any CPU
		{726CE510-57C5-4895-8CCE-B60459FA7CC2}.Debug|Mixed Platforms.ActiveCfg = Debug|Any CPU
		{726CE510-57C5-4895-8CCE-B60459FA7CC2}.Debug|Mixed Platforms.Build.0 = Debug|Any CPU
		{726CE510-57C5-4895-8CCE-B60459FA7CC2}.Debug|x86.ActiveCfg = Debug|x86
		{726CE510-57C5-4895-8CCE-B60459FA7CC2}.Debug|x86.Build.0 = Debug|x86
		{726CE510-57C5-4895-8CCE-B60459FA7CC2}.Release|Any CPU.ActiveCfg = Release|Any CPU
		{726CE510-57C5-4895-8CCE-B60459FA7CC2}.Release|Any CPU.Build.0 = Release|Any CPU
		{726CE510-57C5-4895-8CCE-B60459FA7CC2}.Release|Mixed Platforms.ActiveCfg = Release|Any CPU
		{726CE510-57C5-4895-8CCE-B60459FA7CC2}.Release|Mixed Platforms.Build.0 = Release|Any CPU
		{726CE510-57C5-4895-8CCE-B60459FA7CC2}.Release|x86.ActiveCfg = Release|x86
		{726CE510-57C5-4895-8CCE-B60459FA7CC2}.Release|x86.Build.0 = Release|x86
		{98E50440-4032-436D-B750-5D3777407F05}.Debug|Any CPU.ActiveCfg = Debug|Any CPU
		{98E50440-4032-436D-B750-5D3777407F05}.Debug|Any CPU.Build.0 = Debug|Any CPU
		{98E50440-4032-436D-B750-5D3777407F05}.Debug|Mixed Platforms.ActiveCfg = Debug|Any CPU
		{98E50440-4032-436D-B750-5D3777407F05}.Debug|Mixed Platforms.Build.0 = Debug|Any CPU
		{98E50440-4032-436D-B750-5D3777407F05}.Debug|x86.ActiveCfg = Debug|x86
		{98E50440-4032-436D-B750-5D3777407F05}.Debug|x86.Build.0 = Debug|x86
		{98E50440-4032-436D-B750-5D3777407F05}.Release|Any CPU.ActiveCfg = Release|Any CPU
		{98E50440-4032-436D-B750-5D3777407F05}.Release|Any CPU.Build.0 = Release|Any CPU
		{98E50440-4032-436D-B750-5D3777407F05}.Release|Mixed Platforms.ActiveCfg = Release|Any CPU
		{98E50440-4032-436D-B750-5D3777407F05}.Release|Mixed Platforms.Build.0 = Release|Any CPU
		{98E50440-4032-436D-B750-5D3777407F05}.Release|x86.ActiveCfg = Release|x86
		{98E50440-4032-436D-B750-5D3777407F05}.Release|x86.Build.0 = Release|x86
		{69D419BC-6C1B-41C2-8B3F-284AD36C0B8C}.Debug|Any CPU.ActiveCfg = Debug|Any CPU
		{69D419BC-6C1B-41C2-8B3F-284AD36C0B8C}.Debug|Any CPU.Build.0 = Debug|Any CPU
		{69D419BC-6C1B-41C2-8B3F-284AD36C0B8C}.Debug|Mixed Platforms.ActiveCfg = Debug|Any CPU
		{69D419BC-6C1B-41C2-8B3F-284AD36C0B8C}.Debug|Mixed Platforms.Build.0 = Debug|Any CPU
		{69D419BC-6C1B-41C2-8B3F-284AD36C0B8C}.Debug|x86.ActiveCfg = Debug|x86
		{69D419BC-6C1B-41C2-8B3F-284AD36C0B8C}.Debug|x86.Build.0 = Debug|x86
		{69D419BC-6C1B-41C2-8B3F-284AD36C0B8C}.Release|Any CPU.ActiveCfg = Release|Any CPU
		{69D419BC-6C1B-41C2-8B3F-284AD36C0B8C}.Release|Any CPU.Build.0 = Release|Any CPU
		{69D419BC-6C1B-41C2-8B3F-284AD36C0B8C}.Release|Mixed Platforms.ActiveCfg = Release|Any CPU
		{69D419BC-6C1B-41C2-8B3F-284AD36C0B8C}.Release|Mixed Platforms.Build.0 = Release|Any CPU
		{69D419BC-6C1B-41C2-8B3F-284AD36C0B8C}.Release|x86.ActiveCfg = Release|x86
		{69D419BC-6C1B-41C2-8B3F-284AD36C0B8C}.Release|x86.Build.0 = Release|x86
		{1B4717F0-8D9A-41C8-9B50-BC9DB0356FBE}.Debug|Any CPU.ActiveCfg = Debug|Any CPU
		{1B4717F0-8D9A-41C8-9B50-BC9DB0356FBE}.Debug|Any CPU.Build.0 = Debug|Any CPU
		{1B4717F0-8D9A-41C8-9B50-BC9DB0356FBE}.Debug|Mixed Platforms.ActiveCfg = Debug|Any CPU
		{1B4717F0-8D9A-41C8-9B50-BC9DB0356FBE}.Debug|Mixed Platforms.Build.0 = Debug|Any CPU
		{1B4717F0-8D9A-41C8-9B50-BC9DB0356FBE}.Debug|x86.ActiveCfg = Debug|x86
		{1B4717F0-8D9A-41C8-9B50-BC9DB0356FBE}.Debug|x86.Build.0 = Debug|x86
		{1B4717F0-8D9A-41C8-9B50-BC9DB0356FBE}.Release|Any CPU.ActiveCfg = Release|Any CPU
		{1B4717F0-8D9A-41C8-9B50-BC9DB0356FBE}.Release|Any CPU.Build.0 = Release|Any CPU
		{1B4717F0-8D9A-41C8-9B50-BC9DB0356FBE}.Release|Mixed Platforms.ActiveCfg = Release|Any CPU
		{1B4717F0-8D9A-41C8-9B50-BC9DB0356FBE}.Release|Mixed Platforms.Build.0 = Release|Any CPU
		{1B4717F0-8D9A-41C8-9B50-BC9DB0356FBE}.Release|x86.ActiveCfg = Release|x86
		{1B4717F0-8D9A-41C8-9B50-BC9DB0356FBE}.Release|x86.Build.0 = Release|x86
		{590988DD-9F9A-4126-9932-950B786B33AC}.Debug|Any CPU.ActiveCfg = Debug|Any CPU
		{590988DD-9F9A-4126-9932-950B786B33AC}.Debug|Any CPU.Build.0 = Debug|Any CPU
		{590988DD-9F9A-4126-9932-950B786B33AC}.Debug|Mixed Platforms.ActiveCfg = Debug|Any CPU
		{590988DD-9F9A-4126-9932-950B786B33AC}.Debug|Mixed Platforms.Build.0 = Debug|Any CPU
		{590988DD-9F9A-4126-9932-950B786B33AC}.Debug|x86.ActiveCfg = Debug|x86
		{590988DD-9F9A-4126-9932-950B786B33AC}.Debug|x86.Build.0 = Debug|x86
		{590988DD-9F9A-4126-9932-950B786B33AC}.Release|Any CPU.ActiveCfg = Release|Any CPU
		{590988DD-9F9A-4126-9932-950B786B33AC}.Release|Any CPU.Build.0 = Release|Any CPU
		{590988DD-9F9A-4126-9932-950B786B33AC}.Release|Mixed Platforms.ActiveCfg = Release|Any CPU
		{590988DD-9F9A-4126-9932-950B786B33AC}.Release|Mixed Platforms.Build.0 = Release|Any CPU
		{590988DD-9F9A-4126-9932-950B786B33AC}.Release|x86.ActiveCfg = Release|x86
		{590988DD-9F9A-4126-9932-950B786B33AC}.Release|x86.Build.0 = Release|x86
		{65C8713C-28A8-46AE-88DA-E4FEDFEA8E18}.Debug|Any CPU.ActiveCfg = Debug|Any CPU
		{65C8713C-28A8-46AE-88DA-E4FEDFEA8E18}.Debug|Any CPU.Build.0 = Debug|Any CPU
		{65C8713C-28A8-46AE-88DA-E4FEDFEA8E18}.Debug|Mixed Platforms.ActiveCfg = Debug|Any CPU
		{65C8713C-28A8-46AE-88DA-E4FEDFEA8E18}.Debug|Mixed Platforms.Build.0 = Debug|Any CPU
		{65C8713C-28A8-46AE-88DA-E4FEDFEA8E18}.Debug|x86.ActiveCfg = Debug|x86
		{65C8713C-28A8-46AE-88DA-E4FEDFEA8E18}.Debug|x86.Build.0 = Debug|x86
		{65C8713C-28A8-46AE-88DA-E4FEDFEA8E18}.Release|Any CPU.ActiveCfg = Release|Any CPU
		{65C8713C-28A8-46AE-88DA-E4FEDFEA8E18}.Release|Any CPU.Build.0 = Release|Any CPU
		{65C8713C-28A8-46AE-88DA-E4FEDFEA8E18}.Release|Mixed Platforms.ActiveCfg = Release|Any CPU
		{65C8713C-28A8-46AE-88DA-E4FEDFEA8E18}.Release|Mixed Platforms.Build.0 = Release|Any CPU
		{65C8713C-28A8-46AE-88DA-E4FEDFEA8E18}.Release|x86.ActiveCfg = Release|x86
		{65C8713C-28A8-46AE-88DA-E4FEDFEA8E18}.Release|x86.Build.0 = Release|x86
		{F6370147-4FF9-4021-85D6-295539DCC34F}.Debug|Any CPU.ActiveCfg = Debug|Any CPU
		{F6370147-4FF9-4021-85D6-295539DCC34F}.Debug|Any CPU.Build.0 = Debug|Any CPU
		{F6370147-4FF9-4021-85D6-295539DCC34F}.Debug|Mixed Platforms.ActiveCfg = Debug|Any CPU
		{F6370147-4FF9-4021-85D6-295539DCC34F}.Debug|Mixed Platforms.Build.0 = Debug|Any CPU
		{F6370147-4FF9-4021-85D6-295539DCC34F}.Debug|x86.ActiveCfg = Debug|x86
		{F6370147-4FF9-4021-85D6-295539DCC34F}.Debug|x86.Build.0 = Debug|x86
		{F6370147-4FF9-4021-85D6-295539DCC34F}.Release|Any CPU.ActiveCfg = Release|Any CPU
		{F6370147-4FF9-4021-85D6-295539DCC34F}.Release|Any CPU.Build.0 = Release|Any CPU
		{F6370147-4FF9-4021-85D6-295539DCC34F}.Release|Mixed Platforms.ActiveCfg = Release|Any CPU
		{F6370147-4FF9-4021-85D6-295539DCC34F}.Release|Mixed Platforms.Build.0 = Release|Any CPU
		{F6370147-4FF9-4021-85D6-295539DCC34F}.Release|x86.ActiveCfg = Release|x86
		{F6370147-4FF9-4021-85D6-295539DCC34F}.Release|x86.Build.0 = Release|x86
		{15E869DB-0826-4A58-873A-8FC0381C987F}.Debug|Any CPU.ActiveCfg = Debug|Any CPU
		{15E869DB-0826-4A58-873A-8FC0381C987F}.Debug|Any CPU.Build.0 = Debug|Any CPU
		{15E869DB-0826-4A58-873A-8FC0381C987F}.Debug|Mixed Platforms.ActiveCfg = Debug|Any CPU
		{15E869DB-0826-4A58-873A-8FC0381C987F}.Debug|Mixed Platforms.Build.0 = Debug|Any CPU
		{15E869DB-0826-4A58-873A-8FC0381C987F}.Debug|x86.ActiveCfg = Debug|x86
		{15E869DB-0826-4A58-873A-8FC0381C987F}.Debug|x86.Build.0 = Debug|x86
		{15E869DB-0826-4A58-873A-8FC0381C987F}.Release|Any CPU.ActiveCfg = Release|Any CPU
		{15E869DB-0826-4A58-873A-8FC0381C987F}.Release|Any CPU.Build.0 = Release|Any CPU
		{15E869DB-0826-4A58-873A-8FC0381C987F}.Release|Mixed Platforms.ActiveCfg = Release|Any CPU
		{15E869DB-0826-4A58-873A-8FC0381C987F}.Release|Mixed Platforms.Build.0 = Release|Any CPU
		{15E869DB-0826-4A58-873A-8FC0381C987F}.Release|x86.ActiveCfg = Release|x86
		{15E869DB-0826-4A58-873A-8FC0381C987F}.Release|x86.Build.0 = Release|x86
		{F36085D4-F67B-4B1B-A632-C1B5B7513C2B}.Debug|Any CPU.ActiveCfg = Debug|Any CPU
		{F36085D4-F67B-4B1B-A632-C1B5B7513C2B}.Debug|Any CPU.Build.0 = Debug|Any CPU
		{F36085D4-F67B-4B1B-A632-C1B5B7513C2B}.Debug|Mixed Platforms.ActiveCfg = Debug|Any CPU
		{F36085D4-F67B-4B1B-A632-C1B5B7513C2B}.Debug|Mixed Platforms.Build.0 = Debug|Any CPU
		{F36085D4-F67B-4B1B-A632-C1B5B7513C2B}.Debug|x86.ActiveCfg = Debug|x86
		{F36085D4-F67B-4B1B-A632-C1B5B7513C2B}.Debug|x86.Build.0 = Debug|x86
		{F36085D4-F67B-4B1B-A632-C1B5B7513C2B}.Release|Any CPU.ActiveCfg = Release|Any CPU
		{F36085D4-F67B-4B1B-A632-C1B5B7513C2B}.Release|Any CPU.Build.0 = Release|Any CPU
		{F36085D4-F67B-4B1B-A632-C1B5B7513C2B}.Release|Mixed Platforms.ActiveCfg = Release|Any CPU
		{F36085D4-F67B-4B1B-A632-C1B5B7513C2B}.Release|Mixed Platforms.Build.0 = Release|Any CPU
		{F36085D4-F67B-4B1B-A632-C1B5B7513C2B}.Release|x86.ActiveCfg = Release|x86
		{F36085D4-F67B-4B1B-A632-C1B5B7513C2B}.Release|x86.Build.0 = Release|x86
		{48D34B8E-51EC-4746-9288-599943976211}.Debug|Any CPU.ActiveCfg = Debug|Any CPU
		{48D34B8E-51EC-4746-9288-599943976211}.Debug|Any CPU.Build.0 = Debug|Any CPU
		{48D34B8E-51EC-4746-9288-599943976211}.Debug|Mixed Platforms.ActiveCfg = Debug|Any CPU
		{48D34B8E-51EC-4746-9288-599943976211}.Debug|Mixed Platforms.Build.0 = Debug|Any CPU
		{48D34B8E-51EC-4746-9288-599943976211}.Debug|x86.ActiveCfg = Debug|x86
		{48D34B8E-51EC-4746-9288-599943976211}.Debug|x86.Build.0 = Debug|x86
		{48D34B8E-51EC-4746-9288-599943976211}.Release|Any CPU.ActiveCfg = Release|Any CPU
		{48D34B8E-51EC-4746-9288-599943976211}.Release|Any CPU.Build.0 = Release|Any CPU
		{48D34B8E-51EC-4746-9288-599943976211}.Release|Mixed Platforms.ActiveCfg = Release|Any CPU
		{48D34B8E-51EC-4746-9288-599943976211}.Release|Mixed Platforms.Build.0 = Release|Any CPU
		{48D34B8E-51EC-4746-9288-599943976211}.Release|x86.ActiveCfg = Release|x86
		{48D34B8E-51EC-4746-9288-599943976211}.Release|x86.Build.0 = Release|x86
		{07013AD6-6329-4623-954C-FE8DBAEC959F}.Debug|Any CPU.ActiveCfg = Debug|Any CPU
		{07013AD6-6329-4623-954C-FE8DBAEC959F}.Debug|Any CPU.Build.0 = Debug|Any CPU
		{07013AD6-6329-4623-954C-FE8DBAEC959F}.Debug|Mixed Platforms.ActiveCfg = Debug|Any CPU
		{07013AD6-6329-4623-954C-FE8DBAEC959F}.Debug|Mixed Platforms.Build.0 = Debug|Any CPU
		{07013AD6-6329-4623-954C-FE8DBAEC959F}.Debug|x86.ActiveCfg = Debug|x86
		{07013AD6-6329-4623-954C-FE8DBAEC959F}.Debug|x86.Build.0 = Debug|x86
		{07013AD6-6329-4623-954C-FE8DBAEC959F}.Release|Any CPU.ActiveCfg = Release|Any CPU
		{07013AD6-6329-4623-954C-FE8DBAEC959F}.Release|Any CPU.Build.0 = Release|Any CPU
		{07013AD6-6329-4623-954C-FE8DBAEC959F}.Release|Mixed Platforms.ActiveCfg = Release|Any CPU
		{07013AD6-6329-4623-954C-FE8DBAEC959F}.Release|Mixed Platforms.Build.0 = Release|Any CPU
		{07013AD6-6329-4623-954C-FE8DBAEC959F}.Release|x86.ActiveCfg = Release|x86
		{07013AD6-6329-4623-954C-FE8DBAEC959F}.Release|x86.Build.0 = Release|x86
		{BE78ECAD-61F9-4410-962A-9D23A974E1FC}.Debug|Any CPU.ActiveCfg = Debug|Any CPU
		{BE78ECAD-61F9-4410-962A-9D23A974E1FC}.Debug|Any CPU.Build.0 = Debug|Any CPU
		{BE78ECAD-61F9-4410-962A-9D23A974E1FC}.Debug|Mixed Platforms.ActiveCfg = Debug|Any CPU
		{BE78ECAD-61F9-4410-962A-9D23A974E1FC}.Debug|Mixed Platforms.Build.0 = Debug|Any CPU
		{BE78ECAD-61F9-4410-962A-9D23A974E1FC}.Debug|x86.ActiveCfg = Debug|x86
		{BE78ECAD-61F9-4410-962A-9D23A974E1FC}.Debug|x86.Build.0 = Debug|x86
		{BE78ECAD-61F9-4410-962A-9D23A974E1FC}.Release|Any CPU.ActiveCfg = Release|Any CPU
		{BE78ECAD-61F9-4410-962A-9D23A974E1FC}.Release|Any CPU.Build.0 = Release|Any CPU
		{BE78ECAD-61F9-4410-962A-9D23A974E1FC}.Release|Mixed Platforms.ActiveCfg = Release|Any CPU
		{BE78ECAD-61F9-4410-962A-9D23A974E1FC}.Release|Mixed Platforms.Build.0 = Release|Any CPU
		{BE78ECAD-61F9-4410-962A-9D23A974E1FC}.Release|x86.ActiveCfg = Release|x86
		{BE78ECAD-61F9-4410-962A-9D23A974E1FC}.Release|x86.Build.0 = Release|x86
		{A7748506-7BE8-4218-BBB4-2BE271A3C540}.Debug|Any CPU.ActiveCfg = Debug|Any CPU
		{A7748506-7BE8-4218-BBB4-2BE271A3C540}.Debug|Any CPU.Build.0 = Debug|Any CPU
		{A7748506-7BE8-4218-BBB4-2BE271A3C540}.Debug|Mixed Platforms.ActiveCfg = Debug|Any CPU
		{A7748506-7BE8-4218-BBB4-2BE271A3C540}.Debug|Mixed Platforms.Build.0 = Debug|Any CPU
		{A7748506-7BE8-4218-BBB4-2BE271A3C540}.Debug|x86.ActiveCfg = Debug|x86
		{A7748506-7BE8-4218-BBB4-2BE271A3C540}.Debug|x86.Build.0 = Debug|x86
		{A7748506-7BE8-4218-BBB4-2BE271A3C540}.Release|Any CPU.ActiveCfg = Release|Any CPU
		{A7748506-7BE8-4218-BBB4-2BE271A3C540}.Release|Any CPU.Build.0 = Release|Any CPU
		{A7748506-7BE8-4218-BBB4-2BE271A3C540}.Release|Mixed Platforms.ActiveCfg = Release|Any CPU
		{A7748506-7BE8-4218-BBB4-2BE271A3C540}.Release|Mixed Platforms.Build.0 = Release|Any CPU
		{A7748506-7BE8-4218-BBB4-2BE271A3C540}.Release|x86.ActiveCfg = Release|x86
		{A7748506-7BE8-4218-BBB4-2BE271A3C540}.Release|x86.Build.0 = Release|x86
		{F019AFE7-0629-4F47-A34E-923A9D422BE2}.Debug|Any CPU.ActiveCfg = Debug|Any CPU
		{F019AFE7-0629-4F47-A34E-923A9D422BE2}.Debug|Any CPU.Build.0 = Debug|Any CPU
		{F019AFE7-0629-4F47-A34E-923A9D422BE2}.Debug|Mixed Platforms.ActiveCfg = Debug|Any CPU
		{F019AFE7-0629-4F47-A34E-923A9D422BE2}.Debug|Mixed Platforms.Build.0 = Debug|Any CPU
		{F019AFE7-0629-4F47-A34E-923A9D422BE2}.Debug|x86.ActiveCfg = Debug|x86
		{F019AFE7-0629-4F47-A34E-923A9D422BE2}.Debug|x86.Build.0 = Debug|x86
		{F019AFE7-0629-4F47-A34E-923A9D422BE2}.Release|Any CPU.ActiveCfg = Release|Any CPU
		{F019AFE7-0629-4F47-A34E-923A9D422BE2}.Release|Any CPU.Build.0 = Release|Any CPU
		{F019AFE7-0629-4F47-A34E-923A9D422BE2}.Release|Mixed Platforms.ActiveCfg = Release|Any CPU
		{F019AFE7-0629-4F47-A34E-923A9D422BE2}.Release|Mixed Platforms.Build.0 = Release|Any CPU
		{F019AFE7-0629-4F47-A34E-923A9D422BE2}.Release|x86.ActiveCfg = Release|x86
		{F019AFE7-0629-4F47-A34E-923A9D422BE2}.Release|x86.Build.0 = Release|x86
		{51EA94B8-8D77-44F7-A35F-DCCAA8C39149}.Debug|Any CPU.ActiveCfg = Debug|Any CPU
		{51EA94B8-8D77-44F7-A35F-DCCAA8C39149}.Debug|Any CPU.Build.0 = Debug|Any CPU
		{51EA94B8-8D77-44F7-A35F-DCCAA8C39149}.Debug|Mixed Platforms.ActiveCfg = Debug|Any CPU
		{51EA94B8-8D77-44F7-A35F-DCCAA8C39149}.Debug|Mixed Platforms.Build.0 = Debug|Any CPU
		{51EA94B8-8D77-44F7-A35F-DCCAA8C39149}.Debug|x86.ActiveCfg = Debug|x86
		{51EA94B8-8D77-44F7-A35F-DCCAA8C39149}.Debug|x86.Build.0 = Debug|x86
		{51EA94B8-8D77-44F7-A35F-DCCAA8C39149}.Release|Any CPU.ActiveCfg = Release|Any CPU
		{51EA94B8-8D77-44F7-A35F-DCCAA8C39149}.Release|Any CPU.Build.0 = Release|Any CPU
		{51EA94B8-8D77-44F7-A35F-DCCAA8C39149}.Release|Mixed Platforms.ActiveCfg = Release|Any CPU
		{51EA94B8-8D77-44F7-A35F-DCCAA8C39149}.Release|Mixed Platforms.Build.0 = Release|Any CPU
		{51EA94B8-8D77-44F7-A35F-DCCAA8C39149}.Release|x86.ActiveCfg = Release|x86
		{51EA94B8-8D77-44F7-A35F-DCCAA8C39149}.Release|x86.Build.0 = Release|x86
		{923C1FFC-E7E7-4C2F-A214-9766EA916E27}.Debug|Any CPU.ActiveCfg = Debug|Any CPU
		{923C1FFC-E7E7-4C2F-A214-9766EA916E27}.Debug|Any CPU.Build.0 = Debug|Any CPU
		{923C1FFC-E7E7-4C2F-A214-9766EA916E27}.Debug|Mixed Platforms.ActiveCfg = Debug|Any CPU
		{923C1FFC-E7E7-4C2F-A214-9766EA916E27}.Debug|Mixed Platforms.Build.0 = Debug|Any CPU
		{923C1FFC-E7E7-4C2F-A214-9766EA916E27}.Debug|x86.ActiveCfg = Debug|x86
		{923C1FFC-E7E7-4C2F-A214-9766EA916E27}.Debug|x86.Build.0 = Debug|x86
		{923C1FFC-E7E7-4C2F-A214-9766EA916E27}.Release|Any CPU.ActiveCfg = Release|Any CPU
		{923C1FFC-E7E7-4C2F-A214-9766EA916E27}.Release|Any CPU.Build.0 = Release|Any CPU
		{923C1FFC-E7E7-4C2F-A214-9766EA916E27}.Release|Mixed Platforms.ActiveCfg = Release|Any CPU
		{923C1FFC-E7E7-4C2F-A214-9766EA916E27}.Release|Mixed Platforms.Build.0 = Release|Any CPU
		{923C1FFC-E7E7-4C2F-A214-9766EA916E27}.Release|x86.ActiveCfg = Release|x86
		{923C1FFC-E7E7-4C2F-A214-9766EA916E27}.Release|x86.Build.0 = Release|x86
		{F8ED4A63-5C04-4EBE-8840-B14E1C82BFA9}.Debug|Any CPU.ActiveCfg = Debug|Any CPU
		{F8ED4A63-5C04-4EBE-8840-B14E1C82BFA9}.Debug|Any CPU.Build.0 = Debug|Any CPU
		{F8ED4A63-5C04-4EBE-8840-B14E1C82BFA9}.Debug|Mixed Platforms.ActiveCfg = Debug|Any CPU
		{F8ED4A63-5C04-4EBE-8840-B14E1C82BFA9}.Debug|Mixed Platforms.Build.0 = Debug|Any CPU
		{F8ED4A63-5C04-4EBE-8840-B14E1C82BFA9}.Debug|x86.ActiveCfg = Debug|Any CPU
		{F8ED4A63-5C04-4EBE-8840-B14E1C82BFA9}.Release|Any CPU.ActiveCfg = Release|Any CPU
		{F8ED4A63-5C04-4EBE-8840-B14E1C82BFA9}.Release|Any CPU.Build.0 = Release|Any CPU
		{F8ED4A63-5C04-4EBE-8840-B14E1C82BFA9}.Release|Mixed Platforms.ActiveCfg = Release|Any CPU
		{F8ED4A63-5C04-4EBE-8840-B14E1C82BFA9}.Release|Mixed Platforms.Build.0 = Release|Any CPU
		{F8ED4A63-5C04-4EBE-8840-B14E1C82BFA9}.Release|x86.ActiveCfg = Release|Any CPU
		{8215B812-2213-4AD6-BB6F-B7B87C723731}.Debug|Any CPU.ActiveCfg = Debug|Any CPU
		{8215B812-2213-4AD6-BB6F-B7B87C723731}.Debug|Any CPU.Build.0 = Debug|Any CPU
		{8215B812-2213-4AD6-BB6F-B7B87C723731}.Debug|Mixed Platforms.ActiveCfg = Debug|Any CPU
		{8215B812-2213-4AD6-BB6F-B7B87C723731}.Debug|Mixed Platforms.Build.0 = Debug|Any CPU
		{8215B812-2213-4AD6-BB6F-B7B87C723731}.Debug|x86.ActiveCfg = Debug|Any CPU
		{8215B812-2213-4AD6-BB6F-B7B87C723731}.Release|Any CPU.ActiveCfg = Release|Any CPU
		{8215B812-2213-4AD6-BB6F-B7B87C723731}.Release|Any CPU.Build.0 = Release|Any CPU
		{8215B812-2213-4AD6-BB6F-B7B87C723731}.Release|Mixed Platforms.ActiveCfg = Release|Any CPU
		{8215B812-2213-4AD6-BB6F-B7B87C723731}.Release|Mixed Platforms.Build.0 = Release|Any CPU
		{8215B812-2213-4AD6-BB6F-B7B87C723731}.Release|x86.ActiveCfg = Release|Any CPU
		{022A175A-D2AD-469A-9368-3B2329274ED9}.Debug|Any CPU.ActiveCfg = Debug|Any CPU
		{022A175A-D2AD-469A-9368-3B2329274ED9}.Debug|Any CPU.Build.0 = Debug|Any CPU
		{022A175A-D2AD-469A-9368-3B2329274ED9}.Debug|Mixed Platforms.ActiveCfg = Debug|Any CPU
		{022A175A-D2AD-469A-9368-3B2329274ED9}.Debug|Mixed Platforms.Build.0 = Debug|Any CPU
		{022A175A-D2AD-469A-9368-3B2329274ED9}.Debug|x86.ActiveCfg = Debug|Any CPU
		{022A175A-D2AD-469A-9368-3B2329274ED9}.Release|Any CPU.ActiveCfg = Release|Any CPU
		{022A175A-D2AD-469A-9368-3B2329274ED9}.Release|Any CPU.Build.0 = Release|Any CPU
		{022A175A-D2AD-469A-9368-3B2329274ED9}.Release|Mixed Platforms.ActiveCfg = Release|Any CPU
		{022A175A-D2AD-469A-9368-3B2329274ED9}.Release|Mixed Platforms.Build.0 = Release|Any CPU
		{022A175A-D2AD-469A-9368-3B2329274ED9}.Release|x86.ActiveCfg = Release|Any CPU
		{876F26DE-0DC6-401C-8006-9E8B411D8E51}.Debug|Any CPU.ActiveCfg = Debug|Any CPU
		{876F26DE-0DC6-401C-8006-9E8B411D8E51}.Debug|Any CPU.Build.0 = Debug|Any CPU
		{876F26DE-0DC6-401C-8006-9E8B411D8E51}.Debug|Mixed Platforms.ActiveCfg = Debug|Any CPU
		{876F26DE-0DC6-401C-8006-9E8B411D8E51}.Debug|Mixed Platforms.Build.0 = Debug|Any CPU
		{876F26DE-0DC6-401C-8006-9E8B411D8E51}.Debug|x86.ActiveCfg = Debug|Any CPU
		{876F26DE-0DC6-401C-8006-9E8B411D8E51}.Release|Any CPU.ActiveCfg = Release|Any CPU
		{876F26DE-0DC6-401C-8006-9E8B411D8E51}.Release|Any CPU.Build.0 = Release|Any CPU
		{876F26DE-0DC6-401C-8006-9E8B411D8E51}.Release|Mixed Platforms.ActiveCfg = Release|Any CPU
		{876F26DE-0DC6-401C-8006-9E8B411D8E51}.Release|Mixed Platforms.Build.0 = Release|Any CPU
		{876F26DE-0DC6-401C-8006-9E8B411D8E51}.Release|x86.ActiveCfg = Release|Any CPU
		{D72C8B9A-A0EC-483D-B338-980691762E51}.Debug|Any CPU.ActiveCfg = Debug|Any CPU
		{D72C8B9A-A0EC-483D-B338-980691762E51}.Debug|Any CPU.Build.0 = Debug|Any CPU
		{D72C8B9A-A0EC-483D-B338-980691762E51}.Debug|Mixed Platforms.ActiveCfg = Debug|Any CPU
		{D72C8B9A-A0EC-483D-B338-980691762E51}.Debug|Mixed Platforms.Build.0 = Debug|Any CPU
		{D72C8B9A-A0EC-483D-B338-980691762E51}.Debug|x86.ActiveCfg = Debug|Any CPU
		{D72C8B9A-A0EC-483D-B338-980691762E51}.Release|Any CPU.ActiveCfg = Release|Any CPU
		{D72C8B9A-A0EC-483D-B338-980691762E51}.Release|Any CPU.Build.0 = Release|Any CPU
		{D72C8B9A-A0EC-483D-B338-980691762E51}.Release|Mixed Platforms.ActiveCfg = Release|Any CPU
		{D72C8B9A-A0EC-483D-B338-980691762E51}.Release|Mixed Platforms.Build.0 = Release|Any CPU
		{D72C8B9A-A0EC-483D-B338-980691762E51}.Release|x86.ActiveCfg = Release|Any CPU
		{C49D5979-1B2F-4CA2-8473-50FB2BF9AB54}.Debug|Any CPU.ActiveCfg = Debug|Any CPU
		{C49D5979-1B2F-4CA2-8473-50FB2BF9AB54}.Debug|Any CPU.Build.0 = Debug|Any CPU
		{C49D5979-1B2F-4CA2-8473-50FB2BF9AB54}.Debug|Mixed Platforms.ActiveCfg = Debug|Any CPU
		{C49D5979-1B2F-4CA2-8473-50FB2BF9AB54}.Debug|Mixed Platforms.Build.0 = Debug|Any CPU
		{C49D5979-1B2F-4CA2-8473-50FB2BF9AB54}.Debug|x86.ActiveCfg = Debug|Any CPU
		{C49D5979-1B2F-4CA2-8473-50FB2BF9AB54}.Release|Any CPU.ActiveCfg = Release|Any CPU
		{C49D5979-1B2F-4CA2-8473-50FB2BF9AB54}.Release|Any CPU.Build.0 = Release|Any CPU
		{C49D5979-1B2F-4CA2-8473-50FB2BF9AB54}.Release|Mixed Platforms.ActiveCfg = Release|Any CPU
		{C49D5979-1B2F-4CA2-8473-50FB2BF9AB54}.Release|Mixed Platforms.Build.0 = Release|Any CPU
		{C49D5979-1B2F-4CA2-8473-50FB2BF9AB54}.Release|x86.ActiveCfg = Release|Any CPU
		{45E7C3C5-52AA-477E-814F-4D52CA6D758A}.Debug|Any CPU.ActiveCfg = Debug|Any CPU
		{45E7C3C5-52AA-477E-814F-4D52CA6D758A}.Debug|Any CPU.Build.0 = Debug|Any CPU
		{45E7C3C5-52AA-477E-814F-4D52CA6D758A}.Debug|Mixed Platforms.ActiveCfg = Debug|Any CPU
		{45E7C3C5-52AA-477E-814F-4D52CA6D758A}.Debug|Mixed Platforms.Build.0 = Debug|Any CPU
		{45E7C3C5-52AA-477E-814F-4D52CA6D758A}.Debug|x86.ActiveCfg = Debug|Any CPU
		{45E7C3C5-52AA-477E-814F-4D52CA6D758A}.Release|Any CPU.ActiveCfg = Release|Any CPU
		{45E7C3C5-52AA-477E-814F-4D52CA6D758A}.Release|Any CPU.Build.0 = Release|Any CPU
		{45E7C3C5-52AA-477E-814F-4D52CA6D758A}.Release|Mixed Platforms.ActiveCfg = Release|Any CPU
		{45E7C3C5-52AA-477E-814F-4D52CA6D758A}.Release|Mixed Platforms.Build.0 = Release|Any CPU
		{45E7C3C5-52AA-477E-814F-4D52CA6D758A}.Release|x86.ActiveCfg = Release|Any CPU
		{7B97EF4D-B898-4A06-822A-632EF70B20F7}.Debug|Any CPU.ActiveCfg = Debug|Any CPU
		{7B97EF4D-B898-4A06-822A-632EF70B20F7}.Debug|Any CPU.Build.0 = Debug|Any CPU
		{7B97EF4D-B898-4A06-822A-632EF70B20F7}.Debug|Mixed Platforms.ActiveCfg = Debug|Any CPU
		{7B97EF4D-B898-4A06-822A-632EF70B20F7}.Debug|Mixed Platforms.Build.0 = Debug|Any CPU
		{7B97EF4D-B898-4A06-822A-632EF70B20F7}.Debug|x86.ActiveCfg = Debug|Any CPU
		{7B97EF4D-B898-4A06-822A-632EF70B20F7}.Release|Any CPU.ActiveCfg = Release|Any CPU
		{7B97EF4D-B898-4A06-822A-632EF70B20F7}.Release|Any CPU.Build.0 = Release|Any CPU
		{7B97EF4D-B898-4A06-822A-632EF70B20F7}.Release|Mixed Platforms.ActiveCfg = Release|Any CPU
		{7B97EF4D-B898-4A06-822A-632EF70B20F7}.Release|Mixed Platforms.Build.0 = Release|Any CPU
		{7B97EF4D-B898-4A06-822A-632EF70B20F7}.Release|x86.ActiveCfg = Release|Any CPU
		{9B147694-97D6-44D9-94B3-D284BC14558B}.Debug|Any CPU.ActiveCfg = Debug|Any CPU
		{9B147694-97D6-44D9-94B3-D284BC14558B}.Debug|Any CPU.Build.0 = Debug|Any CPU
		{9B147694-97D6-44D9-94B3-D284BC14558B}.Debug|Mixed Platforms.ActiveCfg = Debug|Any CPU
		{9B147694-97D6-44D9-94B3-D284BC14558B}.Debug|Mixed Platforms.Build.0 = Debug|Any CPU
		{9B147694-97D6-44D9-94B3-D284BC14558B}.Debug|x86.ActiveCfg = Debug|Any CPU
		{9B147694-97D6-44D9-94B3-D284BC14558B}.Release|Any CPU.ActiveCfg = Release|Any CPU
		{9B147694-97D6-44D9-94B3-D284BC14558B}.Release|Any CPU.Build.0 = Release|Any CPU
		{9B147694-97D6-44D9-94B3-D284BC14558B}.Release|Mixed Platforms.ActiveCfg = Release|Any CPU
		{9B147694-97D6-44D9-94B3-D284BC14558B}.Release|Mixed Platforms.Build.0 = Release|Any CPU
		{9B147694-97D6-44D9-94B3-D284BC14558B}.Release|x86.ActiveCfg = Release|Any CPU
		{4C2ADD34-4294-4A15-BF4D-42C0158F0C0F}.Debug|Any CPU.ActiveCfg = Debug|Any CPU
		{4C2ADD34-4294-4A15-BF4D-42C0158F0C0F}.Debug|Any CPU.Build.0 = Debug|Any CPU
		{4C2ADD34-4294-4A15-BF4D-42C0158F0C0F}.Debug|Mixed Platforms.ActiveCfg = Debug|Any CPU
		{4C2ADD34-4294-4A15-BF4D-42C0158F0C0F}.Debug|Mixed Platforms.Build.0 = Debug|Any CPU
		{4C2ADD34-4294-4A15-BF4D-42C0158F0C0F}.Debug|x86.ActiveCfg = Debug|Any CPU
		{4C2ADD34-4294-4A15-BF4D-42C0158F0C0F}.Release|Any CPU.ActiveCfg = Release|Any CPU
		{4C2ADD34-4294-4A15-BF4D-42C0158F0C0F}.Release|Any CPU.Build.0 = Release|Any CPU
		{4C2ADD34-4294-4A15-BF4D-42C0158F0C0F}.Release|Mixed Platforms.ActiveCfg = Release|Any CPU
		{4C2ADD34-4294-4A15-BF4D-42C0158F0C0F}.Release|Mixed Platforms.Build.0 = Release|Any CPU
		{4C2ADD34-4294-4A15-BF4D-42C0158F0C0F}.Release|x86.ActiveCfg = Release|Any CPU
		{8937DE06-DBE0-49B8-BF25-732E95329EEB}.Debug|Any CPU.ActiveCfg = Debug|Any CPU
		{8937DE06-DBE0-49B8-BF25-732E95329EEB}.Debug|Any CPU.Build.0 = Debug|Any CPU
		{8937DE06-DBE0-49B8-BF25-732E95329EEB}.Debug|Mixed Platforms.ActiveCfg = Debug|Any CPU
		{8937DE06-DBE0-49B8-BF25-732E95329EEB}.Debug|Mixed Platforms.Build.0 = Debug|Any CPU
		{8937DE06-DBE0-49B8-BF25-732E95329EEB}.Debug|x86.ActiveCfg = Debug|Any CPU
		{8937DE06-DBE0-49B8-BF25-732E95329EEB}.Release|Any CPU.ActiveCfg = Release|Any CPU
		{8937DE06-DBE0-49B8-BF25-732E95329EEB}.Release|Any CPU.Build.0 = Release|Any CPU
		{8937DE06-DBE0-49B8-BF25-732E95329EEB}.Release|Mixed Platforms.ActiveCfg = Release|Any CPU
		{8937DE06-DBE0-49B8-BF25-732E95329EEB}.Release|Mixed Platforms.Build.0 = Release|Any CPU
		{8937DE06-DBE0-49B8-BF25-732E95329EEB}.Release|x86.ActiveCfg = Release|Any CPU
		{9C257405-20F3-41DF-80D4-74976AAA6C6B}.Debug|Any CPU.ActiveCfg = Debug|Any CPU
		{9C257405-20F3-41DF-80D4-74976AAA6C6B}.Debug|Any CPU.Build.0 = Debug|Any CPU
		{9C257405-20F3-41DF-80D4-74976AAA6C6B}.Debug|Mixed Platforms.ActiveCfg = Debug|Any CPU
		{9C257405-20F3-41DF-80D4-74976AAA6C6B}.Debug|Mixed Platforms.Build.0 = Debug|Any CPU
		{9C257405-20F3-41DF-80D4-74976AAA6C6B}.Debug|x86.ActiveCfg = Debug|Any CPU
		{9C257405-20F3-41DF-80D4-74976AAA6C6B}.Release|Any CPU.ActiveCfg = Release|Any CPU
		{9C257405-20F3-41DF-80D4-74976AAA6C6B}.Release|Any CPU.Build.0 = Release|Any CPU
		{9C257405-20F3-41DF-80D4-74976AAA6C6B}.Release|Mixed Platforms.ActiveCfg = Release|Any CPU
		{9C257405-20F3-41DF-80D4-74976AAA6C6B}.Release|Mixed Platforms.Build.0 = Release|Any CPU
		{9C257405-20F3-41DF-80D4-74976AAA6C6B}.Release|x86.ActiveCfg = Release|Any CPU
		{51A37CFF-227D-40DB-A9FE-094C6DA3773E}.Debug|Any CPU.ActiveCfg = Debug|Any CPU
		{51A37CFF-227D-40DB-A9FE-094C6DA3773E}.Debug|Any CPU.Build.0 = Debug|Any CPU
		{51A37CFF-227D-40DB-A9FE-094C6DA3773E}.Debug|Mixed Platforms.ActiveCfg = Debug|Any CPU
		{51A37CFF-227D-40DB-A9FE-094C6DA3773E}.Debug|Mixed Platforms.Build.0 = Debug|Any CPU
		{51A37CFF-227D-40DB-A9FE-094C6DA3773E}.Debug|x86.ActiveCfg = Debug|Any CPU
		{51A37CFF-227D-40DB-A9FE-094C6DA3773E}.Release|Any CPU.ActiveCfg = Release|Any CPU
		{51A37CFF-227D-40DB-A9FE-094C6DA3773E}.Release|Any CPU.Build.0 = Release|Any CPU
		{51A37CFF-227D-40DB-A9FE-094C6DA3773E}.Release|Mixed Platforms.ActiveCfg = Release|Any CPU
		{51A37CFF-227D-40DB-A9FE-094C6DA3773E}.Release|Mixed Platforms.Build.0 = Release|Any CPU
		{51A37CFF-227D-40DB-A9FE-094C6DA3773E}.Release|x86.ActiveCfg = Release|Any CPU
		{5C9A7965-BB79-4C4D-A6E7-9E4604064941}.Debug|Any CPU.ActiveCfg = Debug|Any CPU
		{5C9A7965-BB79-4C4D-A6E7-9E4604064941}.Debug|Any CPU.Build.0 = Debug|Any CPU
		{5C9A7965-BB79-4C4D-A6E7-9E4604064941}.Debug|Mixed Platforms.ActiveCfg = Debug|Any CPU
		{5C9A7965-BB79-4C4D-A6E7-9E4604064941}.Debug|Mixed Platforms.Build.0 = Debug|Any CPU
		{5C9A7965-BB79-4C4D-A6E7-9E4604064941}.Debug|x86.ActiveCfg = Debug|x86
		{5C9A7965-BB79-4C4D-A6E7-9E4604064941}.Debug|x86.Build.0 = Debug|x86
		{5C9A7965-BB79-4C4D-A6E7-9E4604064941}.Release|Any CPU.ActiveCfg = Release|Any CPU
		{5C9A7965-BB79-4C4D-A6E7-9E4604064941}.Release|Any CPU.Build.0 = Release|Any CPU
		{5C9A7965-BB79-4C4D-A6E7-9E4604064941}.Release|Mixed Platforms.ActiveCfg = Release|Any CPU
		{5C9A7965-BB79-4C4D-A6E7-9E4604064941}.Release|Mixed Platforms.Build.0 = Release|Any CPU
		{5C9A7965-BB79-4C4D-A6E7-9E4604064941}.Release|x86.ActiveCfg = Release|x86
		{5C9A7965-BB79-4C4D-A6E7-9E4604064941}.Release|x86.Build.0 = Release|x86
		{43AE9A8C-FF35-44F0-BCA3-4F96FE7DF6B3}.Debug|Any CPU.ActiveCfg = Debug|Any CPU
		{43AE9A8C-FF35-44F0-BCA3-4F96FE7DF6B3}.Debug|Any CPU.Build.0 = Debug|Any CPU
		{43AE9A8C-FF35-44F0-BCA3-4F96FE7DF6B3}.Debug|Mixed Platforms.ActiveCfg = Debug|Any CPU
		{43AE9A8C-FF35-44F0-BCA3-4F96FE7DF6B3}.Debug|Mixed Platforms.Build.0 = Debug|Any CPU
		{43AE9A8C-FF35-44F0-BCA3-4F96FE7DF6B3}.Debug|x86.ActiveCfg = Debug|x86
		{43AE9A8C-FF35-44F0-BCA3-4F96FE7DF6B3}.Debug|x86.Build.0 = Debug|x86
		{43AE9A8C-FF35-44F0-BCA3-4F96FE7DF6B3}.Release|Any CPU.ActiveCfg = Release|Any CPU
		{43AE9A8C-FF35-44F0-BCA3-4F96FE7DF6B3}.Release|Any CPU.Build.0 = Release|Any CPU
		{43AE9A8C-FF35-44F0-BCA3-4F96FE7DF6B3}.Release|Mixed Platforms.ActiveCfg = Release|Any CPU
		{43AE9A8C-FF35-44F0-BCA3-4F96FE7DF6B3}.Release|Mixed Platforms.Build.0 = Release|Any CPU
		{43AE9A8C-FF35-44F0-BCA3-4F96FE7DF6B3}.Release|x86.ActiveCfg = Release|x86
		{43AE9A8C-FF35-44F0-BCA3-4F96FE7DF6B3}.Release|x86.Build.0 = Release|x86
		{5D34DCA3-FB9A-4236-92CF-C81B8B716475}.Debug|Any CPU.ActiveCfg = Debug|Any CPU
		{5D34DCA3-FB9A-4236-92CF-C81B8B716475}.Debug|Any CPU.Build.0 = Debug|Any CPU
		{5D34DCA3-FB9A-4236-92CF-C81B8B716475}.Debug|Mixed Platforms.ActiveCfg = Debug|Any CPU
		{5D34DCA3-FB9A-4236-92CF-C81B8B716475}.Debug|Mixed Platforms.Build.0 = Debug|Any CPU
		{5D34DCA3-FB9A-4236-92CF-C81B8B716475}.Debug|x86.ActiveCfg = Debug|x86
		{5D34DCA3-FB9A-4236-92CF-C81B8B716475}.Debug|x86.Build.0 = Debug|x86
		{5D34DCA3-FB9A-4236-92CF-C81B8B716475}.Release|Any CPU.ActiveCfg = Release|Any CPU
		{5D34DCA3-FB9A-4236-92CF-C81B8B716475}.Release|Any CPU.Build.0 = Release|Any CPU
		{5D34DCA3-FB9A-4236-92CF-C81B8B716475}.Release|Mixed Platforms.ActiveCfg = Release|Any CPU
		{5D34DCA3-FB9A-4236-92CF-C81B8B716475}.Release|Mixed Platforms.Build.0 = Release|Any CPU
		{5D34DCA3-FB9A-4236-92CF-C81B8B716475}.Release|x86.ActiveCfg = Release|x86
		{5D34DCA3-FB9A-4236-92CF-C81B8B716475}.Release|x86.Build.0 = Release|x86
		{7432B50D-04C6-46DC-9948-01D613050753}.Debug|Any CPU.ActiveCfg = Debug|Any CPU
		{7432B50D-04C6-46DC-9948-01D613050753}.Debug|Any CPU.Build.0 = Debug|Any CPU
		{7432B50D-04C6-46DC-9948-01D613050753}.Debug|Mixed Platforms.ActiveCfg = Debug|Any CPU
		{7432B50D-04C6-46DC-9948-01D613050753}.Debug|Mixed Platforms.Build.0 = Debug|Any CPU
		{7432B50D-04C6-46DC-9948-01D613050753}.Debug|x86.ActiveCfg = Debug|x86
		{7432B50D-04C6-46DC-9948-01D613050753}.Debug|x86.Build.0 = Debug|x86
		{7432B50D-04C6-46DC-9948-01D613050753}.Release|Any CPU.ActiveCfg = Release|Any CPU
		{7432B50D-04C6-46DC-9948-01D613050753}.Release|Any CPU.Build.0 = Release|Any CPU
		{7432B50D-04C6-46DC-9948-01D613050753}.Release|Mixed Platforms.ActiveCfg = Release|Any CPU
		{7432B50D-04C6-46DC-9948-01D613050753}.Release|Mixed Platforms.Build.0 = Release|Any CPU
		{7432B50D-04C6-46DC-9948-01D613050753}.Release|x86.ActiveCfg = Release|x86
		{7432B50D-04C6-46DC-9948-01D613050753}.Release|x86.Build.0 = Release|x86
		{FF905E54-7A02-4212-A637-541D33E3682F}.Debug|Any CPU.ActiveCfg = Debug|Any CPU
		{FF905E54-7A02-4212-A637-541D33E3682F}.Debug|Any CPU.Build.0 = Debug|Any CPU
		{FF905E54-7A02-4212-A637-541D33E3682F}.Debug|Mixed Platforms.ActiveCfg = Debug|Any CPU
		{FF905E54-7A02-4212-A637-541D33E3682F}.Debug|Mixed Platforms.Build.0 = Debug|Any CPU
		{FF905E54-7A02-4212-A637-541D33E3682F}.Debug|x86.ActiveCfg = Debug|x86
		{FF905E54-7A02-4212-A637-541D33E3682F}.Debug|x86.Build.0 = Debug|x86
		{FF905E54-7A02-4212-A637-541D33E3682F}.Release|Any CPU.ActiveCfg = Release|Any CPU
		{FF905E54-7A02-4212-A637-541D33E3682F}.Release|Any CPU.Build.0 = Release|Any CPU
		{FF905E54-7A02-4212-A637-541D33E3682F}.Release|Mixed Platforms.ActiveCfg = Release|Any CPU
		{FF905E54-7A02-4212-A637-541D33E3682F}.Release|Mixed Platforms.Build.0 = Release|Any CPU
		{FF905E54-7A02-4212-A637-541D33E3682F}.Release|x86.ActiveCfg = Release|x86
		{FF905E54-7A02-4212-A637-541D33E3682F}.Release|x86.Build.0 = Release|x86
		{0FE6EB46-1BDF-47AB-B365-0ABF4454910F}.Debug|Any CPU.ActiveCfg = Debug|Any CPU
		{0FE6EB46-1BDF-47AB-B365-0ABF4454910F}.Debug|Any CPU.Build.0 = Debug|Any CPU
		{0FE6EB46-1BDF-47AB-B365-0ABF4454910F}.Debug|Mixed Platforms.ActiveCfg = Debug|Any CPU
		{0FE6EB46-1BDF-47AB-B365-0ABF4454910F}.Debug|Mixed Platforms.Build.0 = Debug|Any CPU
		{0FE6EB46-1BDF-47AB-B365-0ABF4454910F}.Debug|x86.ActiveCfg = Debug|x86
		{0FE6EB46-1BDF-47AB-B365-0ABF4454910F}.Debug|x86.Build.0 = Debug|x86
		{0FE6EB46-1BDF-47AB-B365-0ABF4454910F}.Release|Any CPU.ActiveCfg = Release|Any CPU
		{0FE6EB46-1BDF-47AB-B365-0ABF4454910F}.Release|Any CPU.Build.0 = Release|Any CPU
		{0FE6EB46-1BDF-47AB-B365-0ABF4454910F}.Release|Mixed Platforms.ActiveCfg = Release|Any CPU
		{0FE6EB46-1BDF-47AB-B365-0ABF4454910F}.Release|Mixed Platforms.Build.0 = Release|Any CPU
		{0FE6EB46-1BDF-47AB-B365-0ABF4454910F}.Release|x86.ActiveCfg = Release|x86
		{0FE6EB46-1BDF-47AB-B365-0ABF4454910F}.Release|x86.Build.0 = Release|x86
		{C1C4C639-616C-406E-A0BD-DCB2480B7E0B}.Debug|Any CPU.ActiveCfg = Debug|Any CPU
		{C1C4C639-616C-406E-A0BD-DCB2480B7E0B}.Debug|Any CPU.Build.0 = Debug|Any CPU
		{C1C4C639-616C-406E-A0BD-DCB2480B7E0B}.Debug|Mixed Platforms.ActiveCfg = Debug|Any CPU
		{C1C4C639-616C-406E-A0BD-DCB2480B7E0B}.Debug|Mixed Platforms.Build.0 = Debug|Any CPU
		{C1C4C639-616C-406E-A0BD-DCB2480B7E0B}.Debug|x86.ActiveCfg = Debug|x86
		{C1C4C639-616C-406E-A0BD-DCB2480B7E0B}.Debug|x86.Build.0 = Debug|x86
		{C1C4C639-616C-406E-A0BD-DCB2480B7E0B}.Release|Any CPU.ActiveCfg = Release|Any CPU
		{C1C4C639-616C-406E-A0BD-DCB2480B7E0B}.Release|Any CPU.Build.0 = Release|Any CPU
		{C1C4C639-616C-406E-A0BD-DCB2480B7E0B}.Release|Mixed Platforms.ActiveCfg = Release|Any CPU
		{C1C4C639-616C-406E-A0BD-DCB2480B7E0B}.Release|Mixed Platforms.Build.0 = Release|Any CPU
		{C1C4C639-616C-406E-A0BD-DCB2480B7E0B}.Release|x86.ActiveCfg = Release|x86
		{C1C4C639-616C-406E-A0BD-DCB2480B7E0B}.Release|x86.Build.0 = Release|x86
		{D674FCBB-D612-4F6F-A65F-9DA32E673F25}.Debug|Any CPU.ActiveCfg = Debug|Any CPU
		{D674FCBB-D612-4F6F-A65F-9DA32E673F25}.Debug|Any CPU.Build.0 = Debug|Any CPU
		{D674FCBB-D612-4F6F-A65F-9DA32E673F25}.Debug|Mixed Platforms.ActiveCfg = Debug|Any CPU
		{D674FCBB-D612-4F6F-A65F-9DA32E673F25}.Debug|Mixed Platforms.Build.0 = Debug|Any CPU
		{D674FCBB-D612-4F6F-A65F-9DA32E673F25}.Debug|x86.ActiveCfg = Debug|x86
		{D674FCBB-D612-4F6F-A65F-9DA32E673F25}.Debug|x86.Build.0 = Debug|x86
		{D674FCBB-D612-4F6F-A65F-9DA32E673F25}.Release|Any CPU.ActiveCfg = Release|Any CPU
		{D674FCBB-D612-4F6F-A65F-9DA32E673F25}.Release|Any CPU.Build.0 = Release|Any CPU
		{D674FCBB-D612-4F6F-A65F-9DA32E673F25}.Release|Mixed Platforms.ActiveCfg = Release|Any CPU
		{D674FCBB-D612-4F6F-A65F-9DA32E673F25}.Release|Mixed Platforms.Build.0 = Release|Any CPU
		{D674FCBB-D612-4F6F-A65F-9DA32E673F25}.Release|x86.ActiveCfg = Release|x86
		{D674FCBB-D612-4F6F-A65F-9DA32E673F25}.Release|x86.Build.0 = Release|x86
		{A4AD6672-EDFD-4896-9F40-91363069F972}.Debug|Any CPU.ActiveCfg = Debug|Any CPU
		{A4AD6672-EDFD-4896-9F40-91363069F972}.Debug|Any CPU.Build.0 = Debug|Any CPU
		{A4AD6672-EDFD-4896-9F40-91363069F972}.Debug|Mixed Platforms.ActiveCfg = Debug|Any CPU
		{A4AD6672-EDFD-4896-9F40-91363069F972}.Debug|Mixed Platforms.Build.0 = Debug|Any CPU
		{A4AD6672-EDFD-4896-9F40-91363069F972}.Debug|x86.ActiveCfg = Debug|x86
		{A4AD6672-EDFD-4896-9F40-91363069F972}.Debug|x86.Build.0 = Debug|x86
		{A4AD6672-EDFD-4896-9F40-91363069F972}.Release|Any CPU.ActiveCfg = Release|Any CPU
		{A4AD6672-EDFD-4896-9F40-91363069F972}.Release|Any CPU.Build.0 = Release|Any CPU
		{A4AD6672-EDFD-4896-9F40-91363069F972}.Release|Mixed Platforms.ActiveCfg = Release|Any CPU
		{A4AD6672-EDFD-4896-9F40-91363069F972}.Release|Mixed Platforms.Build.0 = Release|Any CPU
		{A4AD6672-EDFD-4896-9F40-91363069F972}.Release|x86.ActiveCfg = Release|x86
		{A4AD6672-EDFD-4896-9F40-91363069F972}.Release|x86.Build.0 = Release|x86
		{8A5993A2-07EB-4589-A146-A6B5AB825E7F}.Debug|Any CPU.ActiveCfg = Debug|Any CPU
		{8A5993A2-07EB-4589-A146-A6B5AB825E7F}.Debug|Any CPU.Build.0 = Debug|Any CPU
		{8A5993A2-07EB-4589-A146-A6B5AB825E7F}.Debug|Mixed Platforms.ActiveCfg = Debug|Any CPU
		{8A5993A2-07EB-4589-A146-A6B5AB825E7F}.Debug|Mixed Platforms.Build.0 = Debug|Any CPU
		{8A5993A2-07EB-4589-A146-A6B5AB825E7F}.Debug|x86.ActiveCfg = Debug|x86
		{8A5993A2-07EB-4589-A146-A6B5AB825E7F}.Debug|x86.Build.0 = Debug|x86
		{8A5993A2-07EB-4589-A146-A6B5AB825E7F}.Release|Any CPU.ActiveCfg = Release|Any CPU
		{8A5993A2-07EB-4589-A146-A6B5AB825E7F}.Release|Any CPU.Build.0 = Release|Any CPU
		{8A5993A2-07EB-4589-A146-A6B5AB825E7F}.Release|Mixed Platforms.ActiveCfg = Release|Any CPU
		{8A5993A2-07EB-4589-A146-A6B5AB825E7F}.Release|Mixed Platforms.Build.0 = Release|Any CPU
		{8A5993A2-07EB-4589-A146-A6B5AB825E7F}.Release|x86.ActiveCfg = Release|x86
		{8A5993A2-07EB-4589-A146-A6B5AB825E7F}.Release|x86.Build.0 = Release|x86
		{7444ED07-FAB0-4966-AB94-5C1DF7E67834}.Debug|Any CPU.ActiveCfg = Debug|Any CPU
		{7444ED07-FAB0-4966-AB94-5C1DF7E67834}.Debug|Any CPU.Build.0 = Debug|Any CPU
		{7444ED07-FAB0-4966-AB94-5C1DF7E67834}.Debug|Mixed Platforms.ActiveCfg = Debug|Any CPU
		{7444ED07-FAB0-4966-AB94-5C1DF7E67834}.Debug|Mixed Platforms.Build.0 = Debug|Any CPU
		{7444ED07-FAB0-4966-AB94-5C1DF7E67834}.Debug|x86.ActiveCfg = Debug|x86
		{7444ED07-FAB0-4966-AB94-5C1DF7E67834}.Debug|x86.Build.0 = Debug|x86
		{7444ED07-FAB0-4966-AB94-5C1DF7E67834}.Release|Any CPU.ActiveCfg = Release|Any CPU
		{7444ED07-FAB0-4966-AB94-5C1DF7E67834}.Release|Any CPU.Build.0 = Release|Any CPU
		{7444ED07-FAB0-4966-AB94-5C1DF7E67834}.Release|Mixed Platforms.ActiveCfg = Release|Any CPU
		{7444ED07-FAB0-4966-AB94-5C1DF7E67834}.Release|Mixed Platforms.Build.0 = Release|Any CPU
		{7444ED07-FAB0-4966-AB94-5C1DF7E67834}.Release|x86.ActiveCfg = Release|x86
		{7444ED07-FAB0-4966-AB94-5C1DF7E67834}.Release|x86.Build.0 = Release|x86
		{2F403D16-22E4-4AF4-80CD-6EE4F5012720}.Debug|Any CPU.ActiveCfg = Debug|Any CPU
		{2F403D16-22E4-4AF4-80CD-6EE4F5012720}.Debug|Any CPU.Build.0 = Debug|Any CPU
		{2F403D16-22E4-4AF4-80CD-6EE4F5012720}.Debug|Mixed Platforms.ActiveCfg = Debug|Any CPU
		{2F403D16-22E4-4AF4-80CD-6EE4F5012720}.Debug|Mixed Platforms.Build.0 = Debug|Any CPU
		{2F403D16-22E4-4AF4-80CD-6EE4F5012720}.Debug|x86.ActiveCfg = Debug|x86
		{2F403D16-22E4-4AF4-80CD-6EE4F5012720}.Debug|x86.Build.0 = Debug|x86
		{2F403D16-22E4-4AF4-80CD-6EE4F5012720}.Release|Any CPU.ActiveCfg = Release|Any CPU
		{2F403D16-22E4-4AF4-80CD-6EE4F5012720}.Release|Any CPU.Build.0 = Release|Any CPU
		{2F403D16-22E4-4AF4-80CD-6EE4F5012720}.Release|Mixed Platforms.ActiveCfg = Release|Any CPU
		{2F403D16-22E4-4AF4-80CD-6EE4F5012720}.Release|Mixed Platforms.Build.0 = Release|Any CPU
		{2F403D16-22E4-4AF4-80CD-6EE4F5012720}.Release|x86.ActiveCfg = Release|x86
		{2F403D16-22E4-4AF4-80CD-6EE4F5012720}.Release|x86.Build.0 = Release|x86
		{766F6DD5-9301-4232-890B-291D00122A8A}.Debug|Any CPU.ActiveCfg = Debug|Any CPU
		{766F6DD5-9301-4232-890B-291D00122A8A}.Debug|Any CPU.Build.0 = Debug|Any CPU
		{766F6DD5-9301-4232-890B-291D00122A8A}.Debug|Mixed Platforms.ActiveCfg = Debug|Any CPU
		{766F6DD5-9301-4232-890B-291D00122A8A}.Debug|Mixed Platforms.Build.0 = Debug|Any CPU
		{766F6DD5-9301-4232-890B-291D00122A8A}.Debug|x86.ActiveCfg = Debug|x86
		{766F6DD5-9301-4232-890B-291D00122A8A}.Debug|x86.Build.0 = Debug|x86
		{766F6DD5-9301-4232-890B-291D00122A8A}.Release|Any CPU.ActiveCfg = Release|Any CPU
		{766F6DD5-9301-4232-890B-291D00122A8A}.Release|Any CPU.Build.0 = Release|Any CPU
		{766F6DD5-9301-4232-890B-291D00122A8A}.Release|Mixed Platforms.ActiveCfg = Release|Any CPU
		{766F6DD5-9301-4232-890B-291D00122A8A}.Release|Mixed Platforms.Build.0 = Release|Any CPU
		{766F6DD5-9301-4232-890B-291D00122A8A}.Release|x86.ActiveCfg = Release|x86
		{766F6DD5-9301-4232-890B-291D00122A8A}.Release|x86.Build.0 = Release|x86
		{BFD218B0-1B56-4E9D-98C2-CF3817F45D73}.Debug|Any CPU.ActiveCfg = Debug|Any CPU
		{BFD218B0-1B56-4E9D-98C2-CF3817F45D73}.Debug|Any CPU.Build.0 = Debug|Any CPU
		{BFD218B0-1B56-4E9D-98C2-CF3817F45D73}.Debug|Mixed Platforms.ActiveCfg = Debug|Any CPU
		{BFD218B0-1B56-4E9D-98C2-CF3817F45D73}.Debug|Mixed Platforms.Build.0 = Debug|Any CPU
		{BFD218B0-1B56-4E9D-98C2-CF3817F45D73}.Debug|x86.ActiveCfg = Debug|x86
		{BFD218B0-1B56-4E9D-98C2-CF3817F45D73}.Debug|x86.Build.0 = Debug|x86
		{BFD218B0-1B56-4E9D-98C2-CF3817F45D73}.Release|Any CPU.ActiveCfg = Release|Any CPU
		{BFD218B0-1B56-4E9D-98C2-CF3817F45D73}.Release|Any CPU.Build.0 = Release|Any CPU
		{BFD218B0-1B56-4E9D-98C2-CF3817F45D73}.Release|Mixed Platforms.ActiveCfg = Release|Any CPU
		{BFD218B0-1B56-4E9D-98C2-CF3817F45D73}.Release|Mixed Platforms.Build.0 = Release|Any CPU
		{BFD218B0-1B56-4E9D-98C2-CF3817F45D73}.Release|x86.ActiveCfg = Release|x86
		{BFD218B0-1B56-4E9D-98C2-CF3817F45D73}.Release|x86.Build.0 = Release|x86
		{116E66F4-753B-4816-AC39-4D11AE345657}.Debug|Any CPU.ActiveCfg = Debug|Any CPU
		{116E66F4-753B-4816-AC39-4D11AE345657}.Debug|Any CPU.Build.0 = Debug|Any CPU
		{116E66F4-753B-4816-AC39-4D11AE345657}.Debug|Mixed Platforms.ActiveCfg = Debug|Any CPU
		{116E66F4-753B-4816-AC39-4D11AE345657}.Debug|Mixed Platforms.Build.0 = Debug|Any CPU
		{116E66F4-753B-4816-AC39-4D11AE345657}.Debug|x86.ActiveCfg = Debug|x86
		{116E66F4-753B-4816-AC39-4D11AE345657}.Debug|x86.Build.0 = Debug|x86
		{116E66F4-753B-4816-AC39-4D11AE345657}.Release|Any CPU.ActiveCfg = Release|Any CPU
		{116E66F4-753B-4816-AC39-4D11AE345657}.Release|Any CPU.Build.0 = Release|Any CPU
		{116E66F4-753B-4816-AC39-4D11AE345657}.Release|Mixed Platforms.ActiveCfg = Release|Any CPU
		{116E66F4-753B-4816-AC39-4D11AE345657}.Release|Mixed Platforms.Build.0 = Release|Any CPU
		{116E66F4-753B-4816-AC39-4D11AE345657}.Release|x86.ActiveCfg = Release|x86
		{116E66F4-753B-4816-AC39-4D11AE345657}.Release|x86.Build.0 = Release|x86
		{68DB0E7A-B4EA-49FA-977D-83164AFFF51D}.Debug|Any CPU.ActiveCfg = Debug|Any CPU
		{68DB0E7A-B4EA-49FA-977D-83164AFFF51D}.Debug|Any CPU.Build.0 = Debug|Any CPU
		{68DB0E7A-B4EA-49FA-977D-83164AFFF51D}.Debug|Mixed Platforms.ActiveCfg = Debug|Any CPU
		{68DB0E7A-B4EA-49FA-977D-83164AFFF51D}.Debug|Mixed Platforms.Build.0 = Debug|Any CPU
		{68DB0E7A-B4EA-49FA-977D-83164AFFF51D}.Debug|x86.ActiveCfg = Debug|Any CPU
		{68DB0E7A-B4EA-49FA-977D-83164AFFF51D}.Release|Any CPU.ActiveCfg = Release|Any CPU
		{68DB0E7A-B4EA-49FA-977D-83164AFFF51D}.Release|Any CPU.Build.0 = Release|Any CPU
		{68DB0E7A-B4EA-49FA-977D-83164AFFF51D}.Release|Mixed Platforms.ActiveCfg = Release|Any CPU
		{68DB0E7A-B4EA-49FA-977D-83164AFFF51D}.Release|Mixed Platforms.Build.0 = Release|Any CPU
		{68DB0E7A-B4EA-49FA-977D-83164AFFF51D}.Release|x86.ActiveCfg = Release|Any CPU
	EndGlobalSection
	GlobalSection(SolutionProperties) = preSolution
		HideSolutionNode = FALSE
	EndGlobalSection
	GlobalSection(NestedProjects) = preSolution
		{55DCB972-D7BD-4F50-BE47-845E4E8F4CCA} = {34D6ED87-42E2-4083-81F0-7FD0C82DFE71}
		{AB7FD423-7587-40A8-9735-53886E4E649E} = {34D6ED87-42E2-4083-81F0-7FD0C82DFE71}
		{EFBC6C70-26F6-4793-B36D-7A3CE21ACFAC} = {34D6ED87-42E2-4083-81F0-7FD0C82DFE71}
		{2FDDF950-ED2A-4D33-BEB8-0890CD635DD5} = {34D6ED87-42E2-4083-81F0-7FD0C82DFE71}
		{3E62B85A-ACDF-4566-AD7E-D1A48B713686} = {34D6ED87-42E2-4083-81F0-7FD0C82DFE71}
		{C2452335-CA11-4607-BEFB-7CBC025808B6} = {34D6ED87-42E2-4083-81F0-7FD0C82DFE71}
		{7A6B3901-2191-41D0-AB5B-234DFFB2E890} = {34D6ED87-42E2-4083-81F0-7FD0C82DFE71}
		{83EEE471-E9DF-4F3D-A2B7-ECF756C83400} = {34D6ED87-42E2-4083-81F0-7FD0C82DFE71}
		{8D9D268D-8CEF-415C-97A8-07A46EF30557} = {34D6ED87-42E2-4083-81F0-7FD0C82DFE71}
		{4D062D3C-D128-4516-B06B-9A697A9D9A02} = {34D6ED87-42E2-4083-81F0-7FD0C82DFE71}
		{B286C473-77BB-4CB6-A418-C14A13B457E4} = {34D6ED87-42E2-4083-81F0-7FD0C82DFE71}
		{991BB8F3-84DC-4DE5-BFA3-B1528C2BB0F9} = {34D6ED87-42E2-4083-81F0-7FD0C82DFE71}
		{F8F77F7F-AA5A-413D-9016-A0557B1D6C7B} = {34D6ED87-42E2-4083-81F0-7FD0C82DFE71}
		{317DFBF3-37B1-423B-BBA6-E712F30AFB78} = {34D6ED87-42E2-4083-81F0-7FD0C82DFE71}
		{A0428E14-0A63-4B3E-9E27-B0C515AE0416} = {34D6ED87-42E2-4083-81F0-7FD0C82DFE71}
		{726CE510-57C5-4895-8CCE-B60459FA7CC2} = {34D6ED87-42E2-4083-81F0-7FD0C82DFE71}
		{98E50440-4032-436D-B750-5D3777407F05} = {34D6ED87-42E2-4083-81F0-7FD0C82DFE71}
		{69D419BC-6C1B-41C2-8B3F-284AD36C0B8C} = {34D6ED87-42E2-4083-81F0-7FD0C82DFE71}
		{1B4717F0-8D9A-41C8-9B50-BC9DB0356FBE} = {34D6ED87-42E2-4083-81F0-7FD0C82DFE71}
		{590988DD-9F9A-4126-9932-950B786B33AC} = {34D6ED87-42E2-4083-81F0-7FD0C82DFE71}
		{0FE6EB46-1BDF-47AB-B365-0ABF4454910F} = {34D6ED87-42E2-4083-81F0-7FD0C82DFE71}
		{C1C4C639-616C-406E-A0BD-DCB2480B7E0B} = {34D6ED87-42E2-4083-81F0-7FD0C82DFE71}
		{D674FCBB-D612-4F6F-A65F-9DA32E673F25} = {34D6ED87-42E2-4083-81F0-7FD0C82DFE71}
		{A4AD6672-EDFD-4896-9F40-91363069F972} = {34D6ED87-42E2-4083-81F0-7FD0C82DFE71}
		{2F403D16-22E4-4AF4-80CD-6EE4F5012720} = {34D6ED87-42E2-4083-81F0-7FD0C82DFE71}
		{766F6DD5-9301-4232-890B-291D00122A8A} = {34D6ED87-42E2-4083-81F0-7FD0C82DFE71}
		{BFD218B0-1B56-4E9D-98C2-CF3817F45D73} = {34D6ED87-42E2-4083-81F0-7FD0C82DFE71}
		{116E66F4-753B-4816-AC39-4D11AE345657} = {34D6ED87-42E2-4083-81F0-7FD0C82DFE71}
		{F8ED4A63-5C04-4EBE-8840-B14E1C82BFA9} = {53B457BD-1CB2-411E-8F12-5B1CE2B7A9DA}
		{8215B812-2213-4AD6-BB6F-B7B87C723731} = {53B457BD-1CB2-411E-8F12-5B1CE2B7A9DA}
		{022A175A-D2AD-469A-9368-3B2329274ED9} = {53B457BD-1CB2-411E-8F12-5B1CE2B7A9DA}
		{876F26DE-0DC6-401C-8006-9E8B411D8E51} = {53B457BD-1CB2-411E-8F12-5B1CE2B7A9DA}
		{D72C8B9A-A0EC-483D-B338-980691762E51} = {53B457BD-1CB2-411E-8F12-5B1CE2B7A9DA}
		{C49D5979-1B2F-4CA2-8473-50FB2BF9AB54} = {53B457BD-1CB2-411E-8F12-5B1CE2B7A9DA}
		{45E7C3C5-52AA-477E-814F-4D52CA6D758A} = {7AA2F0B1-7164-4E32-8F4C-4270850FE0ED}
		{7B97EF4D-B898-4A06-822A-632EF70B20F7} = {C0E490A3-1E9A-42A9-8F01-F5B18BCFA0D7}
		{9B147694-97D6-44D9-94B3-D284BC14558B} = {C0E490A3-1E9A-42A9-8F01-F5B18BCFA0D7}
		{4C2ADD34-4294-4A15-BF4D-42C0158F0C0F} = {C0E490A3-1E9A-42A9-8F01-F5B18BCFA0D7}
		{8937DE06-DBE0-49B8-BF25-732E95329EEB} = {C0E490A3-1E9A-42A9-8F01-F5B18BCFA0D7}
		{5C9A7965-BB79-4C4D-A6E7-9E4604064941} = {D26C15ED-0686-49ED-A5A8-A062A84B2671}
		{15E869DB-0826-4A58-873A-8FC0381C987F} = {D26C15ED-0686-49ED-A5A8-A062A84B2671}
		{43AE9A8C-FF35-44F0-BCA3-4F96FE7DF6B3} = {D26C15ED-0686-49ED-A5A8-A062A84B2671}
		{65C8713C-28A8-46AE-88DA-E4FEDFEA8E18} = {D26C15ED-0686-49ED-A5A8-A062A84B2671}
		{F6370147-4FF9-4021-85D6-295539DCC34F} = {D26C15ED-0686-49ED-A5A8-A062A84B2671}
		{48D34B8E-51EC-4746-9288-599943976211} = {D26C15ED-0686-49ED-A5A8-A062A84B2671}
		{7444ED07-FAB0-4966-AB94-5C1DF7E67834} = {D26C15ED-0686-49ED-A5A8-A062A84B2671}
		{F36085D4-F67B-4B1B-A632-C1B5B7513C2B} = {D26C15ED-0686-49ED-A5A8-A062A84B2671}
		{8A5993A2-07EB-4589-A146-A6B5AB825E7F} = {D26C15ED-0686-49ED-A5A8-A062A84B2671}
		{07013AD6-6329-4623-954C-FE8DBAEC959F} = {D26C15ED-0686-49ED-A5A8-A062A84B2671}
		{FF905E54-7A02-4212-A637-541D33E3682F} = {D26C15ED-0686-49ED-A5A8-A062A84B2671}
		{BE78ECAD-61F9-4410-962A-9D23A974E1FC} = {D26C15ED-0686-49ED-A5A8-A062A84B2671}
		{7432B50D-04C6-46DC-9948-01D613050753} = {D26C15ED-0686-49ED-A5A8-A062A84B2671}
		{51EA94B8-8D77-44F7-A35F-DCCAA8C39149} = {D26C15ED-0686-49ED-A5A8-A062A84B2671}
		{F019AFE7-0629-4F47-A34E-923A9D422BE2} = {D26C15ED-0686-49ED-A5A8-A062A84B2671}
		{A7748506-7BE8-4218-BBB4-2BE271A3C540} = {D26C15ED-0686-49ED-A5A8-A062A84B2671}
		{5D34DCA3-FB9A-4236-92CF-C81B8B716475} = {D26C15ED-0686-49ED-A5A8-A062A84B2671}
		{923C1FFC-E7E7-4C2F-A214-9766EA916E27} = {D26C15ED-0686-49ED-A5A8-A062A84B2671}
	EndGlobalSection
EndGlobal
